
Microsoft Visual Studio Solution File, Format Version 12.00
# Visual Studio Version 17
VisualStudioVersion = 17.0.31903.59
MinimumVisualStudioVersion = 10.0.40219.1
Project("{FAE04EC0-301F-11D3-BF4B-00C04F79EFBC}") = "ExceptionsManager", "ExceptionsManager\ExceptionsManager.csproj", "{CFE5DCFB-2BAD-488D-8C5F-D3D7BF7C185E}"
EndProject
Project("{FAE04EC0-301F-11D3-BF4B-00C04F79EFBC}") = "UniversalToolchain.FeatureSdk", "UniversalToolchain.FeatureSdk\UniversalToolchain.FeatureSdk.csproj", "{D748ED8F-7EF7-4A5A-B7CA-A0F79F7F31AA}"
EndProject
Project("{FAE04EC0-301F-11D3-BF4B-00C04F79EFBC}") = "UniversalToolchain.Language.Abstractions", "UniversalToolchain.Language.Abstractions\UniversalToolchain.Language.Abstractions.csproj", "{2982378F-04C9-4A2D-BCD1-FECC598E4C8A}"
EndProject
Project("{FAE04EC0-301F-11D3-BF4B-00C04F79EFBC}") = "UniversalToolchain.LanguageAuthoring", "UniversalToolchain.LanguageAuthoring\UniversalToolchain.LanguageAuthoring.csproj", "{F189905F-C694-4DDA-836E-1464290F5689}"
EndProject
Project("{FAE04EC0-301F-11D3-BF4B-00C04F79EFBC}") = "UniversalToolchain.LanguageSdk", "UniversalToolchain.LanguageSdk\UniversalToolchain.LanguageSdk.csproj", "{BA1E47A0-802B-49A3-89FB-E66A074AEA8E}"
EndProject
Project("{FAE04EC0-301F-11D3-BF4B-00C04F79EFBC}") = "UniversalToolchain.Runtime", "UniversalToolchain.Runtime\UniversalToolchain.Runtime.csproj", "{27D0CF02-C1A5-431D-9774-C908B43BF830}"
EndProject
Project("{FAE04EC0-301F-11D3-BF4B-00C04F79EFBC}") = "UniversalToolchain.PlanFuzz.Core", "UniversalToolchain.PlanFuzz.Core\UniversalToolchain.PlanFuzz.Core.csproj", "{C60E0D3B-84D9-48C3-8C3E-5F3F2948BEA1}"
EndProject
Project("{FAE04EC0-301F-11D3-BF4B-00C04F79EFBC}") = "UniversalToolchain.PlanFuzz.Adapter.Acme", "UniversalToolchain.PlanFuzz.Adapter.Acme\UniversalToolchain.PlanFuzz.Adapter.Acme.csproj", "{4B6BBAC3-1659-4555-944B-211DDBF8D203}"
EndProject
Project("{FAE04EC0-301F-11D3-BF4B-00C04F79EFBC}") = "UniversalToolchain.PlanFuzz.Cli", "UniversalToolchain.PlanFuzz.Cli\UniversalToolchain.PlanFuzz.Cli.csproj", "{E7AB56F5-07C8-4556-BEB3-158BDF67BA99}"
EndProject
Project("{FAE04EC0-301F-11D3-BF4B-00C04F79EFBC}") = "UniversalToolchain.PlanFuzz.Tests", "UniversalToolchain.PlanFuzz.Tests\UniversalToolchain.PlanFuzz.Tests.csproj", "{EF2A972E-15C0-46DC-8212-0A018C58197C}"
EndProject
Project("{FAE04EC0-301F-11D3-BF4B-00C04F79EFBC}") = "UniversalToolchain.PlanFuzz.IntegrationTests", "UniversalToolchain.PlanFuzz.IntegrationTests\UniversalToolchain.PlanFuzz.IntegrationTests.csproj", "{006240D6-D4FD-4617-B3A3-36DC40FA4008}"
EndProject
Project("{FAE04EC0-301F-11D3-BF4B-00C04F79EFBC}") = "UniversalToolchain.PlanFuzz.Adapter.Wist", "UniversalToolchain.PlanFuzz.Adapter.Wist\UniversalToolchain.PlanFuzz.Adapter.Wist.csproj", "{EA3AAC83-FC75-413E-9E82-84EAA2A3694A}"
EndProject
Project("{FAE04EC0-301F-11D3-BF4B-00C04F79EFBC}") = "UniversalToolchain.Dialects.Wist", "UniversalToolchain.Dialects.Wist\UniversalToolchain.Dialects.Wist.csproj", "{206A5BA2-FD39-4E57-92D3-3D243223B86E}"
EndProject
Project("{FAE04EC0-301F-11D3-BF4B-00C04F79EFBC}") = "AbstractIrConverters", "AbstractIrConverters\AbstractIrConverters.csproj", "{31D8E5B4-CCDC-4001-A0AD-5C6FFFD8AC28}"
EndProject
Project("{FAE04EC0-301F-11D3-BF4B-00C04F79EFBC}") = "AbstractIrExtensions", "AbstractIrExtensions\AbstractIrExtensions.csproj", "{9F3EE5EB-CC4C-45B1-9911-3A21D091353B}"
EndProject
Project("{FAE04EC0-301F-11D3-BF4B-00C04F79EFBC}") = "BasicCore", "BasicCore\BasicCore.csproj", "{FB83AE9D-2E9F-4DF1-9811-8C1042BCC170}"
EndProject
Project("{FAE04EC0-301F-11D3-BF4B-00C04F79EFBC}") = "BasicTypesExtensions", "BasicTypesExtensions\BasicTypesExtensions.csproj", "{467D7CCB-C984-4863-B867-582372CD74E0}"
EndProject
Project("{FAE04EC0-301F-11D3-BF4B-00C04F79EFBC}") = "DotnetHelper", "DotnetHelper\DotnetHelper.csproj", "{344C8081-0AAD-4B16-8308-A88AD563F48A}"
EndProject
Project("{FAE04EC0-301F-11D3-BF4B-00C04F79EFBC}") = "DynamicMethodWrapper", "DynamicMethodWrapper\DynamicMethodWrapper.csproj", "{B79FDE7F-0BB9-489E-A292-722DB999CE0A}"
EndProject
Project("{FAE04EC0-301F-11D3-BF4B-00C04F79EFBC}") = "IntermediateRepresentationAbstractions", "IntermediateRepresentationAbstractions\IntermediateRepresentationAbstractions.csproj", "{FD45EA94-D981-4EF7-912F-5CF93E2A6B10}"
EndProject
Project("{FAE04EC0-301F-11D3-BF4B-00C04F79EFBC}") = "UniversalToolchain.Ir.Abstractions", "UniversalToolchain.Ir.Abstractions\UniversalToolchain.Ir.Abstractions.csproj", "{FE4275CA-1CA9-46B3-A476-A8CB05404200}"
EndProject
Project("{FAE04EC0-301F-11D3-BF4B-00C04F79EFBC}") = "UniversalIntermediateRepresentation", "UniversalIntermediateRepresentation\UniversalIntermediateRepresentation.csproj", "{01351310-E8EB-43FF-BBF5-EB10B7334A4D}"
EndProject
Project("{FAE04EC0-301F-11D3-BF4B-00C04F79EFBC}") = "ObjectExtensions", "ObjectExtensions\ObjectExtensions.csproj", "{5D6B1541-7AF3-4E9D-8FD7-CB7CDDE3EEC1}"
EndProject
Project("{FAE04EC0-301F-11D3-BF4B-00C04F79EFBC}") = "ListExtensions", "ListExtensions\ListExtensions.csproj", "{DD8DDA98-524B-454B-BEA5-56FCE63ABDDB}"
EndProject
Project("{FAE04EC0-301F-11D3-BF4B-00C04F79EFBC}") = "VariablesRuntime", "VariablesRuntime\VariablesRuntime.csproj", "{5F369644-5354-4FC2-9BD6-951DD0157AA7}"
EndProject
Project("{FAE04EC0-301F-11D3-BF4B-00C04F79EFBC}") = "ArithmeticModule", "ArithmeticModule\ArithmeticModule.csproj", "{339A6100-B93F-43D5-B564-A8B93F880C94}"
EndProject
Project("{FAE04EC0-301F-11D3-BF4B-00C04F79EFBC}") = "UniversalToolchain.Capabilities.Abstractions", "UniversalToolchain.Capabilities.Abstractions\UniversalToolchain.Capabilities.Abstractions.csproj", "{3447D129-7B45-497D-8523-813912964FF1}"
EndProject
Project("{FAE04EC0-301F-11D3-BF4B-00C04F79EFBC}") = "UniversalToolchain.Diagnostics.Abstractions", "UniversalToolchain.Diagnostics.Abstractions\UniversalToolchain.Diagnostics.Abstractions.csproj", "{A848CE7D-D904-42FE-856B-5F4FAD0F881B}"
EndProject
Project("{FAE04EC0-301F-11D3-BF4B-00C04F79EFBC}") = "UniversalToolchain.Dialects.Abstractions", "UniversalToolchain.Dialects.Abstractions\UniversalToolchain.Dialects.Abstractions.csproj", "{4D775CE4-D23B-4FB4-A2D7-F9AABAA4D451}"
EndProject
Project("{FAE04EC0-301F-11D3-BF4B-00C04F79EFBC}") = "GenericMath", "GenericMath\GenericMath.csproj", "{443F91DD-C0CC-4F54-9C46-190AD9EC5DE0}"
EndProject
Project("{FAE04EC0-301F-11D3-BF4B-00C04F79EFBC}") = "EqualityModule", "EqualityModule\EqualityModule.csproj", "{503EF4F5-0748-4E7F-B886-D7CEAC0E9CCE}"
EndProject
Project("{FAE04EC0-301F-11D3-BF4B-00C04F79EFBC}") = "UniversalToolchain.Dialects.Integration", "UniversalToolchain.Dialects.Integration\UniversalToolchain.Dialects.Integration.csproj", "{57280B57-7447-4982-A187-CEB2A4608E5B}"
EndProject
Project("{FAE04EC0-301F-11D3-BF4B-00C04F79EFBC}") = "UniversalToolchain.Dialects.Core", "UniversalToolchain.Dialects.Core\UniversalToolchain.Dialects.Core.csproj", "{18987D59-A526-41D2-9E52-CDAE4E0C15E6}"
EndProject
Project("{FAE04EC0-301F-11D3-BF4B-00C04F79EFBC}") = "BasicCodeTranslator", "BasicCodeTranslator\BasicCodeTranslator.csproj", "{760D4F78-08DF-42DC-99FE-DB7A15696AE4}"
EndProject
Project("{FAE04EC0-301F-11D3-BF4B-00C04F79EFBC}") = "BasicCilCompiler", "BasicCilCompiler\BasicCilCompiler.csproj", "{2B087EF6-EF43-49E5-ADA3-653822B440EF}"
EndProject
Project("{FAE04EC0-301F-11D3-BF4B-00C04F79EFBC}") = "DynamicMethodCalling", "DynamicMethodCalling\DynamicMethodCalling.csproj", "{85EDBDE7-30B6-402B-8F8C-1FC33A5A2674}"
EndProject
Project("{FAE04EC0-301F-11D3-BF4B-00C04F79EFBC}") = "UniversalToolchain.ModuleContracts", "UniversalToolchain.ModuleContracts\UniversalToolchain.ModuleContracts.csproj", "{79C86A97-CA4E-43C3-9616-FA4AB1F31967}"
EndProject
Project("{FAE04EC0-301F-11D3-BF4B-00C04F79EFBC}") = "UniversalToolchain.Air.Analysis", "UniversalToolchain.Air.Analysis\UniversalToolchain.Air.Analysis.csproj", "{B57EBB42-50B7-4E0C-A904-6C450B42623C}"
EndProject
Project("{FAE04EC0-301F-11D3-BF4B-00C04F79EFBC}") = "BasicInterpreter", "BasicInterpreter\BasicInterpreter.csproj", "{2C2D4A57-3821-4778-A316-4443EEBC00DB}"
EndProject
Project("{FAE04EC0-301F-11D3-BF4B-00C04F79EFBC}") = "CommonExceptions", "CommonExceptions\CommonExceptions.csproj", "{262A36D7-2CD2-4AF3-98CD-C10D59278782}"
EndProject
Project("{FAE04EC0-301F-11D3-BF4B-00C04F79EFBC}") = "BasicLexer", "BasicLexer\BasicLexer.csproj", "{E136AC3D-6571-4F8D-B371-2A1C084F2882}"
EndProject
Project("{FAE04EC0-301F-11D3-BF4B-00C04F79EFBC}") = "BasicParser", "BasicParser\BasicParser.csproj", "{614E373E-52AD-4443-9935-3A36E7130C45}"
EndProject
Project("{FAE04EC0-301F-11D3-BF4B-00C04F79EFBC}") = "BytecodeDynamicMethodsCompiler", "BytecodeDynamicMethodsCompiler\BytecodeDynamicMethodsCompiler.csproj", "{B4C141FA-A496-456F-9707-A74014886AB4}"
EndProject
Project("{FAE04EC0-301F-11D3-BF4B-00C04F79EFBC}") = "UniversalToolchain.Dialects.Parsing", "UniversalToolchain.Dialects.Parsing\UniversalToolchain.Dialects.Parsing.csproj", "{9161D1D6-6EC7-422C-9925-835B65612667}"
EndProject
Project("{FAE04EC0-301F-11D3-BF4B-00C04F79EFBC}") = "UniversalToolchain.Dialects.Frontend", "UniversalToolchain.Dialects.Frontend\UniversalToolchain.Dialects.Frontend.csproj", "{AFDD6D15-957E-4141-A5C8-ECD3EDFAEEF8}"
EndProject
Project("{FAE04EC0-301F-11D3-BF4B-00C04F79EFBC}") = "UniversalToolchain.Dialects.ManifestEmitter", "UniversalToolchain.Dialects.ManifestEmitter\UniversalToolchain.Dialects.ManifestEmitter.csproj", "{DB0CC801-EB1B-4DB4-9F0E-B9710C828513}"
EndProject
Project("{FAE04EC0-301F-11D3-BF4B-00C04F79EFBC}") = "SettableGettableModule", "SettableGettableModule\SettableGettableModule.csproj", "{93542DD0-3239-4E3D-A8C8-ACFFAFB251BA}"
EndProject
Project("{FAE04EC0-301F-11D3-BF4B-00C04F79EFBC}") = "AssemblyFinder", "AssemblyFinder\AssemblyFinder.csproj", "{E0D0A9AA-1E63-4C14-8061-4E6B9BB85E9A}"
EndProject
Project("{FAE04EC0-301F-11D3-BF4B-00C04F79EFBC}") = "BasicStdLib", "BasicStdLib\BasicStdLib.csproj", "{BAEDFE09-E276-4F0F-9432-B42CB16C7FA6}"
EndProject
Project("{FAE04EC0-301F-11D3-BF4B-00C04F79EFBC}") = "NumbersModule", "NumbersModule\NumbersModule.csproj", "{74F11365-BD17-455C-8C4E-CBE584FC7A7A}"
EndProject
Project("{FAE04EC0-301F-11D3-BF4B-00C04F79EFBC}") = "CommentsModule", "CommentsModule\CommentsModule.csproj", "{0CB6F596-6D47-409A-BEC5-4CC930CB4EEB}"
EndProject
Project("{FAE04EC0-301F-11D3-BF4B-00C04F79EFBC}") = "ConditionsModule", "ConditionsModule\ConditionsModule.csproj", "{02B8373B-BAB5-415C-ACD1-F6FB26A504FF}"
EndProject
Project("{FAE04EC0-301F-11D3-BF4B-00C04F79EFBC}") = "CSharpInteropModule", "CSharpInteropModule\CSharpInteropModule.csproj", "{4DB86855-EA5D-4DC3-91AA-A2A3849538AD}"
EndProject
Project("{FAE04EC0-301F-11D3-BF4B-00C04F79EFBC}") = "FunctionCallsModule", "FunctionCallsModule\FunctionCallsModule.csproj", "{CF14DE97-4F79-4CF8-8BA2-E19A4493D9FE}"
EndProject
Project("{FAE04EC0-301F-11D3-BF4B-00C04F79EFBC}") = "UniversalToolchain.Capabilities.Core", "UniversalToolchain.Capabilities.Core\UniversalToolchain.Capabilities.Core.csproj", "{D6A0B0E2-CB87-47F7-BFD1-F9921462E86C}"
EndProject
Project("{FAE04EC0-301F-11D3-BF4B-00C04F79EFBC}") = "UniversalToolchain.Functions.Abstractions", "UniversalToolchain.Functions.Abstractions\UniversalToolchain.Functions.Abstractions.csproj", "{A9C21959-CF3A-4CFA-B94E-5B1D02506CA2}"
EndProject
Project("{FAE04EC0-301F-11D3-BF4B-00C04F79EFBC}") = "UniversalToolchain.ExpressionTyping.Abstractions", "UniversalToolchain.ExpressionTyping.Abstractions\UniversalToolchain.ExpressionTyping.Abstractions.csproj", "{7D8EF8F4-DF2B-4029-8BFC-B07EF34B8419}"
EndProject
Project("{FAE04EC0-301F-11D3-BF4B-00C04F79EFBC}") = "IdentifierModule", "IdentifierModule\IdentifierModule.csproj", "{A9792FD9-BC84-4BA0-AF4F-495266DF7E55}"
EndProject
Project("{FAE04EC0-301F-11D3-BF4B-00C04F79EFBC}") = "InternalPreprocessorLexemesModule", "InternalPreprocessorLexemesModule\InternalPreprocessorLexemesModule.csproj", "{1CAC6FCF-6EA0-4E17-8D62-C7BDA736C95A}"
EndProject
Project("{FAE04EC0-301F-11D3-BF4B-00C04F79EFBC}") = "LabelsModule", "LabelsModule\LabelsModule.csproj", "{7BCB1F4B-BF53-46EC-98B8-84D3A33128B1}"
EndProject
Project("{FAE04EC0-301F-11D3-BF4B-00C04F79EFBC}") = "LoopsModule", "LoopsModule\LoopsModule.csproj", "{7AF9995C-145C-4D64-98FB-3A91B7D58D2F}"
EndProject
Project("{FAE04EC0-301F-11D3-BF4B-00C04F79EFBC}") = "NativeMathModule", "NativeMathModule\NativeMathModule.csproj", "{334FACF5-87C7-47FE-A01C-A26AB11DB789}"
EndProject
Project("{FAE04EC0-301F-11D3-BF4B-00C04F79EFBC}") = "ParametersSetterModule", "ParametersSetterModule\ParametersSetterModule.csproj", "{A242CBF5-B8D2-4F48-B652-021AD5B545D9}"
EndProject
Project("{FAE04EC0-301F-11D3-BF4B-00C04F79EFBC}") = "SafeMathFunctionsModule", "SafeMathFunctionsModule\SafeMathFunctionsModule.csproj", "{31FE4C1D-F09A-4D08-8547-0E6CB512A72B}"
EndProject
Project("{FAE04EC0-301F-11D3-BF4B-00C04F79EFBC}") = "ScopesModule", "ScopesModule\ScopesModule.csproj", "{BC5BEA3F-A949-4EAD-9C47-C5C9EDF2C8FD}"
EndProject
Project("{FAE04EC0-301F-11D3-BF4B-00C04F79EFBC}") = "SemicolonAsNewLineModule", "SemicolonAsNewLineModule\SemicolonAsNewLineModule.csproj", "{79FDCC99-17FB-4B4E-98E7-CCEAD38EFF68}"
EndProject
Project("{FAE04EC0-301F-11D3-BF4B-00C04F79EFBC}") = "UniversalToolchain.Ssa.Optimization", "UniversalToolchain.Ssa.Optimization\UniversalToolchain.Ssa.Optimization.csproj", "{4ACE2FDC-E51B-4117-9A93-1239065A2F56}"
EndProject
Project("{FAE04EC0-301F-11D3-BF4B-00C04F79EFBC}") = "UniversalToolchain.Semantics.Abstractions", "UniversalToolchain.Semantics.Abstractions\UniversalToolchain.Semantics.Abstractions.csproj", "{1C37C989-F7E8-4F3E-98E0-19505BA00BBE}"
EndProject
Project("{FAE04EC0-301F-11D3-BF4B-00C04F79EFBC}") = "UniversalToolchain.Ssa.Abstractions", "UniversalToolchain.Ssa.Abstractions\UniversalToolchain.Ssa.Abstractions.csproj", "{223324BD-450C-4F3D-93EB-4561CBDC4BD3}"
EndProject
Project("{FAE04EC0-301F-11D3-BF4B-00C04F79EFBC}") = "UniversalToolchain.Ssa.Core", "UniversalToolchain.Ssa.Core\UniversalToolchain.Ssa.Core.csproj", "{250C5C5E-93CA-46A8-AFA7-49B82107D88C}"
EndProject
Project("{FAE04EC0-301F-11D3-BF4B-00C04F79EFBC}") = "UniversalToolchain.Ssa.Emission", "UniversalToolchain.Ssa.Emission\UniversalToolchain.Ssa.Emission.csproj", "{79837880-54B9-4F79-921B-9BD11B9063C2}"
EndProject
Project("{FAE04EC0-301F-11D3-BF4B-00C04F79EFBC}") = "UniversalToolchain.Ssa.Lowering", "UniversalToolchain.Ssa.Lowering\UniversalToolchain.Ssa.Lowering.csproj", "{1F6EC643-4D8F-43D7-9157-B17AC88E69CF}"
EndProject
Project("{FAE04EC0-301F-11D3-BF4B-00C04F79EFBC}") = "VariablesModule", "VariablesModule\VariablesModule.csproj", "{71325D89-796F-401E-BBE2-DD7820102A34}"
EndProject
Project("{FAE04EC0-301F-11D3-BF4B-00C04F79EFBC}") = "WhitespacesModule", "WhitespacesModule\WhitespacesModule.csproj", "{73C05901-B1B2-4286-8A36-B8AE9E332E1E}"
EndProject
Project("{FAE04EC0-301F-11D3-BF4B-00C04F79EFBC}") = "UniversalToolchain.Wist", "UniversalToolchain.Wist\UniversalToolchain.Wist.csproj", "{76741C38-200D-4E92-8839-FE832DE3D72B}"
EndProject
Global
	GlobalSection(SolutionConfigurationPlatforms) = preSolution
		Debug|Any CPU = Debug|Any CPU
		Debug|x64 = Debug|x64
		Debug|x86 = Debug|x86
		Release|Any CPU = Release|Any CPU
		Release|x64 = Release|x64
		Release|x86 = Release|x86
	EndGlobalSection
	GlobalSection(ProjectConfigurationPlatforms) = postSolution
		{CFE5DCFB-2BAD-488D-8C5F-D3D7BF7C185E}.Debug|Any CPU.ActiveCfg = Debug|Any CPU
		{CFE5DCFB-2BAD-488D-8C5F-D3D7BF7C185E}.Debug|Any CPU.Build.0 = Debug|Any CPU
		{CFE5DCFB-2BAD-488D-8C5F-D3D7BF7C185E}.Debug|x64.ActiveCfg = Debug|Any CPU
		{CFE5DCFB-2BAD-488D-8C5F-D3D7BF7C185E}.Debug|x64.Build.0 = Debug|Any CPU
		{CFE5DCFB-2BAD-488D-8C5F-D3D7BF7C185E}.Debug|x86.ActiveCfg = Debug|Any CPU
		{CFE5DCFB-2BAD-488D-8C5F-D3D7BF7C185E}.Debug|x86.Build.0 = Debug|Any CPU
		{CFE5DCFB-2BAD-488D-8C5F-D3D7BF7C185E}.Release|Any CPU.ActiveCfg = Release|Any CPU
		{CFE5DCFB-2BAD-488D-8C5F-D3D7BF7C185E}.Release|Any CPU.Build.0 = Release|Any CPU
		{CFE5DCFB-2BAD-488D-8C5F-D3D7BF7C185E}.Release|x64.ActiveCfg = Release|Any CPU
		{CFE5DCFB-2BAD-488D-8C5F-D3D7BF7C185E}.Release|x64.Build.0 = Release|Any CPU
		{CFE5DCFB-2BAD-488D-8C5F-D3D7BF7C185E}.Release|x86.ActiveCfg = Release|Any CPU
		{CFE5DCFB-2BAD-488D-8C5F-D3D7BF7C185E}.Release|x86.Build.0 = Release|Any CPU
		{D748ED8F-7EF7-4A5A-B7CA-A0F79F7F31AA}.Debug|Any CPU.ActiveCfg = Debug|Any CPU
		{D748ED8F-7EF7-4A5A-B7CA-A0F79F7F31AA}.Debug|Any CPU.Build.0 = Debug|Any CPU
		{D748ED8F-7EF7-4A5A-B7CA-A0F79F7F31AA}.Debug|x64.ActiveCfg = Debug|Any CPU
		{D748ED8F-7EF7-4A5A-B7CA-A0F79F7F31AA}.Debug|x64.Build.0 = Debug|Any CPU
		{D748ED8F-7EF7-4A5A-B7CA-A0F79F7F31AA}.Debug|x86.ActiveCfg = Debug|Any CPU
		{D748ED8F-7EF7-4A5A-B7CA-A0F79F7F31AA}.Debug|x86.Build.0 = Debug|Any CPU
		{D748ED8F-7EF7-4A5A-B7CA-A0F79F7F31AA}.Release|Any CPU.ActiveCfg = Release|Any CPU
		{D748ED8F-7EF7-4A5A-B7CA-A0F79F7F31AA}.Release|Any CPU.Build.0 = Release|Any CPU
		{D748ED8F-7EF7-4A5A-B7CA-A0F79F7F31AA}.Release|x64.ActiveCfg = Release|Any CPU
		{D748ED8F-7EF7-4A5A-B7CA-A0F79F7F31AA}.Release|x64.Build.0 = Release|Any CPU
		{D748ED8F-7EF7-4A5A-B7CA-A0F79F7F31AA}.Release|x86.ActiveCfg = Release|Any CPU
		{D748ED8F-7EF7-4A5A-B7CA-A0F79F7F31AA}.Release|x86.Build.0 = Release|Any CPU
		{2982378F-04C9-4A2D-BCD1-FECC598E4C8A}.Debug|Any CPU.ActiveCfg = Debug|Any CPU
		{2982378F-04C9-4A2D-BCD1-FECC598E4C8A}.Debug|Any CPU.Build.0 = Debug|Any CPU
		{2982378F-04C9-4A2D-BCD1-FECC598E4C8A}.Debug|x64.ActiveCfg = Debug|Any CPU
		{2982378F-04C9-4A2D-BCD1-FECC598E4C8A}.Debug|x64.Build.0 = Debug|Any CPU
		{2982378F-04C9-4A2D-BCD1-FECC598E4C8A}.Debug|x86.ActiveCfg = Debug|Any CPU
		{2982378F-04C9-4A2D-BCD1-FECC598E4C8A}.Debug|x86.Build.0 = Debug|Any CPU
		{2982378F-04C9-4A2D-BCD1-FECC598E4C8A}.Release|Any CPU.ActiveCfg = Release|Any CPU
		{2982378F-04C9-4A2D-BCD1-FECC598E4C8A}.Release|Any CPU.Build.0 = Release|Any CPU
		{2982378F-04C9-4A2D-BCD1-FECC598E4C8A}.Release|x64.ActiveCfg = Release|Any CPU
		{2982378F-04C9-4A2D-BCD1-FECC598E4C8A}.Release|x64.Build.0 = Release|Any CPU
		{2982378F-04C9-4A2D-BCD1-FECC598E4C8A}.Release|x86.ActiveCfg = Release|Any CPU
		{2982378F-04C9-4A2D-BCD1-FECC598E4C8A}.Release|x86.Build.0 = Release|Any CPU
		{F189905F-C694-4DDA-836E-1464290F5689}.Debug|Any CPU.ActiveCfg = Debug|Any CPU
		{F189905F-C694-4DDA-836E-1464290F5689}.Debug|Any CPU.Build.0 = Debug|Any CPU
		{F189905F-C694-4DDA-836E-1464290F5689}.Debug|x64.ActiveCfg = Debug|Any CPU
		{F189905F-C694-4DDA-836E-1464290F5689}.Debug|x64.Build.0 = Debug|Any CPU
		{F189905F-C694-4DDA-836E-1464290F5689}.Debug|x86.ActiveCfg = Debug|Any CPU
		{F189905F-C694-4DDA-836E-1464290F5689}.Debug|x86.Build.0 = Debug|Any CPU
		{F189905F-C694-4DDA-836E-1464290F5689}.Release|Any CPU.ActiveCfg = Release|Any CPU
		{F189905F-C694-4DDA-836E-1464290F5689}.Release|Any CPU.Build.0 = Release|Any CPU
		{F189905F-C694-4DDA-836E-1464290F5689}.Release|x64.ActiveCfg = Release|Any CPU
		{F189905F-C694-4DDA-836E-1464290F5689}.Release|x64.Build.0 = Release|Any CPU
		{F189905F-C694-4DDA-836E-1464290F5689}.Release|x86.ActiveCfg = Release|Any CPU
		{F189905F-C694-4DDA-836E-1464290F5689}.Release|x86.Build.0 = Release|Any CPU
		{BA1E47A0-802B-49A3-89FB-E66A074AEA8E}.Debug|Any CPU.ActiveCfg = Debug|Any CPU
		{BA1E47A0-802B-49A3-89FB-E66A074AEA8E}.Debug|Any CPU.Build.0 = Debug|Any CPU
		{BA1E47A0-802B-49A3-89FB-E66A074AEA8E}.Debug|x64.ActiveCfg = Debug|Any CPU
		{BA1E47A0-802B-49A3-89FB-E66A074AEA8E}.Debug|x64.Build.0 = Debug|Any CPU
		{BA1E47A0-802B-49A3-89FB-E66A074AEA8E}.Debug|x86.ActiveCfg = Debug|Any CPU
		{BA1E47A0-802B-49A3-89FB-E66A074AEA8E}.Debug|x86.Build.0 = Debug|Any CPU
		{BA1E47A0-802B-49A3-89FB-E66A074AEA8E}.Release|Any CPU.ActiveCfg = Release|Any CPU
		{BA1E47A0-802B-49A3-89FB-E66A074AEA8E}.Release|Any CPU.Build.0 = Release|Any CPU
		{BA1E47A0-802B-49A3-89FB-E66A074AEA8E}.Release|x64.ActiveCfg = Release|Any CPU
		{BA1E47A0-802B-49A3-89FB-E66A074AEA8E}.Release|x64.Build.0 = Release|Any CPU
		{BA1E47A0-802B-49A3-89FB-E66A074AEA8E}.Release|x86.ActiveCfg = Release|Any CPU
		{BA1E47A0-802B-49A3-89FB-E66A074AEA8E}.Release|x86.Build.0 = Release|Any CPU
		{27D0CF02-C1A5-431D-9774-C908B43BF830}.Debug|Any CPU.ActiveCfg = Debug|Any CPU
		{27D0CF02-C1A5-431D-9774-C908B43BF830}.Debug|Any CPU.Build.0 = Debug|Any CPU
		{27D0CF02-C1A5-431D-9774-C908B43BF830}.Debug|x64.ActiveCfg = Debug|Any CPU
		{27D0CF02-C1A5-431D-9774-C908B43BF830}.Debug|x64.Build.0 = Debug|Any CPU
		{27D0CF02-C1A5-431D-9774-C908B43BF830}.Debug|x86.ActiveCfg = Debug|Any CPU
		{27D0CF02-C1A5-431D-9774-C908B43BF830}.Debug|x86.Build.0 = Debug|Any CPU
		{27D0CF02-C1A5-431D-9774-C908B43BF830}.Release|Any CPU.ActiveCfg = Release|Any CPU
		{27D0CF02-C1A5-431D-9774-C908B43BF830}.Release|Any CPU.Build.0 = Release|Any CPU
		{27D0CF02-C1A5-431D-9774-C908B43BF830}.Release|x64.ActiveCfg = Release|Any CPU
		{27D0CF02-C1A5-431D-9774-C908B43BF830}.Release|x64.Build.0 = Release|Any CPU
		{27D0CF02-C1A5-431D-9774-C908B43BF830}.Release|x86.ActiveCfg = Release|Any CPU
		{27D0CF02-C1A5-431D-9774-C908B43BF830}.Release|x86.Build.0 = Release|Any CPU
		{C60E0D3B-84D9-48C3-8C3E-5F3F2948BEA1}.Debug|Any CPU.ActiveCfg = Debug|Any CPU
		{C60E0D3B-84D9-48C3-8C3E-5F3F2948BEA1}.Debug|Any CPU.Build.0 = Debug|Any CPU
		{C60E0D3B-84D9-48C3-8C3E-5F3F2948BEA1}.Debug|x64.ActiveCfg = Debug|Any CPU
		{C60E0D3B-84D9-48C3-8C3E-5F3F2948BEA1}.Debug|x64.Build.0 = Debug|Any CPU
		{C60E0D3B-84D9-48C3-8C3E-5F3F2948BEA1}.Debug|x86.ActiveCfg = Debug|Any CPU
		{C60E0D3B-84D9-48C3-8C3E-5F3F2948BEA1}.Debug|x86.Build.0 = Debug|Any CPU
		{C60E0D3B-84D9-48C3-8C3E-5F3F2948BEA1}.Release|Any CPU.ActiveCfg = Release|Any CPU
		{C60E0D3B-84D9-48C3-8C3E-5F3F2948BEA1}.Release|Any CPU.Build.0 = Release|Any CPU
		{C60E0D3B-84D9-48C3-8C3E-5F3F2948BEA1}.Release|x64.ActiveCfg = Release|Any CPU
		{C60E0D3B-84D9-48C3-8C3E-5F3F2948BEA1}.Release|x64.Build.0 = Release|Any CPU
		{C60E0D3B-84D9-48C3-8C3E-5F3F2948BEA1}.Release|x86.ActiveCfg = Release|Any CPU
		{C60E0D3B-84D9-48C3-8C3E-5F3F2948BEA1}.Release|x86.Build.0 = Release|Any CPU
		{4B6BBAC3-1659-4555-944B-211DDBF8D203}.Debug|Any CPU.ActiveCfg = Debug|Any CPU
		{4B6BBAC3-1659-4555-944B-211DDBF8D203}.Debug|Any CPU.Build.0 = Debug|Any CPU
		{4B6BBAC3-1659-4555-944B-211DDBF8D203}.Debug|x64.ActiveCfg = Debug|Any CPU
		{4B6BBAC3-1659-4555-944B-211DDBF8D203}.Debug|x64.Build.0 = Debug|Any CPU
		{4B6BBAC3-1659-4555-944B-211DDBF8D203}.Debug|x86.ActiveCfg = Debug|Any CPU
		{4B6BBAC3-1659-4555-944B-211DDBF8D203}.Debug|x86.Build.0 = Debug|Any CPU
		{4B6BBAC3-1659-4555-944B-211DDBF8D203}.Release|Any CPU.ActiveCfg = Release|Any CPU
		{4B6BBAC3-1659-4555-944B-211DDBF8D203}.Release|Any CPU.Build.0 = Release|Any CPU
		{4B6BBAC3-1659-4555-944B-211DDBF8D203}.Release|x64.ActiveCfg = Release|Any CPU
		{4B6BBAC3-1659-4555-944B-211DDBF8D203}.Release|x64.Build.0 = Release|Any CPU
		{4B6BBAC3-1659-4555-944B-211DDBF8D203}.Release|x86.ActiveCfg = Release|Any CPU
		{4B6BBAC3-1659-4555-944B-211DDBF8D203}.Release|x86.Build.0 = Release|Any CPU
		{E7AB56F5-07C8-4556-BEB3-158BDF67BA99}.Debug|Any CPU.ActiveCfg = Debug|Any CPU
		{E7AB56F5-07C8-4556-BEB3-158BDF67BA99}.Debug|Any CPU.Build.0 = Debug|Any CPU
		{E7AB56F5-07C8-4556-BEB3-158BDF67BA99}.Debug|x64.ActiveCfg = Debug|Any CPU
		{E7AB56F5-07C8-4556-BEB3-158BDF67BA99}.Debug|x64.Build.0 = Debug|Any CPU
		{E7AB56F5-07C8-4556-BEB3-158BDF67BA99}.Debug|x86.ActiveCfg = Debug|Any CPU
		{E7AB56F5-07C8-4556-BEB3-158BDF67BA99}.Debug|x86.Build.0 = Debug|Any CPU
		{E7AB56F5-07C8-4556-BEB3-158BDF67BA99}.Release|Any CPU.ActiveCfg = Release|Any CPU
		{E7AB56F5-07C8-4556-BEB3-158BDF67BA99}.Release|Any CPU.Build.0 = Release|Any CPU
		{E7AB56F5-07C8-4556-BEB3-158BDF67BA99}.Release|x64.ActiveCfg = Release|Any CPU
		{E7AB56F5-07C8-4556-BEB3-158BDF67BA99}.Release|x64.Build.0 = Release|Any CPU
		{E7AB56F5-07C8-4556-BEB3-158BDF67BA99}.Release|x86.ActiveCfg = Release|Any CPU
		{E7AB56F5-07C8-4556-BEB3-158BDF67BA99}.Release|x86.Build.0 = Release|Any CPU
		{EF2A972E-15C0-46DC-8212-0A018C58197C}.Debug|Any CPU.ActiveCfg = Debug|Any CPU
		{EF2A972E-15C0-46DC-8212-0A018C58197C}.Debug|Any CPU.Build.0 = Debug|Any CPU
		{EF2A972E-15C0-46DC-8212-0A018C58197C}.Debug|x64.ActiveCfg = Debug|Any CPU
		{EF2A972E-15C0-46DC-8212-0A018C58197C}.Debug|x64.Build.0 = Debug|Any CPU
		{EF2A972E-15C0-46DC-8212-0A018C58197C}.Debug|x86.ActiveCfg = Debug|Any CPU
		{EF2A972E-15C0-46DC-8212-0A018C58197C}.Debug|x86.Build.0 = Debug|Any CPU
		{EF2A972E-15C0-46DC-8212-0A018C58197C}.Release|Any CPU.ActiveCfg = Release|Any CPU
		{EF2A972E-15C0-46DC-8212-0A018C58197C}.Release|Any CPU.Build.0 = Release|Any CPU
		{EF2A972E-15C0-46DC-8212-0A018C58197C}.Release|x64.ActiveCfg = Release|Any CPU
		{EF2A972E-15C0-46DC-8212-0A018C58197C}.Release|x64.Build.0 = Release|Any CPU
		{EF2A972E-15C0-46DC-8212-0A018C58197C}.Release|x86.ActiveCfg = Release|Any CPU
		{EF2A972E-15C0-46DC-8212-0A018C58197C}.Release|x86.Build.0 = Release|Any CPU
		{006240D6-D4FD-4617-B3A3-36DC40FA4008}.Debug|Any CPU.ActiveCfg = Debug|Any CPU
		{006240D6-D4FD-4617-B3A3-36DC40FA4008}.Debug|Any CPU.Build.0 = Debug|Any CPU
		{006240D6-D4FD-4617-B3A3-36DC40FA4008}.Debug|x64.ActiveCfg = Debug|Any CPU
		{006240D6-D4FD-4617-B3A3-36DC40FA4008}.Debug|x64.Build.0 = Debug|Any CPU
		{006240D6-D4FD-4617-B3A3-36DC40FA4008}.Debug|x86.ActiveCfg = Debug|Any CPU
		{006240D6-D4FD-4617-B3A3-36DC40FA4008}.Debug|x86.Build.0 = Debug|Any CPU
		{006240D6-D4FD-4617-B3A3-36DC40FA4008}.Release|Any CPU.ActiveCfg = Release|Any CPU
		{006240D6-D4FD-4617-B3A3-36DC40FA4008}.Release|Any CPU.Build.0 = Release|Any CPU
		{006240D6-D4FD-4617-B3A3-36DC40FA4008}.Release|x64.ActiveCfg = Release|Any CPU
		{006240D6-D4FD-4617-B3A3-36DC40FA4008}.Release|x64.Build.0 = Release|Any CPU
		{006240D6-D4FD-4617-B3A3-36DC40FA4008}.Release|x86.ActiveCfg = Release|Any CPU
		{006240D6-D4FD-4617-B3A3-36DC40FA4008}.Release|x86.Build.0 = Release|Any CPU
		{EA3AAC83-FC75-413E-9E82-84EAA2A3694A}.Debug|Any CPU.ActiveCfg = Debug|Any CPU
		{EA3AAC83-FC75-413E-9E82-84EAA2A3694A}.Debug|Any CPU.Build.0 = Debug|Any CPU
		{EA3AAC83-FC75-413E-9E82-84EAA2A3694A}.Debug|x64.ActiveCfg = Debug|Any CPU
		{EA3AAC83-FC75-413E-9E82-84EAA2A3694A}.Debug|x64.Build.0 = Debug|Any CPU
		{EA3AAC83-FC75-413E-9E82-84EAA2A3694A}.Debug|x86.ActiveCfg = Debug|Any CPU
		{EA3AAC83-FC75-413E-9E82-84EAA2A3694A}.Debug|x86.Build.0 = Debug|Any CPU
		{EA3AAC83-FC75-413E-9E82-84EAA2A3694A}.Release|Any CPU.ActiveCfg = Release|Any CPU
		{EA3AAC83-FC75-413E-9E82-84EAA2A3694A}.Release|Any CPU.Build.0 = Release|Any CPU
		{EA3AAC83-FC75-413E-9E82-84EAA2A3694A}.Release|x64.ActiveCfg = Release|Any CPU
		{EA3AAC83-FC75-413E-9E82-84EAA2A3694A}.Release|x64.Build.0 = Release|Any CPU
		{EA3AAC83-FC75-413E-9E82-84EAA2A3694A}.Release|x86.ActiveCfg = Release|Any CPU
		{EA3AAC83-FC75-413E-9E82-84EAA2A3694A}.Release|x86.Build.0 = Release|Any CPU
		{206A5BA2-FD39-4E57-92D3-3D243223B86E}.Debug|Any CPU.ActiveCfg = Debug|Any CPU
		{206A5BA2-FD39-4E57-92D3-3D243223B86E}.Debug|Any CPU.Build.0 = Debug|Any CPU
		{206A5BA2-FD39-4E57-92D3-3D243223B86E}.Debug|x64.ActiveCfg = Debug|Any CPU
		{206A5BA2-FD39-4E57-92D3-3D243223B86E}.Debug|x64.Build.0 = Debug|Any CPU
		{206A5BA2-FD39-4E57-92D3-3D243223B86E}.Debug|x86.ActiveCfg = Debug|Any CPU
		{206A5BA2-FD39-4E57-92D3-3D243223B86E}.Debug|x86.Build.0 = Debug|Any CPU
		{206A5BA2-FD39-4E57-92D3-3D243223B86E}.Release|Any CPU.ActiveCfg = Release|Any CPU
		{206A5BA2-FD39-4E57-92D3-3D243223B86E}.Release|Any CPU.Build.0 = Release|Any CPU
		{206A5BA2-FD39-4E57-92D3-3D243223B86E}.Release|x64.ActiveCfg = Release|Any CPU
		{206A5BA2-FD39-4E57-92D3-3D243223B86E}.Release|x64.Build.0 = Release|Any CPU
		{206A5BA2-FD39-4E57-92D3-3D243223B86E}.Release|x86.ActiveCfg = Release|Any CPU
		{206A5BA2-FD39-4E57-92D3-3D243223B86E}.Release|x86.Build.0 = Release|Any CPU
		{31D8E5B4-CCDC-4001-A0AD-5C6FFFD8AC28}.Debug|Any CPU.ActiveCfg = Debug|Any CPU
		{31D8E5B4-CCDC-4001-A0AD-5C6FFFD8AC28}.Debug|Any CPU.Build.0 = Debug|Any CPU
		{31D8E5B4-CCDC-4001-A0AD-5C6FFFD8AC28}.Debug|x64.ActiveCfg = Debug|Any CPU
		{31D8E5B4-CCDC-4001-A0AD-5C6FFFD8AC28}.Debug|x64.Build.0 = Debug|Any CPU
		{31D8E5B4-CCDC-4001-A0AD-5C6FFFD8AC28}.Debug|x86.ActiveCfg = Debug|Any CPU
		{31D8E5B4-CCDC-4001-A0AD-5C6FFFD8AC28}.Debug|x86.Build.0 = Debug|Any CPU
		{31D8E5B4-CCDC-4001-A0AD-5C6FFFD8AC28}.Release|Any CPU.ActiveCfg = Release|Any CPU
		{31D8E5B4-CCDC-4001-A0AD-5C6FFFD8AC28}.Release|Any CPU.Build.0 = Release|Any CPU
		{31D8E5B4-CCDC-4001-A0AD-5C6FFFD8AC28}.Release|x64.ActiveCfg = Release|Any CPU
		{31D8E5B4-CCDC-4001-A0AD-5C6FFFD8AC28}.Release|x64.Build.0 = Release|Any CPU
		{31D8E5B4-CCDC-4001-A0AD-5C6FFFD8AC28}.Release|x86.ActiveCfg = Release|Any CPU
		{31D8E5B4-CCDC-4001-A0AD-5C6FFFD8AC28}.Release|x86.Build.0 = Release|Any CPU
		{9F3EE5EB-CC4C-45B1-9911-3A21D091353B}.Debug|Any CPU.ActiveCfg = Debug|Any CPU
		{9F3EE5EB-CC4C-45B1-9911-3A21D091353B}.Debug|Any CPU.Build.0 = Debug|Any CPU
		{9F3EE5EB-CC4C-45B1-9911-3A21D091353B}.Debug|x64.ActiveCfg = Debug|Any CPU
		{9F3EE5EB-CC4C-45B1-9911-3A21D091353B}.Debug|x64.Build.0 = Debug|Any CPU
		{9F3EE5EB-CC4C-45B1-9911-3A21D091353B}.Debug|x86.ActiveCfg = Debug|Any CPU
		{9F3EE5EB-CC4C-45B1-9911-3A21D091353B}.Debug|x86.Build.0 = Debug|Any CPU
		{9F3EE5EB-CC4C-45B1-9911-3A21D091353B}.Release|Any CPU.ActiveCfg = Release|Any CPU
		{9F3EE5EB-CC4C-45B1-9911-3A21D091353B}.Release|Any CPU.Build.0 = Release|Any CPU
		{9F3EE5EB-CC4C-45B1-9911-3A21D091353B}.Release|x64.ActiveCfg = Release|Any CPU
		{9F3EE5EB-CC4C-45B1-9911-3A21D091353B}.Release|x64.Build.0 = Release|Any CPU
		{9F3EE5EB-CC4C-45B1-9911-3A21D091353B}.Release|x86.ActiveCfg = Release|Any CPU
		{9F3EE5EB-CC4C-45B1-9911-3A21D091353B}.Release|x86.Build.0 = Release|Any CPU
		{FB83AE9D-2E9F-4DF1-9811-8C1042BCC170}.Debug|Any CPU.ActiveCfg = Debug|Any CPU
		{FB83AE9D-2E9F-4DF1-9811-8C1042BCC170}.Debug|Any CPU.Build.0 = Debug|Any CPU
		{FB83AE9D-2E9F-4DF1-9811-8C1042BCC170}.Debug|x64.ActiveCfg = Debug|Any CPU
		{FB83AE9D-2E9F-4DF1-9811-8C1042BCC170}.Debug|x64.Build.0 = Debug|Any CPU
		{FB83AE9D-2E9F-4DF1-9811-8C1042BCC170}.Debug|x86.ActiveCfg = Debug|Any CPU
		{FB83AE9D-2E9F-4DF1-9811-8C1042BCC170}.Debug|x86.Build.0 = Debug|Any CPU
		{FB83AE9D-2E9F-4DF1-9811-8C1042BCC170}.Release|Any CPU.ActiveCfg = Release|Any CPU
		{FB83AE9D-2E9F-4DF1-9811-8C1042BCC170}.Release|Any CPU.Build.0 = Release|Any CPU
		{FB83AE9D-2E9F-4DF1-9811-8C1042BCC170}.Release|x64.ActiveCfg = Release|Any CPU
		{FB83AE9D-2E9F-4DF1-9811-8C1042BCC170}.Release|x64.Build.0 = Release|Any CPU
		{FB83AE9D-2E9F-4DF1-9811-8C1042BCC170}.Release|x86.ActiveCfg = Release|Any CPU
		{FB83AE9D-2E9F-4DF1-9811-8C1042BCC170}.Release|x86.Build.0 = Release|Any CPU
		{467D7CCB-C984-4863-B867-582372CD74E0}.Debug|Any CPU.ActiveCfg = Debug|Any CPU
		{467D7CCB-C984-4863-B867-582372CD74E0}.Debug|Any CPU.Build.0 = Debug|Any CPU
		{467D7CCB-C984-4863-B867-582372CD74E0}.Debug|x64.ActiveCfg = Debug|Any CPU
		{467D7CCB-C984-4863-B867-582372CD74E0}.Debug|x64.Build.0 = Debug|Any CPU
		{467D7CCB-C984-4863-B867-582372CD74E0}.Debug|x86.ActiveCfg = Debug|Any CPU
		{467D7CCB-C984-4863-B867-582372CD74E0}.Debug|x86.Build.0 = Debug|Any CPU
		{467D7CCB-C984-4863-B867-582372CD74E0}.Release|Any CPU.ActiveCfg = Release|Any CPU
		{467D7CCB-C984-4863-B867-582372CD74E0}.Release|Any CPU.Build.0 = Release|Any CPU
		{467D7CCB-C984-4863-B867-582372CD74E0}.Release|x64.ActiveCfg = Release|Any CPU
		{467D7CCB-C984-4863-B867-582372CD74E0}.Release|x64.Build.0 = Release|Any CPU
		{467D7CCB-C984-4863-B867-582372CD74E0}.Release|x86.ActiveCfg = Release|Any CPU
		{467D7CCB-C984-4863-B867-582372CD74E0}.Release|x86.Build.0 = Release|Any CPU
		{344C8081-0AAD-4B16-8308-A88AD563F48A}.Debug|Any CPU.ActiveCfg = Debug|Any CPU
		{344C8081-0AAD-4B16-8308-A88AD563F48A}.Debug|Any CPU.Build.0 = Debug|Any CPU
		{344C8081-0AAD-4B16-8308-A88AD563F48A}.Debug|x64.ActiveCfg = Debug|Any CPU
		{344C8081-0AAD-4B16-8308-A88AD563F48A}.Debug|x64.Build.0 = Debug|Any CPU
		{344C8081-0AAD-4B16-8308-A88AD563F48A}.Debug|x86.ActiveCfg = Debug|Any CPU
		{344C8081-0AAD-4B16-8308-A88AD563F48A}.Debug|x86.Build.0 = Debug|Any CPU
		{344C8081-0AAD-4B16-8308-A88AD563F48A}.Release|Any CPU.ActiveCfg = Release|Any CPU
		{344C8081-0AAD-4B16-8308-A88AD563F48A}.Release|Any CPU.Build.0 = Release|Any CPU
		{344C8081-0AAD-4B16-8308-A88AD563F48A}.Release|x64.ActiveCfg = Release|Any CPU
		{344C8081-0AAD-4B16-8308-A88AD563F48A}.Release|x64.Build.0 = Release|Any CPU
		{344C8081-0AAD-4B16-8308-A88AD563F48A}.Release|x86.ActiveCfg = Release|Any CPU
		{344C8081-0AAD-4B16-8308-A88AD563F48A}.Release|x86.Build.0 = Release|Any CPU
		{B79FDE7F-0BB9-489E-A292-722DB999CE0A}.Debug|Any CPU.ActiveCfg = Debug|Any CPU
		{B79FDE7F-0BB9-489E-A292-722DB999CE0A}.Debug|Any CPU.Build.0 = Debug|Any CPU
		{B79FDE7F-0BB9-489E-A292-722DB999CE0A}.Debug|x64.ActiveCfg = Debug|Any CPU
		{B79FDE7F-0BB9-489E-A292-722DB999CE0A}.Debug|x64.Build.0 = Debug|Any CPU
		{B79FDE7F-0BB9-489E-A292-722DB999CE0A}.Debug|x86.ActiveCfg = Debug|Any CPU
		{B79FDE7F-0BB9-489E-A292-722DB999CE0A}.Debug|x86.Build.0 = Debug|Any CPU
		{B79FDE7F-0BB9-489E-A292-722DB999CE0A}.Release|Any CPU.ActiveCfg = Release|Any CPU
		{B79FDE7F-0BB9-489E-A292-722DB999CE0A}.Release|Any CPU.Build.0 = Release|Any CPU
		{B79FDE7F-0BB9-489E-A292-722DB999CE0A}.Release|x64.ActiveCfg = Release|Any CPU
		{B79FDE7F-0BB9-489E-A292-722DB999CE0A}.Release|x64.Build.0 = Release|Any CPU
		{B79FDE7F-0BB9-489E-A292-722DB999CE0A}.Release|x86.ActiveCfg = Release|Any CPU
		{B79FDE7F-0BB9-489E-A292-722DB999CE0A}.Release|x86.Build.0 = Release|Any CPU
		{FD45EA94-D981-4EF7-912F-5CF93E2A6B10}.Debug|Any CPU.ActiveCfg = Debug|Any CPU
		{FD45EA94-D981-4EF7-912F-5CF93E2A6B10}.Debug|Any CPU.Build.0 = Debug|Any CPU
		{FD45EA94-D981-4EF7-912F-5CF93E2A6B10}.Debug|x64.ActiveCfg = Debug|Any CPU
		{FD45EA94-D981-4EF7-912F-5CF93E2A6B10}.Debug|x64.Build.0 = Debug|Any CPU
		{FD45EA94-D981-4EF7-912F-5CF93E2A6B10}.Debug|x86.ActiveCfg = Debug|Any CPU
		{FD45EA94-D981-4EF7-912F-5CF93E2A6B10}.Debug|x86.Build.0 = Debug|Any CPU
		{FD45EA94-D981-4EF7-912F-5CF93E2A6B10}.Release|Any CPU.ActiveCfg = Release|Any CPU
		{FD45EA94-D981-4EF7-912F-5CF93E2A6B10}.Release|Any CPU.Build.0 = Release|Any CPU
		{FD45EA94-D981-4EF7-912F-5CF93E2A6B10}.Release|x64.ActiveCfg = Release|Any CPU
		{FD45EA94-D981-4EF7-912F-5CF93E2A6B10}.Release|x64.Build.0 = Release|Any CPU
		{FD45EA94-D981-4EF7-912F-5CF93E2A6B10}.Release|x86.ActiveCfg = Release|Any CPU
		{FD45EA94-D981-4EF7-912F-5CF93E2A6B10}.Release|x86.Build.0 = Release|Any CPU
		{FE4275CA-1CA9-46B3-A476-A8CB05404200}.Debug|Any CPU.ActiveCfg = Debug|Any CPU
		{FE4275CA-1CA9-46B3-A476-A8CB05404200}.Debug|Any CPU.Build.0 = Debug|Any CPU
		{FE4275CA-1CA9-46B3-A476-A8CB05404200}.Debug|x64.ActiveCfg = Debug|Any CPU
		{FE4275CA-1CA9-46B3-A476-A8CB05404200}.Debug|x64.Build.0 = Debug|Any CPU
		{FE4275CA-1CA9-46B3-A476-A8CB05404200}.Debug|x86.ActiveCfg = Debug|Any CPU
		{FE4275CA-1CA9-46B3-A476-A8CB05404200}.Debug|x86.Build.0 = Debug|Any CPU
		{FE4275CA-1CA9-46B3-A476-A8CB05404200}.Release|Any CPU.ActiveCfg = Release|Any CPU
		{FE4275CA-1CA9-46B3-A476-A8CB05404200}.Release|Any CPU.Build.0 = Release|Any CPU
		{FE4275CA-1CA9-46B3-A476-A8CB05404200}.Release|x64.ActiveCfg = Release|Any CPU
		{FE4275CA-1CA9-46B3-A476-A8CB05404200}.Release|x64.Build.0 = Release|Any CPU
		{FE4275CA-1CA9-46B3-A476-A8CB05404200}.Release|x86.ActiveCfg = Release|Any CPU
		{FE4275CA-1CA9-46B3-A476-A8CB05404200}.Release|x86.Build.0 = Release|Any CPU
		{01351310-E8EB-43FF-BBF5-EB10B7334A4D}.Debug|Any CPU.ActiveCfg = Debug|Any CPU
		{01351310-E8EB-43FF-BBF5-EB10B7334A4D}.Debug|Any CPU.Build.0 = Debug|Any CPU
		{01351310-E8EB-43FF-BBF5-EB10B7334A4D}.Debug|x64.ActiveCfg = Debug|Any CPU
		{01351310-E8EB-43FF-BBF5-EB10B7334A4D}.Debug|x64.Build.0 = Debug|Any CPU
		{01351310-E8EB-43FF-BBF5-EB10B7334A4D}.Debug|x86.ActiveCfg = Debug|Any CPU
		{01351310-E8EB-43FF-BBF5-EB10B7334A4D}.Debug|x86.Build.0 = Debug|Any CPU
		{01351310-E8EB-43FF-BBF5-EB10B7334A4D}.Release|Any CPU.ActiveCfg = Release|Any CPU
		{01351310-E8EB-43FF-BBF5-EB10B7334A4D}.Release|Any CPU.Build.0 = Release|Any CPU
		{01351310-E8EB-43FF-BBF5-EB10B7334A4D}.Release|x64.ActiveCfg = Release|Any CPU
		{01351310-E8EB-43FF-BBF5-EB10B7334A4D}.Release|x64.Build.0 = Release|Any CPU
		{01351310-E8EB-43FF-BBF5-EB10B7334A4D}.Release|x86.ActiveCfg = Release|Any CPU
		{01351310-E8EB-43FF-BBF5-EB10B7334A4D}.Release|x86.Build.0 = Release|Any CPU
		{5D6B1541-7AF3-4E9D-8FD7-CB7CDDE3EEC1}.Debug|Any CPU.ActiveCfg = Debug|Any CPU
		{5D6B1541-7AF3-4E9D-8FD7-CB7CDDE3EEC1}.Debug|Any CPU.Build.0 = Debug|Any CPU
		{5D6B1541-7AF3-4E9D-8FD7-CB7CDDE3EEC1}.Debug|x64.ActiveCfg = Debug|Any CPU
		{5D6B1541-7AF3-4E9D-8FD7-CB7CDDE3EEC1}.Debug|x64.Build.0 = Debug|Any CPU
		{5D6B1541-7AF3-4E9D-8FD7-CB7CDDE3EEC1}.Debug|x86.ActiveCfg = Debug|Any CPU
		{5D6B1541-7AF3-4E9D-8FD7-CB7CDDE3EEC1}.Debug|x86.Build.0 = Debug|Any CPU
		{5D6B1541-7AF3-4E9D-8FD7-CB7CDDE3EEC1}.Release|Any CPU.ActiveCfg = Release|Any CPU
		{5D6B1541-7AF3-4E9D-8FD7-CB7CDDE3EEC1}.Release|Any CPU.Build.0 = Release|Any CPU
		{5D6B1541-7AF3-4E9D-8FD7-CB7CDDE3EEC1}.Release|x64.ActiveCfg = Release|Any CPU
		{5D6B1541-7AF3-4E9D-8FD7-CB7CDDE3EEC1}.Release|x64.Build.0 = Release|Any CPU
		{5D6B1541-7AF3-4E9D-8FD7-CB7CDDE3EEC1}.Release|x86.ActiveCfg = Release|Any CPU
		{5D6B1541-7AF3-4E9D-8FD7-CB7CDDE3EEC1}.Release|x86.Build.0 = Release|Any CPU
		{DD8DDA98-524B-454B-BEA5-56FCE63ABDDB}.Debug|Any CPU.ActiveCfg = Debug|Any CPU
		{DD8DDA98-524B-454B-BEA5-56FCE63ABDDB}.Debug|Any CPU.Build.0 = Debug|Any CPU
		{DD8DDA98-524B-454B-BEA5-56FCE63ABDDB}.Debug|x64.ActiveCfg = Debug|Any CPU
		{DD8DDA98-524B-454B-BEA5-56FCE63ABDDB}.Debug|x64.Build.0 = Debug|Any CPU
		{DD8DDA98-524B-454B-BEA5-56FCE63ABDDB}.Debug|x86.ActiveCfg = Debug|Any CPU
		{DD8DDA98-524B-454B-BEA5-56FCE63ABDDB}.Debug|x86.Build.0 = Debug|Any CPU
		{DD8DDA98-524B-454B-BEA5-56FCE63ABDDB}.Release|Any CPU.ActiveCfg = Release|Any CPU
		{DD8DDA98-524B-454B-BEA5-56FCE63ABDDB}.Release|Any CPU.Build.0 = Release|Any CPU
		{DD8DDA98-524B-454B-BEA5-56FCE63ABDDB}.Release|x64.ActiveCfg = Release|Any CPU
		{DD8DDA98-524B-454B-BEA5-56FCE63ABDDB}.Release|x64.Build.0 = Release|Any CPU
		{DD8DDA98-524B-454B-BEA5-56FCE63ABDDB}.Release|x86.ActiveCfg = Release|Any CPU
		{DD8DDA98-524B-454B-BEA5-56FCE63ABDDB}.Release|x86.Build.0 = Release|Any CPU
		{5F369644-5354-4FC2-9BD6-951DD0157AA7}.Debug|Any CPU.ActiveCfg = Debug|Any CPU
		{5F369644-5354-4FC2-9BD6-951DD0157AA7}.Debug|Any CPU.Build.0 = Debug|Any CPU
		{5F369644-5354-4FC2-9BD6-951DD0157AA7}.Debug|x64.ActiveCfg = Debug|Any CPU
		{5F369644-5354-4FC2-9BD6-951DD0157AA7}.Debug|x64.Build.0 = Debug|Any CPU
		{5F369644-5354-4FC2-9BD6-951DD0157AA7}.Debug|x86.ActiveCfg = Debug|Any CPU
		{5F369644-5354-4FC2-9BD6-951DD0157AA7}.Debug|x86.Build.0 = Debug|Any CPU
		{5F369644-5354-4FC2-9BD6-951DD0157AA7}.Release|Any CPU.ActiveCfg = Release|Any CPU
		{5F369644-5354-4FC2-9BD6-951DD0157AA7}.Release|Any CPU.Build.0 = Release|Any CPU
		{5F369644-5354-4FC2-9BD6-951DD0157AA7}.Release|x64.ActiveCfg = Release|Any CPU
		{5F369644-5354-4FC2-9BD6-951DD0157AA7}.Release|x64.Build.0 = Release|Any CPU
		{5F369644-5354-4FC2-9BD6-951DD0157AA7}.Release|x86.ActiveCfg = Release|Any CPU
		{5F369644-5354-4FC2-9BD6-951DD0157AA7}.Release|x86.Build.0 = Release|Any CPU
		{339A6100-B93F-43D5-B564-A8B93F880C94}.Debug|Any CPU.ActiveCfg = Debug|Any CPU
		{339A6100-B93F-43D5-B564-A8B93F880C94}.Debug|Any CPU.Build.0 = Debug|Any CPU
		{339A6100-B93F-43D5-B564-A8B93F880C94}.Debug|x64.ActiveCfg = Debug|Any CPU
		{339A6100-B93F-43D5-B564-A8B93F880C94}.Debug|x64.Build.0 = Debug|Any CPU
		{339A6100-B93F-43D5-B564-A8B93F880C94}.Debug|x86.ActiveCfg = Debug|Any CPU
		{339A6100-B93F-43D5-B564-A8B93F880C94}.Debug|x86.Build.0 = Debug|Any CPU
		{339A6100-B93F-43D5-B564-A8B93F880C94}.Release|Any CPU.ActiveCfg = Release|Any CPU
		{339A6100-B93F-43D5-B564-A8B93F880C94}.Release|Any CPU.Build.0 = Release|Any CPU
		{339A6100-B93F-43D5-B564-A8B93F880C94}.Release|x64.ActiveCfg = Release|Any CPU
		{339A6100-B93F-43D5-B564-A8B93F880C94}.Release|x64.Build.0 = Release|Any CPU
		{339A6100-B93F-43D5-B564-A8B93F880C94}.Release|x86.ActiveCfg = Release|Any CPU
		{339A6100-B93F-43D5-B564-A8B93F880C94}.Release|x86.Build.0 = Release|Any CPU
		{3447D129-7B45-497D-8523-813912964FF1}.Debug|Any CPU.ActiveCfg = Debug|Any CPU
		{3447D129-7B45-497D-8523-813912964FF1}.Debug|Any CPU.Build.0 = Debug|Any CPU
		{3447D129-7B45-497D-8523-813912964FF1}.Debug|x64.ActiveCfg = Debug|Any CPU
		{3447D129-7B45-497D-8523-813912964FF1}.Debug|x64.Build.0 = Debug|Any CPU
		{3447D129-7B45-497D-8523-813912964FF1}.Debug|x86.ActiveCfg = Debug|Any CPU
		{3447D129-7B45-497D-8523-813912964FF1}.Debug|x86.Build.0 = Debug|Any CPU
		{3447D129-7B45-497D-8523-813912964FF1}.Release|Any CPU.ActiveCfg = Release|Any CPU
		{3447D129-7B45-497D-8523-813912964FF1}.Release|Any CPU.Build.0 = Release|Any CPU
		{3447D129-7B45-497D-8523-813912964FF1}.Release|x64.ActiveCfg = Release|Any CPU
		{3447D129-7B45-497D-8523-813912964FF1}.Release|x64.Build.0 = Release|Any CPU
		{3447D129-7B45-497D-8523-813912964FF1}.Release|x86.ActiveCfg = Release|Any CPU
		{3447D129-7B45-497D-8523-813912964FF1}.Release|x86.Build.0 = Release|Any CPU
		{A848CE7D-D904-42FE-856B-5F4FAD0F881B}.Debug|Any CPU.ActiveCfg = Debug|Any CPU
		{A848CE7D-D904-42FE-856B-5F4FAD0F881B}.Debug|Any CPU.Build.0 = Debug|Any CPU
		{A848CE7D-D904-42FE-856B-5F4FAD0F881B}.Debug|x64.ActiveCfg = Debug|Any CPU
		{A848CE7D-D904-42FE-856B-5F4FAD0F881B}.Debug|x64.Build.0 = Debug|Any CPU
		{A848CE7D-D904-42FE-856B-5F4FAD0F881B}.Debug|x86.ActiveCfg = Debug|Any CPU
		{A848CE7D-D904-42FE-856B-5F4FAD0F881B}.Debug|x86.Build.0 = Debug|Any CPU
		{A848CE7D-D904-42FE-856B-5F4FAD0F881B}.Release|Any CPU.ActiveCfg = Release|Any CPU
		{A848CE7D-D904-42FE-856B-5F4FAD0F881B}.Release|Any CPU.Build.0 = Release|Any CPU
		{A848CE7D-D904-42FE-856B-5F4FAD0F881B}.Release|x64.ActiveCfg = Release|Any CPU
		{A848CE7D-D904-42FE-856B-5F4FAD0F881B}.Release|x64.Build.0 = Release|Any CPU
		{A848CE7D-D904-42FE-856B-5F4FAD0F881B}.Release|x86.ActiveCfg = Release|Any CPU
		{A848CE7D-D904-42FE-856B-5F4FAD0F881B}.Release|x86.Build.0 = Release|Any CPU
		{4D775CE4-D23B-4FB4-A2D7-F9AABAA4D451}.Debug|Any CPU.ActiveCfg = Debug|Any CPU
		{4D775CE4-D23B-4FB4-A2D7-F9AABAA4D451}.Debug|Any CPU.Build.0 = Debug|Any CPU
		{4D775CE4-D23B-4FB4-A2D7-F9AABAA4D451}.Debug|x64.ActiveCfg = Debug|Any CPU
		{4D775CE4-D23B-4FB4-A2D7-F9AABAA4D451}.Debug|x64.Build.0 = Debug|Any CPU
		{4D775CE4-D23B-4FB4-A2D7-F9AABAA4D451}.Debug|x86.ActiveCfg = Debug|Any CPU
		{4D775CE4-D23B-4FB4-A2D7-F9AABAA4D451}.Debug|x86.Build.0 = Debug|Any CPU
		{4D775CE4-D23B-4FB4-A2D7-F9AABAA4D451}.Release|Any CPU.ActiveCfg = Release|Any CPU
		{4D775CE4-D23B-4FB4-A2D7-F9AABAA4D451}.Release|Any CPU.Build.0 = Release|Any CPU
		{4D775CE4-D23B-4FB4-A2D7-F9AABAA4D451}.Release|x64.ActiveCfg = Release|Any CPU
		{4D775CE4-D23B-4FB4-A2D7-F9AABAA4D451}.Release|x64.Build.0 = Release|Any CPU
		{4D775CE4-D23B-4FB4-A2D7-F9AABAA4D451}.Release|x86.ActiveCfg = Release|Any CPU
		{4D775CE4-D23B-4FB4-A2D7-F9AABAA4D451}.Release|x86.Build.0 = Release|Any CPU
		{443F91DD-C0CC-4F54-9C46-190AD9EC5DE0}.Debug|Any CPU.ActiveCfg = Debug|Any CPU
		{443F91DD-C0CC-4F54-9C46-190AD9EC5DE0}.Debug|Any CPU.Build.0 = Debug|Any CPU
		{443F91DD-C0CC-4F54-9C46-190AD9EC5DE0}.Debug|x64.ActiveCfg = Debug|Any CPU
		{443F91DD-C0CC-4F54-9C46-190AD9EC5DE0}.Debug|x64.Build.0 = Debug|Any CPU
		{443F91DD-C0CC-4F54-9C46-190AD9EC5DE0}.Debug|x86.ActiveCfg = Debug|Any CPU
		{443F91DD-C0CC-4F54-9C46-190AD9EC5DE0}.Debug|x86.Build.0 = Debug|Any CPU
		{443F91DD-C0CC-4F54-9C46-190AD9EC5DE0}.Release|Any CPU.ActiveCfg = Release|Any CPU
		{443F91DD-C0CC-4F54-9C46-190AD9EC5DE0}.Release|Any CPU.Build.0 = Release|Any CPU
		{443F91DD-C0CC-4F54-9C46-190AD9EC5DE0}.Release|x64.ActiveCfg = Release|Any CPU
		{443F91DD-C0CC-4F54-9C46-190AD9EC5DE0}.Release|x64.Build.0 = Release|Any CPU
		{443F91DD-C0CC-4F54-9C46-190AD9EC5DE0}.Release|x86.ActiveCfg = Release|Any CPU
		{443F91DD-C0CC-4F54-9C46-190AD9EC5DE0}.Release|x86.Build.0 = Release|Any CPU
		{503EF4F5-0748-4E7F-B886-D7CEAC0E9CCE}.Debug|Any CPU.ActiveCfg = Debug|Any CPU
		{503EF4F5-0748-4E7F-B886-D7CEAC0E9CCE}.Debug|Any CPU.Build.0 = Debug|Any CPU
		{503EF4F5-0748-4E7F-B886-D7CEAC0E9CCE}.Debug|x64.ActiveCfg = Debug|Any CPU
		{503EF4F5-0748-4E7F-B886-D7CEAC0E9CCE}.Debug|x64.Build.0 = Debug|Any CPU
		{503EF4F5-0748-4E7F-B886-D7CEAC0E9CCE}.Debug|x86.ActiveCfg = Debug|Any CPU
		{503EF4F5-0748-4E7F-B886-D7CEAC0E9CCE}.Debug|x86.Build.0 = Debug|Any CPU
		{503EF4F5-0748-4E7F-B886-D7CEAC0E9CCE}.Release|Any CPU.ActiveCfg = Release|Any CPU
		{503EF4F5-0748-4E7F-B886-D7CEAC0E9CCE}.Release|Any CPU.Build.0 = Release|Any CPU
		{503EF4F5-0748-4E7F-B886-D7CEAC0E9CCE}.Release|x64.ActiveCfg = Release|Any CPU
		{503EF4F5-0748-4E7F-B886-D7CEAC0E9CCE}.Release|x64.Build.0 = Release|Any CPU
		{503EF4F5-0748-4E7F-B886-D7CEAC0E9CCE}.Release|x86.ActiveCfg = Release|Any CPU
		{503EF4F5-0748-4E7F-B886-D7CEAC0E9CCE}.Release|x86.Build.0 = Release|Any CPU
		{57280B57-7447-4982-A187-CEB2A4608E5B}.Debug|Any CPU.ActiveCfg = Debug|Any CPU
		{57280B57-7447-4982-A187-CEB2A4608E5B}.Debug|Any CPU.Build.0 = Debug|Any CPU
		{57280B57-7447-4982-A187-CEB2A4608E5B}.Debug|x64.ActiveCfg = Debug|Any CPU
		{57280B57-7447-4982-A187-CEB2A4608E5B}.Debug|x64.Build.0 = Debug|Any CPU
		{57280B57-7447-4982-A187-CEB2A4608E5B}.Debug|x86.ActiveCfg = Debug|Any CPU
		{57280B57-7447-4982-A187-CEB2A4608E5B}.Debug|x86.Build.0 = Debug|Any CPU
		{57280B57-7447-4982-A187-CEB2A4608E5B}.Release|Any CPU.ActiveCfg = Release|Any CPU
		{57280B57-7447-4982-A187-CEB2A4608E5B}.Release|Any CPU.Build.0 = Release|Any CPU
		{57280B57-7447-4982-A187-CEB2A4608E5B}.Release|x64.ActiveCfg = Release|Any CPU
		{57280B57-7447-4982-A187-CEB2A4608E5B}.Release|x64.Build.0 = Release|Any CPU
		{57280B57-7447-4982-A187-CEB2A4608E5B}.Release|x86.ActiveCfg = Release|Any CPU
		{57280B57-7447-4982-A187-CEB2A4608E5B}.Release|x86.Build.0 = Release|Any CPU
		{18987D59-A526-41D2-9E52-CDAE4E0C15E6}.Debug|Any CPU.ActiveCfg = Debug|Any CPU
		{18987D59-A526-41D2-9E52-CDAE4E0C15E6}.Debug|Any CPU.Build.0 = Debug|Any CPU
		{18987D59-A526-41D2-9E52-CDAE4E0C15E6}.Debug|x64.ActiveCfg = Debug|Any CPU
		{18987D59-A526-41D2-9E52-CDAE4E0C15E6}.Debug|x64.Build.0 = Debug|Any CPU
		{18987D59-A526-41D2-9E52-CDAE4E0C15E6}.Debug|x86.ActiveCfg = Debug|Any CPU
		{18987D59-A526-41D2-9E52-CDAE4E0C15E6}.Debug|x86.Build.0 = Debug|Any CPU
		{18987D59-A526-41D2-9E52-CDAE4E0C15E6}.Release|Any CPU.ActiveCfg = Release|Any CPU
		{18987D59-A526-41D2-9E52-CDAE4E0C15E6}.Release|Any CPU.Build.0 = Release|Any CPU
		{18987D59-A526-41D2-9E52-CDAE4E0C15E6}.Release|x64.ActiveCfg = Release|Any CPU
		{18987D59-A526-41D2-9E52-CDAE4E0C15E6}.Release|x64.Build.0 = Release|Any CPU
		{18987D59-A526-41D2-9E52-CDAE4E0C15E6}.Release|x86.ActiveCfg = Release|Any CPU
		{18987D59-A526-41D2-9E52-CDAE4E0C15E6}.Release|x86.Build.0 = Release|Any CPU
		{760D4F78-08DF-42DC-99FE-DB7A15696AE4}.Debug|Any CPU.ActiveCfg = Debug|Any CPU
		{760D4F78-08DF-42DC-99FE-DB7A15696AE4}.Debug|Any CPU.Build.0 = Debug|Any CPU
		{760D4F78-08DF-42DC-99FE-DB7A15696AE4}.Debug|x64.ActiveCfg = Debug|Any CPU
		{760D4F78-08DF-42DC-99FE-DB7A15696AE4}.Debug|x64.Build.0 = Debug|Any CPU
		{760D4F78-08DF-42DC-99FE-DB7A15696AE4}.Debug|x86.ActiveCfg = Debug|Any CPU
		{760D4F78-08DF-42DC-99FE-DB7A15696AE4}.Debug|x86.Build.0 = Debug|Any CPU
		{760D4F78-08DF-42DC-99FE-DB7A15696AE4}.Release|Any CPU.ActiveCfg = Release|Any CPU
		{760D4F78-08DF-42DC-99FE-DB7A15696AE4}.Release|Any CPU.Build.0 = Release|Any CPU
		{760D4F78-08DF-42DC-99FE-DB7A15696AE4}.Release|x64.ActiveCfg = Release|Any CPU
		{760D4F78-08DF-42DC-99FE-DB7A15696AE4}.Release|x64.Build.0 = Release|Any CPU
		{760D4F78-08DF-42DC-99FE-DB7A15696AE4}.Release|x86.ActiveCfg = Release|Any CPU
		{760D4F78-08DF-42DC-99FE-DB7A15696AE4}.Release|x86.Build.0 = Release|Any CPU
		{2B087EF6-EF43-49E5-ADA3-653822B440EF}.Debug|Any CPU.ActiveCfg = Debug|Any CPU
		{2B087EF6-EF43-49E5-ADA3-653822B440EF}.Debug|Any CPU.Build.0 = Debug|Any CPU
		{2B087EF6-EF43-49E5-ADA3-653822B440EF}.Debug|x64.ActiveCfg = Debug|Any CPU
		{2B087EF6-EF43-49E5-ADA3-653822B440EF}.Debug|x64.Build.0 = Debug|Any CPU
		{2B087EF6-EF43-49E5-ADA3-653822B440EF}.Debug|x86.ActiveCfg = Debug|Any CPU
		{2B087EF6-EF43-49E5-ADA3-653822B440EF}.Debug|x86.Build.0 = Debug|Any CPU
		{2B087EF6-EF43-49E5-ADA3-653822B440EF}.Release|Any CPU.ActiveCfg = Release|Any CPU
		{2B087EF6-EF43-49E5-ADA3-653822B440EF}.Release|Any CPU.Build.0 = Release|Any CPU
		{2B087EF6-EF43-49E5-ADA3-653822B440EF}.Release|x64.ActiveCfg = Release|Any CPU
		{2B087EF6-EF43-49E5-ADA3-653822B440EF}.Release|x64.Build.0 = Release|Any CPU
		{2B087EF6-EF43-49E5-ADA3-653822B440EF}.Release|x86.ActiveCfg = Release|Any CPU
		{2B087EF6-EF43-49E5-ADA3-653822B440EF}.Release|x86.Build.0 = Release|Any CPU
		{85EDBDE7-30B6-402B-8F8C-1FC33A5A2674}.Debug|Any CPU.ActiveCfg = Debug|Any CPU
		{85EDBDE7-30B6-402B-8F8C-1FC33A5A2674}.Debug|Any CPU.Build.0 = Debug|Any CPU
		{85EDBDE7-30B6-402B-8F8C-1FC33A5A2674}.Debug|x64.ActiveCfg = Debug|Any CPU
		{85EDBDE7-30B6-402B-8F8C-1FC33A5A2674}.Debug|x64.Build.0 = Debug|Any CPU
		{85EDBDE7-30B6-402B-8F8C-1FC33A5A2674}.Debug|x86.ActiveCfg = Debug|Any CPU
		{85EDBDE7-30B6-402B-8F8C-1FC33A5A2674}.Debug|x86.Build.0 = Debug|Any CPU
		{85EDBDE7-30B6-402B-8F8C-1FC33A5A2674}.Release|Any CPU.ActiveCfg = Release|Any CPU
		{85EDBDE7-30B6-402B-8F8C-1FC33A5A2674}.Release|Any CPU.Build.0 = Release|Any CPU
		{85EDBDE7-30B6-402B-8F8C-1FC33A5A2674}.Release|x64.ActiveCfg = Release|Any CPU
		{85EDBDE7-30B6-402B-8F8C-1FC33A5A2674}.Release|x64.Build.0 = Release|Any CPU
		{85EDBDE7-30B6-402B-8F8C-1FC33A5A2674}.Release|x86.ActiveCfg = Release|Any CPU
		{85EDBDE7-30B6-402B-8F8C-1FC33A5A2674}.Release|x86.Build.0 = Release|Any CPU
		{79C86A97-CA4E-43C3-9616-FA4AB1F31967}.Debug|Any CPU.ActiveCfg = Debug|Any CPU
		{79C86A97-CA4E-43C3-9616-FA4AB1F31967}.Debug|Any CPU.Build.0 = Debug|Any CPU
		{79C86A97-CA4E-43C3-9616-FA4AB1F31967}.Debug|x64.ActiveCfg = Debug|Any CPU
		{79C86A97-CA4E-43C3-9616-FA4AB1F31967}.Debug|x64.Build.0 = Debug|Any CPU
		{79C86A97-CA4E-43C3-9616-FA4AB1F31967}.Debug|x86.ActiveCfg = Debug|Any CPU
		{79C86A97-CA4E-43C3-9616-FA4AB1F31967}.Debug|x86.Build.0 = Debug|Any CPU
		{79C86A97-CA4E-43C3-9616-FA4AB1F31967}.Release|Any CPU.ActiveCfg = Release|Any CPU
		{79C86A97-CA4E-43C3-9616-FA4AB1F31967}.Release|Any CPU.Build.0 = Release|Any CPU
		{79C86A97-CA4E-43C3-9616-FA4AB1F31967}.Release|x64.ActiveCfg = Release|Any CPU
		{79C86A97-CA4E-43C3-9616-FA4AB1F31967}.Release|x64.Build.0 = Release|Any CPU
		{79C86A97-CA4E-43C3-9616-FA4AB1F31967}.Release|x86.ActiveCfg = Release|Any CPU
		{79C86A97-CA4E-43C3-9616-FA4AB1F31967}.Release|x86.Build.0 = Release|Any CPU
		{B57EBB42-50B7-4E0C-A904-6C450B42623C}.Debug|Any CPU.ActiveCfg = Debug|Any CPU
		{B57EBB42-50B7-4E0C-A904-6C450B42623C}.Debug|Any CPU.Build.0 = Debug|Any CPU
		{B57EBB42-50B7-4E0C-A904-6C450B42623C}.Debug|x64.ActiveCfg = Debug|Any CPU
		{B57EBB42-50B7-4E0C-A904-6C450B42623C}.Debug|x64.Build.0 = Debug|Any CPU
		{B57EBB42-50B7-4E0C-A904-6C450B42623C}.Debug|x86.ActiveCfg = Debug|Any CPU
		{B57EBB42-50B7-4E0C-A904-6C450B42623C}.Debug|x86.Build.0 = Debug|Any CPU
		{B57EBB42-50B7-4E0C-A904-6C450B42623C}.Release|Any CPU.ActiveCfg = Release|Any CPU
		{B57EBB42-50B7-4E0C-A904-6C450B42623C}.Release|Any CPU.Build.0 = Release|Any CPU
		{B57EBB42-50B7-4E0C-A904-6C450B42623C}.Release|x64.ActiveCfg = Release|Any CPU
		{B57EBB42-50B7-4E0C-A904-6C450B42623C}.Release|x64.Build.0 = Release|Any CPU
		{B57EBB42-50B7-4E0C-A904-6C450B42623C}.Release|x86.ActiveCfg = Release|Any CPU
		{B57EBB42-50B7-4E0C-A904-6C450B42623C}.Release|x86.Build.0 = Release|Any CPU
		{2C2D4A57-3821-4778-A316-4443EEBC00DB}.Debug|Any CPU.ActiveCfg = Debug|Any CPU
		{2C2D4A57-3821-4778-A316-4443EEBC00DB}.Debug|Any CPU.Build.0 = Debug|Any CPU
		{2C2D4A57-3821-4778-A316-4443EEBC00DB}.Debug|x64.ActiveCfg = Debug|Any CPU
		{2C2D4A57-3821-4778-A316-4443EEBC00DB}.Debug|x64.Build.0 = Debug|Any CPU
		{2C2D4A57-3821-4778-A316-4443EEBC00DB}.Debug|x86.ActiveCfg = Debug|Any CPU
		{2C2D4A57-3821-4778-A316-4443EEBC00DB}.Debug|x86.Build.0 = Debug|Any CPU
		{2C2D4A57-3821-4778-A316-4443EEBC00DB}.Release|Any CPU.ActiveCfg = Release|Any CPU
		{2C2D4A57-3821-4778-A316-4443EEBC00DB}.Release|Any CPU.Build.0 = Release|Any CPU
		{2C2D4A57-3821-4778-A316-4443EEBC00DB}.Release|x64.ActiveCfg = Release|Any CPU
		{2C2D4A57-3821-4778-A316-4443EEBC00DB}.Release|x64.Build.0 = Release|Any CPU
		{2C2D4A57-3821-4778-A316-4443EEBC00DB}.Release|x86.ActiveCfg = Release|Any CPU
		{2C2D4A57-3821-4778-A316-4443EEBC00DB}.Release|x86.Build.0 = Release|Any CPU
		{262A36D7-2CD2-4AF3-98CD-C10D59278782}.Debug|Any CPU.ActiveCfg = Debug|Any CPU
		{262A36D7-2CD2-4AF3-98CD-C10D59278782}.Debug|Any CPU.Build.0 = Debug|Any CPU
		{262A36D7-2CD2-4AF3-98CD-C10D59278782}.Debug|x64.ActiveCfg = Debug|Any CPU
		{262A36D7-2CD2-4AF3-98CD-C10D59278782}.Debug|x64.Build.0 = Debug|Any CPU
		{262A36D7-2CD2-4AF3-98CD-C10D59278782}.Debug|x86.ActiveCfg = Debug|Any CPU
		{262A36D7-2CD2-4AF3-98CD-C10D59278782}.Debug|x86.Build.0 = Debug|Any CPU
		{262A36D7-2CD2-4AF3-98CD-C10D59278782}.Release|Any CPU.ActiveCfg = Release|Any CPU
		{262A36D7-2CD2-4AF3-98CD-C10D59278782}.Release|Any CPU.Build.0 = Release|Any CPU
		{262A36D7-2CD2-4AF3-98CD-C10D59278782}.Release|x64.ActiveCfg = Release|Any CPU
		{262A36D7-2CD2-4AF3-98CD-C10D59278782}.Release|x64.Build.0 = Release|Any CPU
		{262A36D7-2CD2-4AF3-98CD-C10D59278782}.Release|x86.ActiveCfg = Release|Any CPU
		{262A36D7-2CD2-4AF3-98CD-C10D59278782}.Release|x86.Build.0 = Release|Any CPU
		{E136AC3D-6571-4F8D-B371-2A1C084F2882}.Debug|Any CPU.ActiveCfg = Debug|Any CPU
		{E136AC3D-6571-4F8D-B371-2A1C084F2882}.Debug|Any CPU.Build.0 = Debug|Any CPU
		{E136AC3D-6571-4F8D-B371-2A1C084F2882}.Debug|x64.ActiveCfg = Debug|Any CPU
		{E136AC3D-6571-4F8D-B371-2A1C084F2882}.Debug|x64.Build.0 = Debug|Any CPU
		{E136AC3D-6571-4F8D-B371-2A1C084F2882}.Debug|x86.ActiveCfg = Debug|Any CPU
		{E136AC3D-6571-4F8D-B371-2A1C084F2882}.Debug|x86.Build.0 = Debug|Any CPU
		{E136AC3D-6571-4F8D-B371-2A1C084F2882}.Release|Any CPU.ActiveCfg = Release|Any CPU
		{E136AC3D-6571-4F8D-B371-2A1C084F2882}.Release|Any CPU.Build.0 = Release|Any CPU
		{E136AC3D-6571-4F8D-B371-2A1C084F2882}.Release|x64.ActiveCfg = Release|Any CPU
		{E136AC3D-6571-4F8D-B371-2A1C084F2882}.Release|x64.Build.0 = Release|Any CPU
		{E136AC3D-6571-4F8D-B371-2A1C084F2882}.Release|x86.ActiveCfg = Release|Any CPU
		{E136AC3D-6571-4F8D-B371-2A1C084F2882}.Release|x86.Build.0 = Release|Any CPU
		{614E373E-52AD-4443-9935-3A36E7130C45}.Debug|Any CPU.ActiveCfg = Debug|Any CPU
		{614E373E-52AD-4443-9935-3A36E7130C45}.Debug|Any CPU.Build.0 = Debug|Any CPU
		{614E373E-52AD-4443-9935-3A36E7130C45}.Debug|x64.ActiveCfg = Debug|Any CPU
		{614E373E-52AD-4443-9935-3A36E7130C45}.Debug|x64.Build.0 = Debug|Any CPU
		{614E373E-52AD-4443-9935-3A36E7130C45}.Debug|x86.ActiveCfg = Debug|Any CPU
		{614E373E-52AD-4443-9935-3A36E7130C45}.Debug|x86.Build.0 = Debug|Any CPU
		{614E373E-52AD-4443-9935-3A36E7130C45}.Release|Any CPU.ActiveCfg = Release|Any CPU
		{614E373E-52AD-4443-9935-3A36E7130C45}.Release|Any CPU.Build.0 = Release|Any CPU
		{614E373E-52AD-4443-9935-3A36E7130C45}.Release|x64.ActiveCfg = Release|Any CPU
		{614E373E-52AD-4443-9935-3A36E7130C45}.Release|x64.Build.0 = Release|Any CPU
		{614E373E-52AD-4443-9935-3A36E7130C45}.Release|x86.ActiveCfg = Release|Any CPU
		{614E373E-52AD-4443-9935-3A36E7130C45}.Release|x86.Build.0 = Release|Any CPU
		{B4C141FA-A496-456F-9707-A74014886AB4}.Debug|Any CPU.ActiveCfg = Debug|Any CPU
		{B4C141FA-A496-456F-9707-A74014886AB4}.Debug|Any CPU.Build.0 = Debug|Any CPU
		{B4C141FA-A496-456F-9707-A74014886AB4}.Debug|x64.ActiveCfg = Debug|Any CPU
		{B4C141FA-A496-456F-9707-A74014886AB4}.Debug|x64.Build.0 = Debug|Any CPU
		{B4C141FA-A496-456F-9707-A74014886AB4}.Debug|x86.ActiveCfg = Debug|Any CPU
		{B4C141FA-A496-456F-9707-A74014886AB4}.Debug|x86.Build.0 = Debug|Any CPU
		{B4C141FA-A496-456F-9707-A74014886AB4}.Release|Any CPU.ActiveCfg = Release|Any CPU
		{B4C141FA-A496-456F-9707-A74014886AB4}.Release|Any CPU.Build.0 = Release|Any CPU
		{B4C141FA-A496-456F-9707-A74014886AB4}.Release|x64.ActiveCfg = Release|Any CPU
		{B4C141FA-A496-456F-9707-A74014886AB4}.Release|x64.Build.0 = Release|Any CPU
		{B4C141FA-A496-456F-9707-A74014886AB4}.Release|x86.ActiveCfg = Release|Any CPU
		{B4C141FA-A496-456F-9707-A74014886AB4}.Release|x86.Build.0 = Release|Any CPU
		{9161D1D6-6EC7-422C-9925-835B65612667}.Debug|Any CPU.ActiveCfg = Debug|Any CPU
		{9161D1D6-6EC7-422C-9925-835B65612667}.Debug|Any CPU.Build.0 = Debug|Any CPU
		{9161D1D6-6EC7-422C-9925-835B65612667}.Debug|x64.ActiveCfg = Debug|Any CPU
		{9161D1D6-6EC7-422C-9925-835B65612667}.Debug|x64.Build.0 = Debug|Any CPU
		{9161D1D6-6EC7-422C-9925-835B65612667}.Debug|x86.ActiveCfg = Debug|Any CPU
		{9161D1D6-6EC7-422C-9925-835B65612667}.Debug|x86.Build.0 = Debug|Any CPU
		{9161D1D6-6EC7-422C-9925-835B65612667}.Release|Any CPU.ActiveCfg = Release|Any CPU
		{9161D1D6-6EC7-422C-9925-835B65612667}.Release|Any CPU.Build.0 = Release|Any CPU
		{9161D1D6-6EC7-422C-9925-835B65612667}.Release|x64.ActiveCfg = Release|Any CPU
		{9161D1D6-6EC7-422C-9925-835B65612667}.Release|x64.Build.0 = Release|Any CPU
		{9161D1D6-6EC7-422C-9925-835B65612667}.Release|x86.ActiveCfg = Release|Any CPU
		{9161D1D6-6EC7-422C-9925-835B65612667}.Release|x86.Build.0 = Release|Any CPU
		{AFDD6D15-957E-4141-A5C8-ECD3EDFAEEF8}.Debug|Any CPU.ActiveCfg = Debug|Any CPU
		{AFDD6D15-957E-4141-A5C8-ECD3EDFAEEF8}.Debug|Any CPU.Build.0 = Debug|Any CPU
		{AFDD6D15-957E-4141-A5C8-ECD3EDFAEEF8}.Debug|x64.ActiveCfg = Debug|Any CPU
		{AFDD6D15-957E-4141-A5C8-ECD3EDFAEEF8}.Debug|x64.Build.0 = Debug|Any CPU
		{AFDD6D15-957E-4141-A5C8-ECD3EDFAEEF8}.Debug|x86.ActiveCfg = Debug|Any CPU
		{AFDD6D15-957E-4141-A5C8-ECD3EDFAEEF8}.Debug|x86.Build.0 = Debug|Any CPU
		{AFDD6D15-957E-4141-A5C8-ECD3EDFAEEF8}.Release|Any CPU.ActiveCfg = Release|Any CPU
		{AFDD6D15-957E-4141-A5C8-ECD3EDFAEEF8}.Release|Any CPU.Build.0 = Release|Any CPU
		{AFDD6D15-957E-4141-A5C8-ECD3EDFAEEF8}.Release|x64.ActiveCfg = Release|Any CPU
		{AFDD6D15-957E-4141-A5C8-ECD3EDFAEEF8}.Release|x64.Build.0 = Release|Any CPU
		{AFDD6D15-957E-4141-A5C8-ECD3EDFAEEF8}.Release|x86.ActiveCfg = Release|Any CPU
		{AFDD6D15-957E-4141-A5C8-ECD3EDFAEEF8}.Release|x86.Build.0 = Release|Any CPU
		{DB0CC801-EB1B-4DB4-9F0E-B9710C828513}.Debug|Any CPU.ActiveCfg = Debug|Any CPU
		{DB0CC801-EB1B-4DB4-9F0E-B9710C828513}.Debug|Any CPU.Build.0 = Debug|Any CPU
		{DB0CC801-EB1B-4DB4-9F0E-B9710C828513}.Debug|x64.ActiveCfg = Debug|Any CPU
		{DB0CC801-EB1B-4DB4-9F0E-B9710C828513}.Debug|x64.Build.0 = Debug|Any CPU
		{DB0CC801-EB1B-4DB4-9F0E-B9710C828513}.Debug|x86.ActiveCfg = Debug|Any CPU
		{DB0CC801-EB1B-4DB4-9F0E-B9710C828513}.Debug|x86.Build.0 = Debug|Any CPU
		{DB0CC801-EB1B-4DB4-9F0E-B9710C828513}.Release|Any CPU.ActiveCfg = Release|Any CPU
		{DB0CC801-EB1B-4DB4-9F0E-B9710C828513}.Release|Any CPU.Build.0 = Release|Any CPU
		{DB0CC801-EB1B-4DB4-9F0E-B9710C828513}.Release|x64.ActiveCfg = Release|Any CPU
		{DB0CC801-EB1B-4DB4-9F0E-B9710C828513}.Release|x64.Build.0 = Release|Any CPU
		{DB0CC801-EB1B-4DB4-9F0E-B9710C828513}.Release|x86.ActiveCfg = Release|Any CPU
		{DB0CC801-EB1B-4DB4-9F0E-B9710C828513}.Release|x86.Build.0 = Release|Any CPU
		{93542DD0-3239-4E3D-A8C8-ACFFAFB251BA}.Debug|Any CPU.ActiveCfg = Debug|Any CPU
		{93542DD0-3239-4E3D-A8C8-ACFFAFB251BA}.Debug|Any CPU.Build.0 = Debug|Any CPU
		{93542DD0-3239-4E3D-A8C8-ACFFAFB251BA}.Debug|x64.ActiveCfg = Debug|Any CPU
		{93542DD0-3239-4E3D-A8C8-ACFFAFB251BA}.Debug|x64.Build.0 = Debug|Any CPU
		{93542DD0-3239-4E3D-A8C8-ACFFAFB251BA}.Debug|x86.ActiveCfg = Debug|Any CPU
		{93542DD0-3239-4E3D-A8C8-ACFFAFB251BA}.Debug|x86.Build.0 = Debug|Any CPU
		{93542DD0-3239-4E3D-A8C8-ACFFAFB251BA}.Release|Any CPU.ActiveCfg = Release|Any CPU
		{93542DD0-3239-4E3D-A8C8-ACFFAFB251BA}.Release|Any CPU.Build.0 = Release|Any CPU
		{93542DD0-3239-4E3D-A8C8-ACFFAFB251BA}.Release|x64.ActiveCfg = Release|Any CPU
		{93542DD0-3239-4E3D-A8C8-ACFFAFB251BA}.Release|x64.Build.0 = Release|Any CPU
		{93542DD0-3239-4E3D-A8C8-ACFFAFB251BA}.Release|x86.ActiveCfg = Release|Any CPU
		{93542DD0-3239-4E3D-A8C8-ACFFAFB251BA}.Release|x86.Build.0 = Release|Any CPU
		{E0D0A9AA-1E63-4C14-8061-4E6B9BB85E9A}.Debug|Any CPU.ActiveCfg = Debug|Any CPU
		{E0D0A9AA-1E63-4C14-8061-4E6B9BB85E9A}.Debug|Any CPU.Build.0 = Debug|Any CPU
		{E0D0A9AA-1E63-4C14-8061-4E6B9BB85E9A}.Debug|x64.ActiveCfg = Debug|Any CPU
		{E0D0A9AA-1E63-4C14-8061-4E6B9BB85E9A}.Debug|x64.Build.0 = Debug|Any CPU
		{E0D0A9AA-1E63-4C14-8061-4E6B9BB85E9A}.Debug|x86.ActiveCfg = Debug|Any CPU
		{E0D0A9AA-1E63-4C14-8061-4E6B9BB85E9A}.Debug|x86.Build.0 = Debug|Any CPU
		{E0D0A9AA-1E63-4C14-8061-4E6B9BB85E9A}.Release|Any CPU.ActiveCfg = Release|Any CPU
		{E0D0A9AA-1E63-4C14-8061-4E6B9BB85E9A}.Release|Any CPU.Build.0 = Release|Any CPU
		{E0D0A9AA-1E63-4C14-8061-4E6B9BB85E9A}.Release|x64.ActiveCfg = Release|Any CPU
		{E0D0A9AA-1E63-4C14-8061-4E6B9BB85E9A}.Release|x64.Build.0 = Release|Any CPU
		{E0D0A9AA-1E63-4C14-8061-4E6B9BB85E9A}.Release|x86.ActiveCfg = Release|Any CPU
		{E0D0A9AA-1E63-4C14-8061-4E6B9BB85E9A}.Release|x86.Build.0 = Release|Any CPU
		{BAEDFE09-E276-4F0F-9432-B42CB16C7FA6}.Debug|Any CPU.ActiveCfg = Debug|Any CPU
		{BAEDFE09-E276-4F0F-9432-B42CB16C7FA6}.Debug|Any CPU.Build.0 = Debug|Any CPU
		{BAEDFE09-E276-4F0F-9432-B42CB16C7FA6}.Debug|x64.ActiveCfg = Debug|Any CPU
		{BAEDFE09-E276-4F0F-9432-B42CB16C7FA6}.Debug|x64.Build.0 = Debug|Any CPU
		{BAEDFE09-E276-4F0F-9432-B42CB16C7FA6}.Debug|x86.ActiveCfg = Debug|Any CPU
		{BAEDFE09-E276-4F0F-9432-B42CB16C7FA6}.Debug|x86.Build.0 = Debug|Any CPU
		{BAEDFE09-E276-4F0F-9432-B42CB16C7FA6}.Release|Any CPU.ActiveCfg = Release|Any CPU
		{BAEDFE09-E276-4F0F-9432-B42CB16C7FA6}.Release|Any CPU.Build.0 = Release|Any CPU
		{BAEDFE09-E276-4F0F-9432-B42CB16C7FA6}.Release|x64.ActiveCfg = Release|Any CPU
		{BAEDFE09-E276-4F0F-9432-B42CB16C7FA6}.Release|x64.Build.0 = Release|Any CPU
		{BAEDFE09-E276-4F0F-9432-B42CB16C7FA6}.Release|x86.ActiveCfg = Release|Any CPU
		{BAEDFE09-E276-4F0F-9432-B42CB16C7FA6}.Release|x86.Build.0 = Release|Any CPU
		{74F11365-BD17-455C-8C4E-CBE584FC7A7A}.Debug|Any CPU.ActiveCfg = Debug|Any CPU
		{74F11365-BD17-455C-8C4E-CBE584FC7A7A}.Debug|Any CPU.Build.0 = Debug|Any CPU
		{74F11365-BD17-455C-8C4E-CBE584FC7A7A}.Debug|x64.ActiveCfg = Debug|Any CPU
		{74F11365-BD17-455C-8C4E-CBE584FC7A7A}.Debug|x64.Build.0 = Debug|Any CPU
		{74F11365-BD17-455C-8C4E-CBE584FC7A7A}.Debug|x86.ActiveCfg = Debug|Any CPU
		{74F11365-BD17-455C-8C4E-CBE584FC7A7A}.Debug|x86.Build.0 = Debug|Any CPU
		{74F11365-BD17-455C-8C4E-CBE584FC7A7A}.Release|Any CPU.ActiveCfg = Release|Any CPU
		{74F11365-BD17-455C-8C4E-CBE584FC7A7A}.Release|Any CPU.Build.0 = Release|Any CPU
		{74F11365-BD17-455C-8C4E-CBE584FC7A7A}.Release|x64.ActiveCfg = Release|Any CPU
		{74F11365-BD17-455C-8C4E-CBE584FC7A7A}.Release|x64.Build.0 = Release|Any CPU
		{74F11365-BD17-455C-8C4E-CBE584FC7A7A}.Release|x86.ActiveCfg = Release|Any CPU
		{74F11365-BD17-455C-8C4E-CBE584FC7A7A}.Release|x86.Build.0 = Release|Any CPU
		{0CB6F596-6D47-409A-BEC5-4CC930CB4EEB}.Debug|Any CPU.ActiveCfg = Debug|Any CPU
		{0CB6F596-6D47-409A-BEC5-4CC930CB4EEB}.Debug|Any CPU.Build.0 = Debug|Any CPU
		{0CB6F596-6D47-409A-BEC5-4CC930CB4EEB}.Debug|x64.ActiveCfg = Debug|Any CPU
		{0CB6F596-6D47-409A-BEC5-4CC930CB4EEB}.Debug|x64.Build.0 = Debug|Any CPU
		{0CB6F596-6D47-409A-BEC5-4CC930CB4EEB}.Debug|x86.ActiveCfg = Debug|Any CPU
		{0CB6F596-6D47-409A-BEC5-4CC930CB4EEB}.Debug|x86.Build.0 = Debug|Any CPU
		{0CB6F596-6D47-409A-BEC5-4CC930CB4EEB}.Release|Any CPU.ActiveCfg = Release|Any CPU
		{0CB6F596-6D47-409A-BEC5-4CC930CB4EEB}.Release|Any CPU.Build.0 = Release|Any CPU
		{0CB6F596-6D47-409A-BEC5-4CC930CB4EEB}.Release|x64.ActiveCfg = Release|Any CPU
		{0CB6F596-6D47-409A-BEC5-4CC930CB4EEB}.Release|x64.Build.0 = Release|Any CPU
		{0CB6F596-6D47-409A-BEC5-4CC930CB4EEB}.Release|x86.ActiveCfg = Release|Any CPU
		{0CB6F596-6D47-409A-BEC5-4CC930CB4EEB}.Release|x86.Build.0 = Release|Any CPU
		{02B8373B-BAB5-415C-ACD1-F6FB26A504FF}.Debug|Any CPU.ActiveCfg = Debug|Any CPU
		{02B8373B-BAB5-415C-ACD1-F6FB26A504FF}.Debug|Any CPU.Build.0 = Debug|Any CPU
		{02B8373B-BAB5-415C-ACD1-F6FB26A504FF}.Debug|x64.ActiveCfg = Debug|Any CPU
		{02B8373B-BAB5-415C-ACD1-F6FB26A504FF}.Debug|x64.Build.0 = Debug|Any CPU
		{02B8373B-BAB5-415C-ACD1-F6FB26A504FF}.Debug|x86.ActiveCfg = Debug|Any CPU
		{02B8373B-BAB5-415C-ACD1-F6FB26A504FF}.Debug|x86.Build.0 = Debug|Any CPU
		{02B8373B-BAB5-415C-ACD1-F6FB26A504FF}.Release|Any CPU.ActiveCfg = Release|Any CPU
		{02B8373B-BAB5-415C-ACD1-F6FB26A504FF}.Release|Any CPU.Build.0 = Release|Any CPU
		{02B8373B-BAB5-415C-ACD1-F6FB26A504FF}.Release|x64.ActiveCfg = Release|Any CPU
		{02B8373B-BAB5-415C-ACD1-F6FB26A504FF}.Release|x64.Build.0 = Release|Any CPU
		{02B8373B-BAB5-415C-ACD1-F6FB26A504FF}.Release|x86.ActiveCfg = Release|Any CPU
		{02B8373B-BAB5-415C-ACD1-F6FB26A504FF}.Release|x86.Build.0 = Release|Any CPU
		{4DB86855-EA5D-4DC3-91AA-A2A3849538AD}.Debug|Any CPU.ActiveCfg = Debug|Any CPU
		{4DB86855-EA5D-4DC3-91AA-A2A3849538AD}.Debug|Any CPU.Build.0 = Debug|Any CPU
		{4DB86855-EA5D-4DC3-91AA-A2A3849538AD}.Debug|x64.ActiveCfg = Debug|Any CPU
		{4DB86855-EA5D-4DC3-91AA-A2A3849538AD}.Debug|x64.Build.0 = Debug|Any CPU
		{4DB86855-EA5D-4DC3-91AA-A2A3849538AD}.Debug|x86.ActiveCfg = Debug|Any CPU
		{4DB86855-EA5D-4DC3-91AA-A2A3849538AD}.Debug|x86.Build.0 = Debug|Any CPU
		{4DB86855-EA5D-4DC3-91AA-A2A3849538AD}.Release|Any CPU.ActiveCfg = Release|Any CPU
		{4DB86855-EA5D-4DC3-91AA-A2A3849538AD}.Release|Any CPU.Build.0 = Release|Any CPU
		{4DB86855-EA5D-4DC3-91AA-A2A3849538AD}.Release|x64.ActiveCfg = Release|Any CPU
		{4DB86855-EA5D-4DC3-91AA-A2A3849538AD}.Release|x64.Build.0 = Release|Any CPU
		{4DB86855-EA5D-4DC3-91AA-A2A3849538AD}.Release|x86.ActiveCfg = Release|Any CPU
		{4DB86855-EA5D-4DC3-91AA-A2A3849538AD}.Release|x86.Build.0 = Release|Any CPU
		{CF14DE97-4F79-4CF8-8BA2-E19A4493D9FE}.Debug|Any CPU.ActiveCfg = Debug|Any CPU
		{CF14DE97-4F79-4CF8-8BA2-E19A4493D9FE}.Debug|Any CPU.Build.0 = Debug|Any CPU
		{CF14DE97-4F79-4CF8-8BA2-E19A4493D9FE}.Debug|x64.ActiveCfg = Debug|Any CPU
		{CF14DE97-4F79-4CF8-8BA2-E19A4493D9FE}.Debug|x64.Build.0 = Debug|Any CPU
		{CF14DE97-4F79-4CF8-8BA2-E19A4493D9FE}.Debug|x86.ActiveCfg = Debug|Any CPU
		{CF14DE97-4F79-4CF8-8BA2-E19A4493D9FE}.Debug|x86.Build.0 = Debug|Any CPU
		{CF14DE97-4F79-4CF8-8BA2-E19A4493D9FE}.Release|Any CPU.ActiveCfg = Release|Any CPU
		{CF14DE97-4F79-4CF8-8BA2-E19A4493D9FE}.Release|Any CPU.Build.0 = Release|Any CPU
		{CF14DE97-4F79-4CF8-8BA2-E19A4493D9FE}.Release|x64.ActiveCfg = Release|Any CPU
		{CF14DE97-4F79-4CF8-8BA2-E19A4493D9FE}.Release|x64.Build.0 = Release|Any CPU
		{CF14DE97-4F79-4CF8-8BA2-E19A4493D9FE}.Release|x86.ActiveCfg = Release|Any CPU
		{CF14DE97-4F79-4CF8-8BA2-E19A4493D9FE}.Release|x86.Build.0 = Release|Any CPU
		{D6A0B0E2-CB87-47F7-BFD1-F9921462E86C}.Debug|Any CPU.ActiveCfg = Debug|Any CPU
		{D6A0B0E2-CB87-47F7-BFD1-F9921462E86C}.Debug|Any CPU.Build.0 = Debug|Any CPU
		{D6A0B0E2-CB87-47F7-BFD1-F9921462E86C}.Debug|x64.ActiveCfg = Debug|Any CPU
		{D6A0B0E2-CB87-47F7-BFD1-F9921462E86C}.Debug|x64.Build.0 = Debug|Any CPU
		{D6A0B0E2-CB87-47F7-BFD1-F9921462E86C}.Debug|x86.ActiveCfg = Debug|Any CPU
		{D6A0B0E2-CB87-47F7-BFD1-F9921462E86C}.Debug|x86.Build.0 = Debug|Any CPU
		{D6A0B0E2-CB87-47F7-BFD1-F9921462E86C}.Release|Any CPU.ActiveCfg = Release|Any CPU
		{D6A0B0E2-CB87-47F7-BFD1-F9921462E86C}.Release|Any CPU.Build.0 = Release|Any CPU
		{D6A0B0E2-CB87-47F7-BFD1-F9921462E86C}.Release|x64.ActiveCfg = Release|Any CPU
		{D6A0B0E2-CB87-47F7-BFD1-F9921462E86C}.Release|x64.Build.0 = Release|Any CPU
		{D6A0B0E2-CB87-47F7-BFD1-F9921462E86C}.Release|x86.ActiveCfg = Release|Any CPU
		{D6A0B0E2-CB87-47F7-BFD1-F9921462E86C}.Release|x86.Build.0 = Release|Any CPU
		{A9C21959-CF3A-4CFA-B94E-5B1D02506CA2}.Debug|Any CPU.ActiveCfg = Debug|Any CPU
		{A9C21959-CF3A-4CFA-B94E-5B1D02506CA2}.Debug|Any CPU.Build.0 = Debug|Any CPU
		{A9C21959-CF3A-4CFA-B94E-5B1D02506CA2}.Debug|x64.ActiveCfg = Debug|Any CPU
		{A9C21959-CF3A-4CFA-B94E-5B1D02506CA2}.Debug|x64.Build.0 = Debug|Any CPU
		{A9C21959-CF3A-4CFA-B94E-5B1D02506CA2}.Debug|x86.ActiveCfg = Debug|Any CPU
		{A9C21959-CF3A-4CFA-B94E-5B1D02506CA2}.Debug|x86.Build.0 = Debug|Any CPU
		{A9C21959-CF3A-4CFA-B94E-5B1D02506CA2}.Release|Any CPU.ActiveCfg = Release|Any CPU
		{A9C21959-CF3A-4CFA-B94E-5B1D02506CA2}.Release|Any CPU.Build.0 = Release|Any CPU
		{A9C21959-CF3A-4CFA-B94E-5B1D02506CA2}.Release|x64.ActiveCfg = Release|Any CPU
		{A9C21959-CF3A-4CFA-B94E-5B1D02506CA2}.Release|x64.Build.0 = Release|Any CPU
		{A9C21959-CF3A-4CFA-B94E-5B1D02506CA2}.Release|x86.ActiveCfg = Release|Any CPU
		{A9C21959-CF3A-4CFA-B94E-5B1D02506CA2}.Release|x86.Build.0 = Release|Any CPU
		{7D8EF8F4-DF2B-4029-8BFC-B07EF34B8419}.Debug|Any CPU.ActiveCfg = Debug|Any CPU
		{7D8EF8F4-DF2B-4029-8BFC-B07EF34B8419}.Debug|Any CPU.Build.0 = Debug|Any CPU
		{7D8EF8F4-DF2B-4029-8BFC-B07EF34B8419}.Debug|x64.ActiveCfg = Debug|Any CPU
		{7D8EF8F4-DF2B-4029-8BFC-B07EF34B8419}.Debug|x64.Build.0 = Debug|Any CPU
		{7D8EF8F4-DF2B-4029-8BFC-B07EF34B8419}.Debug|x86.ActiveCfg = Debug|Any CPU
		{7D8EF8F4-DF2B-4029-8BFC-B07EF34B8419}.Debug|x86.Build.0 = Debug|Any CPU
		{7D8EF8F4-DF2B-4029-8BFC-B07EF34B8419}.Release|Any CPU.ActiveCfg = Release|Any CPU
		{7D8EF8F4-DF2B-4029-8BFC-B07EF34B8419}.Release|Any CPU.Build.0 = Release|Any CPU
		{7D8EF8F4-DF2B-4029-8BFC-B07EF34B8419}.Release|x64.ActiveCfg = Release|Any CPU
		{7D8EF8F4-DF2B-4029-8BFC-B07EF34B8419}.Release|x64.Build.0 = Release|Any CPU
		{7D8EF8F4-DF2B-4029-8BFC-B07EF34B8419}.Release|x86.ActiveCfg = Release|Any CPU
		{7D8EF8F4-DF2B-4029-8BFC-B07EF34B8419}.Release|x86.Build.0 = Release|Any CPU
		{A9792FD9-BC84-4BA0-AF4F-495266DF7E55}.Debug|Any CPU.ActiveCfg = Debug|Any CPU
		{A9792FD9-BC84-4BA0-AF4F-495266DF7E55}.Debug|Any CPU.Build.0 = Debug|Any CPU
		{A9792FD9-BC84-4BA0-AF4F-495266DF7E55}.Debug|x64.ActiveCfg = Debug|Any CPU
		{A9792FD9-BC84-4BA0-AF4F-495266DF7E55}.Debug|x64.Build.0 = Debug|Any CPU
		{A9792FD9-BC84-4BA0-AF4F-495266DF7E55}.Debug|x86.ActiveCfg = Debug|Any CPU
		{A9792FD9-BC84-4BA0-AF4F-495266DF7E55}.Debug|x86.Build.0 = Debug|Any CPU
		{A9792FD9-BC84-4BA0-AF4F-495266DF7E55}.Release|Any CPU.ActiveCfg = Release|Any CPU
		{A9792FD9-BC84-4BA0-AF4F-495266DF7E55}.Release|Any CPU.Build.0 = Release|Any CPU
		{A9792FD9-BC84-4BA0-AF4F-495266DF7E55}.Release|x64.ActiveCfg = Release|Any CPU
		{A9792FD9-BC84-4BA0-AF4F-495266DF7E55}.Release|x64.Build.0 = Release|Any CPU
		{A9792FD9-BC84-4BA0-AF4F-495266DF7E55}.Release|x86.ActiveCfg = Release|Any CPU
		{A9792FD9-BC84-4BA0-AF4F-495266DF7E55}.Release|x86.Build.0 = Release|Any CPU
		{1CAC6FCF-6EA0-4E17-8D62-C7BDA736C95A}.Debug|Any CPU.ActiveCfg = Debug|Any CPU
		{1CAC6FCF-6EA0-4E17-8D62-C7BDA736C95A}.Debug|Any CPU.Build.0 = Debug|Any CPU
		{1CAC6FCF-6EA0-4E17-8D62-C7BDA736C95A}.Debug|x64.ActiveCfg = Debug|Any CPU
		{1CAC6FCF-6EA0-4E17-8D62-C7BDA736C95A}.Debug|x64.Build.0 = Debug|Any CPU
		{1CAC6FCF-6EA0-4E17-8D62-C7BDA736C95A}.Debug|x86.ActiveCfg = Debug|Any CPU
		{1CAC6FCF-6EA0-4E17-8D62-C7BDA736C95A}.Debug|x86.Build.0 = Debug|Any CPU
		{1CAC6FCF-6EA0-4E17-8D62-C7BDA736C95A}.Release|Any CPU.ActiveCfg = Release|Any CPU
		{1CAC6FCF-6EA0-4E17-8D62-C7BDA736C95A}.Release|Any CPU.Build.0 = Release|Any CPU
		{1CAC6FCF-6EA0-4E17-8D62-C7BDA736C95A}.Release|x64.ActiveCfg = Release|Any CPU
		{1CAC6FCF-6EA0-4E17-8D62-C7BDA736C95A}.Release|x64.Build.0 = Release|Any CPU
		{1CAC6FCF-6EA0-4E17-8D62-C7BDA736C95A}.Release|x86.ActiveCfg = Release|Any CPU
		{1CAC6FCF-6EA0-4E17-8D62-C7BDA736C95A}.Release|x86.Build.0 = Release|Any CPU
		{7BCB1F4B-BF53-46EC-98B8-84D3A33128B1}.Debug|Any CPU.ActiveCfg = Debug|Any CPU
		{7BCB1F4B-BF53-46EC-98B8-84D3A33128B1}.Debug|Any CPU.Build.0 = Debug|Any CPU
		{7BCB1F4B-BF53-46EC-98B8-84D3A33128B1}.Debug|x64.ActiveCfg = Debug|Any CPU
		{7BCB1F4B-BF53-46EC-98B8-84D3A33128B1}.Debug|x64.Build.0 = Debug|Any CPU
		{7BCB1F4B-BF53-46EC-98B8-84D3A33128B1}.Debug|x86.ActiveCfg = Debug|Any CPU
		{7BCB1F4B-BF53-46EC-98B8-84D3A33128B1}.Debug|x86.Build.0 = Debug|Any CPU
		{7BCB1F4B-BF53-46EC-98B8-84D3A33128B1}.Release|Any CPU.ActiveCfg = Release|Any CPU
		{7BCB1F4B-BF53-46EC-98B8-84D3A33128B1}.Release|Any CPU.Build.0 = Release|Any CPU
		{7BCB1F4B-BF53-46EC-98B8-84D3A33128B1}.Release|x64.ActiveCfg = Release|Any CPU
		{7BCB1F4B-BF53-46EC-98B8-84D3A33128B1}.Release|x64.Build.0 = Release|Any CPU
		{7BCB1F4B-BF53-46EC-98B8-84D3A33128B1}.Release|x86.ActiveCfg = Release|Any CPU
		{7BCB1F4B-BF53-46EC-98B8-84D3A33128B1}.Release|x86.Build.0 = Release|Any CPU
		{7AF9995C-145C-4D64-98FB-3A91B7D58D2F}.Debug|Any CPU.ActiveCfg = Debug|Any CPU
		{7AF9995C-145C-4D64-98FB-3A91B7D58D2F}.Debug|Any CPU.Build.0 = Debug|Any CPU
		{7AF9995C-145C-4D64-98FB-3A91B7D58D2F}.Debug|x64.ActiveCfg = Debug|Any CPU
		{7AF9995C-145C-4D64-98FB-3A91B7D58D2F}.Debug|x64.Build.0 = Debug|Any CPU
		{7AF9995C-145C-4D64-98FB-3A91B7D58D2F}.Debug|x86.ActiveCfg = Debug|Any CPU
		{7AF9995C-145C-4D64-98FB-3A91B7D58D2F}.Debug|x86.Build.0 = Debug|Any CPU
		{7AF9995C-145C-4D64-98FB-3A91B7D58D2F}.Release|Any CPU.ActiveCfg = Release|Any CPU
		{7AF9995C-145C-4D64-98FB-3A91B7D58D2F}.Release|Any CPU.Build.0 = Release|Any CPU
		{7AF9995C-145C-4D64-98FB-3A91B7D58D2F}.Release|x64.ActiveCfg = Release|Any CPU
		{7AF9995C-145C-4D64-98FB-3A91B7D58D2F}.Release|x64.Build.0 = Release|Any CPU
		{7AF9995C-145C-4D64-98FB-3A91B7D58D2F}.Release|x86.ActiveCfg = Release|Any CPU
		{7AF9995C-145C-4D64-98FB-3A91B7D58D2F}.Release|x86.Build.0 = Release|Any CPU
		{334FACF5-87C7-47FE-A01C-A26AB11DB789}.Debug|Any CPU.ActiveCfg = Debug|Any CPU
		{334FACF5-87C7-47FE-A01C-A26AB11DB789}.Debug|Any CPU.Build.0 = Debug|Any CPU
		{334FACF5-87C7-47FE-A01C-A26AB11DB789}.Debug|x64.ActiveCfg = Debug|Any CPU
		{334FACF5-87C7-47FE-A01C-A26AB11DB789}.Debug|x64.Build.0 = Debug|Any CPU
		{334FACF5-87C7-47FE-A01C-A26AB11DB789}.Debug|x86.ActiveCfg = Debug|Any CPU
		{334FACF5-87C7-47FE-A01C-A26AB11DB789}.Debug|x86.Build.0 = Debug|Any CPU
		{334FACF5-87C7-47FE-A01C-A26AB11DB789}.Release|Any CPU.ActiveCfg = Release|Any CPU
		{334FACF5-87C7-47FE-A01C-A26AB11DB789}.Release|Any CPU.Build.0 = Release|Any CPU
		{334FACF5-87C7-47FE-A01C-A26AB11DB789}.Release|x64.ActiveCfg = Release|Any CPU
		{334FACF5-87C7-47FE-A01C-A26AB11DB789}.Release|x64.Build.0 = Release|Any CPU
		{334FACF5-87C7-47FE-A01C-A26AB11DB789}.Release|x86.ActiveCfg = Release|Any CPU
		{334FACF5-87C7-47FE-A01C-A26AB11DB789}.Release|x86.Build.0 = Release|Any CPU
		{A242CBF5-B8D2-4F48-B652-021AD5B545D9}.Debug|Any CPU.ActiveCfg = Debug|Any CPU
		{A242CBF5-B8D2-4F48-B652-021AD5B545D9}.Debug|Any CPU.Build.0 = Debug|Any CPU
		{A242CBF5-B8D2-4F48-B652-021AD5B545D9}.Debug|x64.ActiveCfg = Debug|Any CPU
		{A242CBF5-B8D2-4F48-B652-021AD5B545D9}.Debug|x64.Build.0 = Debug|Any CPU
		{A242CBF5-B8D2-4F48-B652-021AD5B545D9}.Debug|x86.ActiveCfg = Debug|Any CPU
		{A242CBF5-B8D2-4F48-B652-021AD5B545D9}.Debug|x86.Build.0 = Debug|Any CPU
		{A242CBF5-B8D2-4F48-B652-021AD5B545D9}.Release|Any CPU.ActiveCfg = Release|Any CPU
		{A242CBF5-B8D2-4F48-B652-021AD5B545D9}.Release|Any CPU.Build.0 = Release|Any CPU
		{A242CBF5-B8D2-4F48-B652-021AD5B545D9}.Release|x64.ActiveCfg = Release|Any CPU
		{A242CBF5-B8D2-4F48-B652-021AD5B545D9}.Release|x64.Build.0 = Release|Any CPU
		{A242CBF5-B8D2-4F48-B652-021AD5B545D9}.Release|x86.ActiveCfg = Release|Any CPU
		{A242CBF5-B8D2-4F48-B652-021AD5B545D9}.Release|x86.Build.0 = Release|Any CPU
		{31FE4C1D-F09A-4D08-8547-0E6CB512A72B}.Debug|Any CPU.ActiveCfg = Debug|Any CPU
		{31FE4C1D-F09A-4D08-8547-0E6CB512A72B}.Debug|Any CPU.Build.0 = Debug|Any CPU
		{31FE4C1D-F09A-4D08-8547-0E6CB512A72B}.Debug|x64.ActiveCfg = Debug|Any CPU
		{31FE4C1D-F09A-4D08-8547-0E6CB512A72B}.Debug|x64.Build.0 = Debug|Any CPU
		{31FE4C1D-F09A-4D08-8547-0E6CB512A72B}.Debug|x86.ActiveCfg = Debug|Any CPU
		{31FE4C1D-F09A-4D08-8547-0E6CB512A72B}.Debug|x86.Build.0 = Debug|Any CPU
		{31FE4C1D-F09A-4D08-8547-0E6CB512A72B}.Release|Any CPU.ActiveCfg = Release|Any CPU
		{31FE4C1D-F09A-4D08-8547-0E6CB512A72B}.Release|Any CPU.Build.0 = Release|Any CPU
		{31FE4C1D-F09A-4D08-8547-0E6CB512A72B}.Release|x64.ActiveCfg = Release|Any CPU
		{31FE4C1D-F09A-4D08-8547-0E6CB512A72B}.Release|x64.Build.0 = Release|Any CPU
		{31FE4C1D-F09A-4D08-8547-0E6CB512A72B}.Release|x86.ActiveCfg = Release|Any CPU
		{31FE4C1D-F09A-4D08-8547-0E6CB512A72B}.Release|x86.Build.0 = Release|Any CPU
		{BC5BEA3F-A949-4EAD-9C47-C5C9EDF2C8FD}.Debug|Any CPU.ActiveCfg = Debug|Any CPU
		{BC5BEA3F-A949-4EAD-9C47-C5C9EDF2C8FD}.Debug|Any CPU.Build.0 = Debug|Any CPU
		{BC5BEA3F-A949-4EAD-9C47-C5C9EDF2C8FD}.Debug|x64.ActiveCfg = Debug|Any CPU
		{BC5BEA3F-A949-4EAD-9C47-C5C9EDF2C8FD}.Debug|x64.Build.0 = Debug|Any CPU
		{BC5BEA3F-A949-4EAD-9C47-C5C9EDF2C8FD}.Debug|x86.ActiveCfg = Debug|Any CPU
		{BC5BEA3F-A949-4EAD-9C47-C5C9EDF2C8FD}.Debug|x86.Build.0 = Debug|Any CPU
		{BC5BEA3F-A949-4EAD-9C47-C5C9EDF2C8FD}.Release|Any CPU.ActiveCfg = Release|Any CPU
		{BC5BEA3F-A949-4EAD-9C47-C5C9EDF2C8FD}.Release|Any CPU.Build.0 = Release|Any CPU
		{BC5BEA3F-A949-4EAD-9C47-C5C9EDF2C8FD}.Release|x64.ActiveCfg = Release|Any CPU
		{BC5BEA3F-A949-4EAD-9C47-C5C9EDF2C8FD}.Release|x64.Build.0 = Release|Any CPU
		{BC5BEA3F-A949-4EAD-9C47-C5C9EDF2C8FD}.Release|x86.ActiveCfg = Release|Any CPU
		{BC5BEA3F-A949-4EAD-9C47-C5C9EDF2C8FD}.Release|x86.Build.0 = Release|Any CPU
		{79FDCC99-17FB-4B4E-98E7-CCEAD38EFF68}.Debug|Any CPU.ActiveCfg = Debug|Any CPU
		{79FDCC99-17FB-4B4E-98E7-CCEAD38EFF68}.Debug|Any CPU.Build.0 = Debug|Any CPU
		{79FDCC99-17FB-4B4E-98E7-CCEAD38EFF68}.Debug|x64.ActiveCfg = Debug|Any CPU
		{79FDCC99-17FB-4B4E-98E7-CCEAD38EFF68}.Debug|x64.Build.0 = Debug|Any CPU
		{79FDCC99-17FB-4B4E-98E7-CCEAD38EFF68}.Debug|x86.ActiveCfg = Debug|Any CPU
		{79FDCC99-17FB-4B4E-98E7-CCEAD38EFF68}.Debug|x86.Build.0 = Debug|Any CPU
		{79FDCC99-17FB-4B4E-98E7-CCEAD38EFF68}.Release|Any CPU.ActiveCfg = Release|Any CPU
		{79FDCC99-17FB-4B4E-98E7-CCEAD38EFF68}.Release|Any CPU.Build.0 = Release|Any CPU
		{79FDCC99-17FB-4B4E-98E7-CCEAD38EFF68}.Release|x64.ActiveCfg = Release|Any CPU
		{79FDCC99-17FB-4B4E-98E7-CCEAD38EFF68}.Release|x64.Build.0 = Release|Any CPU
		{79FDCC99-17FB-4B4E-98E7-CCEAD38EFF68}.Release|x86.ActiveCfg = Release|Any CPU
		{79FDCC99-17FB-4B4E-98E7-CCEAD38EFF68}.Release|x86.Build.0 = Release|Any CPU
		{4ACE2FDC-E51B-4117-9A93-1239065A2F56}.Debug|Any CPU.ActiveCfg = Debug|Any CPU
		{4ACE2FDC-E51B-4117-9A93-1239065A2F56}.Debug|Any CPU.Build.0 = Debug|Any CPU
		{4ACE2FDC-E51B-4117-9A93-1239065A2F56}.Debug|x64.ActiveCfg = Debug|Any CPU
		{4ACE2FDC-E51B-4117-9A93-1239065A2F56}.Debug|x64.Build.0 = Debug|Any CPU
		{4ACE2FDC-E51B-4117-9A93-1239065A2F56}.Debug|x86.ActiveCfg = Debug|Any CPU
		{4ACE2FDC-E51B-4117-9A93-1239065A2F56}.Debug|x86.Build.0 = Debug|Any CPU
		{4ACE2FDC-E51B-4117-9A93-1239065A2F56}.Release|Any CPU.ActiveCfg = Release|Any CPU
		{4ACE2FDC-E51B-4117-9A93-1239065A2F56}.Release|Any CPU.Build.0 = Release|Any CPU
		{4ACE2FDC-E51B-4117-9A93-1239065A2F56}.Release|x64.ActiveCfg = Release|Any CPU
		{4ACE2FDC-E51B-4117-9A93-1239065A2F56}.Release|x64.Build.0 = Release|Any CPU
		{4ACE2FDC-E51B-4117-9A93-1239065A2F56}.Release|x86.ActiveCfg = Release|Any CPU
		{4ACE2FDC-E51B-4117-9A93-1239065A2F56}.Release|x86.Build.0 = Release|Any CPU
		{1C37C989-F7E8-4F3E-98E0-19505BA00BBE}.Debug|Any CPU.ActiveCfg = Debug|Any CPU
		{1C37C989-F7E8-4F3E-98E0-19505BA00BBE}.Debug|Any CPU.Build.0 = Debug|Any CPU
		{1C37C989-F7E8-4F3E-98E0-19505BA00BBE}.Debug|x64.ActiveCfg = Debug|Any CPU
		{1C37C989-F7E8-4F3E-98E0-19505BA00BBE}.Debug|x64.Build.0 = Debug|Any CPU
		{1C37C989-F7E8-4F3E-98E0-19505BA00BBE}.Debug|x86.ActiveCfg = Debug|Any CPU
		{1C37C989-F7E8-4F3E-98E0-19505BA00BBE}.Debug|x86.Build.0 = Debug|Any CPU
		{1C37C989-F7E8-4F3E-98E0-19505BA00BBE}.Release|Any CPU.ActiveCfg = Release|Any CPU
		{1C37C989-F7E8-4F3E-98E0-19505BA00BBE}.Release|Any CPU.Build.0 = Release|Any CPU
		{1C37C989-F7E8-4F3E-98E0-19505BA00BBE}.Release|x64.ActiveCfg = Release|Any CPU
		{1C37C989-F7E8-4F3E-98E0-19505BA00BBE}.Release|x64.Build.0 = Release|Any CPU
		{1C37C989-F7E8-4F3E-98E0-19505BA00BBE}.Release|x86.ActiveCfg = Release|Any CPU
		{1C37C989-F7E8-4F3E-98E0-19505BA00BBE}.Release|x86.Build.0 = Release|Any CPU
		{223324BD-450C-4F3D-93EB-4561CBDC4BD3}.Debug|Any CPU.ActiveCfg = Debug|Any CPU
		{223324BD-450C-4F3D-93EB-4561CBDC4BD3}.Debug|Any CPU.Build.0 = Debug|Any CPU
		{223324BD-450C-4F3D-93EB-4561CBDC4BD3}.Debug|x64.ActiveCfg = Debug|Any CPU
		{223324BD-450C-4F3D-93EB-4561CBDC4BD3}.Debug|x64.Build.0 = Debug|Any CPU
		{223324BD-450C-4F3D-93EB-4561CBDC4BD3}.Debug|x86.ActiveCfg = Debug|Any CPU
		{223324BD-450C-4F3D-93EB-4561CBDC4BD3}.Debug|x86.Build.0 = Debug|Any CPU
		{223324BD-450C-4F3D-93EB-4561CBDC4BD3}.Release|Any CPU.ActiveCfg = Release|Any CPU
		{223324BD-450C-4F3D-93EB-4561CBDC4BD3}.Release|Any CPU.Build.0 = Release|Any CPU
		{223324BD-450C-4F3D-93EB-4561CBDC4BD3}.Release|x64.ActiveCfg = Release|Any CPU
		{223324BD-450C-4F3D-93EB-4561CBDC4BD3}.Release|x64.Build.0 = Release|Any CPU
		{223324BD-450C-4F3D-93EB-4561CBDC4BD3}.Release|x86.ActiveCfg = Release|Any CPU
		{223324BD-450C-4F3D-93EB-4561CBDC4BD3}.Release|x86.Build.0 = Release|Any CPU
		{250C5C5E-93CA-46A8-AFA7-49B82107D88C}.Debug|Any CPU.ActiveCfg = Debug|Any CPU
		{250C5C5E-93CA-46A8-AFA7-49B82107D88C}.Debug|Any CPU.Build.0 = Debug|Any CPU
		{250C5C5E-93CA-46A8-AFA7-49B82107D88C}.Debug|x64.ActiveCfg = Debug|Any CPU
		{250C5C5E-93CA-46A8-AFA7-49B82107D88C}.Debug|x64.Build.0 = Debug|Any CPU
		{250C5C5E-93CA-46A8-AFA7-49B82107D88C}.Debug|x86.ActiveCfg = Debug|Any CPU
		{250C5C5E-93CA-46A8-AFA7-49B82107D88C}.Debug|x86.Build.0 = Debug|Any CPU
		{250C5C5E-93CA-46A8-AFA7-49B82107D88C}.Release|Any CPU.ActiveCfg = Release|Any CPU
		{250C5C5E-93CA-46A8-AFA7-49B82107D88C}.Release|Any CPU.Build.0 = Release|Any CPU
		{250C5C5E-93CA-46A8-AFA7-49B82107D88C}.Release|x64.ActiveCfg = Release|Any CPU
		{250C5C5E-93CA-46A8-AFA7-49B82107D88C}.Release|x64.Build.0 = Release|Any CPU
		{250C5C5E-93CA-46A8-AFA7-49B82107D88C}.Release|x86.ActiveCfg = Release|Any CPU
		{250C5C5E-93CA-46A8-AFA7-49B82107D88C}.Release|x86.Build.0 = Release|Any CPU
		{79837880-54B9-4F79-921B-9BD11B9063C2}.Debug|Any CPU.ActiveCfg = Debug|Any CPU
		{79837880-54B9-4F79-921B-9BD11B9063C2}.Debug|Any CPU.Build.0 = Debug|Any CPU
		{79837880-54B9-4F79-921B-9BD11B9063C2}.Debug|x64.ActiveCfg = Debug|Any CPU
		{79837880-54B9-4F79-921B-9BD11B9063C2}.Debug|x64.Build.0 = Debug|Any CPU
		{79837880-54B9-4F79-921B-9BD11B9063C2}.Debug|x86.ActiveCfg = Debug|Any CPU
		{79837880-54B9-4F79-921B-9BD11B9063C2}.Debug|x86.Build.0 = Debug|Any CPU
		{79837880-54B9-4F79-921B-9BD11B9063C2}.Release|Any CPU.ActiveCfg = Release|Any CPU
		{79837880-54B9-4F79-921B-9BD11B9063C2}.Release|Any CPU.Build.0 = Release|Any CPU
		{79837880-54B9-4F79-921B-9BD11B9063C2}.Release|x64.ActiveCfg = Release|Any CPU
		{79837880-54B9-4F79-921B-9BD11B9063C2}.Release|x64.Build.0 = Release|Any CPU
		{79837880-54B9-4F79-921B-9BD11B9063C2}.Release|x86.ActiveCfg = Release|Any CPU
		{79837880-54B9-4F79-921B-9BD11B9063C2}.Release|x86.Build.0 = Release|Any CPU
		{1F6EC643-4D8F-43D7-9157-B17AC88E69CF}.Debug|Any CPU.ActiveCfg = Debug|Any CPU
		{1F6EC643-4D8F-43D7-9157-B17AC88E69CF}.Debug|Any CPU.Build.0 = Debug|Any CPU
		{1F6EC643-4D8F-43D7-9157-B17AC88E69CF}.Debug|x64.ActiveCfg = Debug|Any CPU
		{1F6EC643-4D8F-43D7-9157-B17AC88E69CF}.Debug|x64.Build.0 = Debug|Any CPU
		{1F6EC643-4D8F-43D7-9157-B17AC88E69CF}.Debug|x86.ActiveCfg = Debug|Any CPU
		{1F6EC643-4D8F-43D7-9157-B17AC88E69CF}.Debug|x86.Build.0 = Debug|Any CPU
		{1F6EC643-4D8F-43D7-9157-B17AC88E69CF}.Release|Any CPU.ActiveCfg = Release|Any CPU
		{1F6EC643-4D8F-43D7-9157-B17AC88E69CF}.Release|Any CPU.Build.0 = Release|Any CPU
		{1F6EC643-4D8F-43D7-9157-B17AC88E69CF}.Release|x64.ActiveCfg = Release|Any CPU
		{1F6EC643-4D8F-43D7-9157-B17AC88E69CF}.Release|x64.Build.0 = Release|Any CPU
		{1F6EC643-4D8F-43D7-9157-B17AC88E69CF}.Release|x86.ActiveCfg = Release|Any CPU
		{1F6EC643-4D8F-43D7-9157-B17AC88E69CF}.Release|x86.Build.0 = Release|Any CPU
		{71325D89-796F-401E-BBE2-DD7820102A34}.Debug|Any CPU.ActiveCfg = Debug|Any CPU
		{71325D89-796F-401E-BBE2-DD7820102A34}.Debug|Any CPU.Build.0 = Debug|Any CPU
		{71325D89-796F-401E-BBE2-DD7820102A34}.Debug|x64.ActiveCfg = Debug|Any CPU
		{71325D89-796F-401E-BBE2-DD7820102A34}.Debug|x64.Build.0 = Debug|Any CPU
		{71325D89-796F-401E-BBE2-DD7820102A34}.Debug|x86.ActiveCfg = Debug|Any CPU
		{71325D89-796F-401E-BBE2-DD7820102A34}.Debug|x86.Build.0 = Debug|Any CPU
		{71325D89-796F-401E-BBE2-DD7820102A34}.Release|Any CPU.ActiveCfg = Release|Any CPU
		{71325D89-796F-401E-BBE2-DD7820102A34}.Release|Any CPU.Build.0 = Release|Any CPU
		{71325D89-796F-401E-BBE2-DD7820102A34}.Release|x64.ActiveCfg = Release|Any CPU
		{71325D89-796F-401E-BBE2-DD7820102A34}.Release|x64.Build.0 = Release|Any CPU
		{71325D89-796F-401E-BBE2-DD7820102A34}.Release|x86.ActiveCfg = Release|Any CPU
		{71325D89-796F-401E-BBE2-DD7820102A34}.Release|x86.Build.0 = Release|Any CPU
		{73C05901-B1B2-4286-8A36-B8AE9E332E1E}.Debug|Any CPU.ActiveCfg = Debug|Any CPU
		{73C05901-B1B2-4286-8A36-B8AE9E332E1E}.Debug|Any CPU.Build.0 = Debug|Any CPU
		{73C05901-B1B2-4286-8A36-B8AE9E332E1E}.Debug|x64.ActiveCfg = Debug|Any CPU
		{73C05901-B1B2-4286-8A36-B8AE9E332E1E}.Debug|x64.Build.0 = Debug|Any CPU
		{73C05901-B1B2-4286-8A36-B8AE9E332E1E}.Debug|x86.ActiveCfg = Debug|Any CPU
		{73C05901-B1B2-4286-8A36-B8AE9E332E1E}.Debug|x86.Build.0 = Debug|Any CPU
		{73C05901-B1B2-4286-8A36-B8AE9E332E1E}.Release|Any CPU.ActiveCfg = Release|Any CPU
		{73C05901-B1B2-4286-8A36-B8AE9E332E1E}.Release|Any CPU.Build.0 = Release|Any CPU
		{73C05901-B1B2-4286-8A36-B8AE9E332E1E}.Release|x64.ActiveCfg = Release|Any CPU
		{73C05901-B1B2-4286-8A36-B8AE9E332E1E}.Release|x64.Build.0 = Release|Any CPU
		{73C05901-B1B2-4286-8A36-B8AE9E332E1E}.Release|x86.ActiveCfg = Release|Any CPU
		{73C05901-B1B2-4286-8A36-B8AE9E332E1E}.Release|x86.Build.0 = Release|Any CPU
		{76741C38-200D-4E92-8839-FE832DE3D72B}.Debug|Any CPU.ActiveCfg = Debug|Any CPU
		{76741C38-200D-4E92-8839-FE832DE3D72B}.Debug|Any CPU.Build.0 = Debug|Any CPU
		{76741C38-200D-4E92-8839-FE832DE3D72B}.Debug|x64.ActiveCfg = Debug|Any CPU
		{76741C38-200D-4E92-8839-FE832DE3D72B}.Debug|x64.Build.0 = Debug|Any CPU
		{76741C38-200D-4E92-8839-FE832DE3D72B}.Debug|x86.ActiveCfg = Debug|Any CPU
		{76741C38-200D-4E92-8839-FE832DE3D72B}.Debug|x86.Build.0 = Debug|Any CPU
		{76741C38-200D-4E92-8839-FE832DE3D72B}.Release|Any CPU.ActiveCfg = Release|Any CPU
		{76741C38-200D-4E92-8839-FE832DE3D72B}.Release|Any CPU.Build.0 = Release|Any CPU
		{76741C38-200D-4E92-8839-FE832DE3D72B}.Release|x64.ActiveCfg = Release|Any CPU
		{76741C38-200D-4E92-8839-FE832DE3D72B}.Release|x64.Build.0 = Release|Any CPU
		{76741C38-200D-4E92-8839-FE832DE3D72B}.Release|x86.ActiveCfg = Release|Any CPU
		{76741C38-200D-4E92-8839-FE832DE3D72B}.Release|x86.Build.0 = Release|Any CPU
	EndGlobalSection
	GlobalSection(SolutionProperties) = preSolution
		HideSolutionNode = FALSE
	EndGlobalSection
EndGlobal
