<Solution>
  <Configurations>
    <Platform Name="Any CPU" />
    <Platform Name="x64" />
    <Platform Name="x86" />
  </Configurations>
  <Project Path="AbstractIrConverters/AbstractIrConverters.csproj" />
  <Project Path="AbstractIrExtensions/AbstractIrExtensions.csproj" />
  <Project Path="ArithmeticModule/ArithmeticModule.csproj" />
  <Project Path="AssemblyFinder/AssemblyFinder.csproj" />
  <Project Path="BasicCilCompiler/BasicCilCompiler.csproj" />
  <Project Path="BasicCodeTranslator/BasicCodeTranslator.csproj" />
  <Project Path="BasicCore/BasicCore.csproj" />
  <Project Path="BasicInterpreter/BasicInterpreter.csproj" />
  <Project Path="BasicLexer/BasicLexer.csproj" />
  <Project Path="BasicParser/BasicParser.csproj" />
  <Project Path="BasicStdLib/BasicStdLib.csproj" />
  <Project Path="BasicTypesExtensions/BasicTypesExtensions.csproj" />
  <Project Path="BytecodeDynamicMethodsCompiler/BytecodeDynamicMethodsCompiler.csproj" />
  <Project Path="CommentsModule/CommentsModule.csproj" />
  <Project Path="CommonExceptions/CommonExceptions.csproj" />
  <Project Path="ConditionsModule/ConditionsModule.csproj" />
  <Project Path="CSharpInteropModule/CSharpInteropModule.csproj" />
  <Project Path="DotnetHelper/DotnetHelper.csproj" />
  <Project Path="DynamicMethodCalling/DynamicMethodCalling.csproj" />
  <Project Path="DynamicMethodWrapper/DynamicMethodWrapper.csproj" />
  <Project Path="EqualityModule/EqualityModule.csproj" />
  <Project Path="Example/Example.csproj" />
  <Project Path="ExceptionsManager/ExceptionsManager.csproj" />
  <Project Path="FunctionCallsModule/FunctionCallsModule.csproj" />
  <Project Path="GenericMath/GenericMath.csproj" />
  <Project Path="IdentifierModule/IdentifierModule.csproj" />
  <Project Path="IntermediateRepresentationAbstractions/IntermediateRepresentationAbstractions.csproj" />
  <Project Path="InternalPreprocessorLexemesModule/InternalPreprocessorLexemesModule.csproj" />
  <Project Path="LabelsModule/LabelsModule.csproj" />
  <Project Path="ListExtensions/ListExtensions.csproj" />
  <Project Path="LocalVariablesOptimizerModule/LocalVariablesOptimizerModule.csproj" />
  <Project Path="LoopsModule/LoopsModule.csproj" />
  <Project Path="NativeMathModule/NativeMathModule.csproj" />
  <Project Path="NumbersModule/NumbersModule.csproj" />
  <Project Path="ObjectExtensions/ObjectExtensions.csproj" />
  <Project Path="ParametersSetterModule/ParametersSetterModule.csproj" />
  <Project Path="ParserConfigurationModule/ParserConfigurationModule.csproj" />
  <Project Path="SafeMathFunctionsModule/SafeMathFunctionsModule.csproj" />
  <Project Path="ScopesModule/ScopesModule.csproj" />
  <Project Path="SemicolonAsNewLineModule/SemicolonAsNewLineModule.csproj" />
  <Project Path="SettableGettableModule/SettableGettableModule.csproj" />
  <Project Path="Tests/Tests.csproj" />
  <Project Path="UniversalIntermediateRepresentation/UniversalIntermediateRepresentation.csproj" />
  <Project Path="UniversalToolchain.Air.Analysis/UniversalToolchain.Air.Analysis.csproj" />
  <Project Path="UniversalToolchain.Capabilities.Abstractions/UniversalToolchain.Capabilities.Abstractions.csproj" />
  <Project Path="UniversalToolchain.Capabilities.Core/UniversalToolchain.Capabilities.Core.csproj" />
  <Project Path="UniversalToolchain.Diagnostics.Abstractions/UniversalToolchain.Diagnostics.Abstractions.csproj" />
  <Project Path="UniversalToolchain.Dialects.Abstractions/UniversalToolchain.Dialects.Abstractions.csproj" />
  <Project Path="UniversalToolchain.Dialects.Core/UniversalToolchain.Dialects.Core.csproj" />
  <Project Path="UniversalToolchain.Dialects.Frontend/UniversalToolchain.Dialects.Frontend.csproj" />
  <Project Path="UniversalToolchain.Dialects.Integration/UniversalToolchain.Dialects.Integration.csproj" />
  <Project Path="UniversalToolchain.Dialects.ManifestEmitter/UniversalToolchain.Dialects.ManifestEmitter.csproj" />
  <Project Path="UniversalToolchain.Dialects.Parsing/UniversalToolchain.Dialects.Parsing.csproj" />
  <Project Path="UniversalToolchain.Dialects.Tests/UniversalToolchain.Dialects.Tests.csproj" />
  <Project Path="UniversalToolchain.Dialects.Wist/UniversalToolchain.Dialects.Wist.csproj" />
  <Project Path="UniversalToolchain.ExpressionTyping.Abstractions/UniversalToolchain.ExpressionTyping.Abstractions.csproj" />
  <Project Path="UniversalToolchain.Functions.Abstractions/UniversalToolchain.Functions.Abstractions.csproj" />
  <Project Path="UniversalToolchain.Ir.Abstractions/UniversalToolchain.Ir.Abstractions.csproj" />
  <Project Path="UniversalToolchain.ModuleContracts/UniversalToolchain.ModuleContracts.csproj" />
  <Project Path="UniversalToolchain.Modules.Tests/UniversalToolchain.Modules.Tests.csproj" />
  <Project Path="UniversalToolchain.Semantics.Abstractions/UniversalToolchain.Semantics.Abstractions.csproj" />
  <Project Path="UniversalToolchain.Ssa.Abstractions/UniversalToolchain.Ssa.Abstractions.csproj" />
  <Project Path="UniversalToolchain.Ssa.Core/UniversalToolchain.Ssa.Core.csproj" />
  <Project Path="UniversalToolchain.Ssa.Emission/UniversalToolchain.Ssa.Emission.csproj" />
  <Project Path="UniversalToolchain.Ssa.Lowering/UniversalToolchain.Ssa.Lowering.csproj" />
  <Project Path="UniversalToolchain.Ssa.Optimization/UniversalToolchain.Ssa.Optimization.csproj" />
  <Project Path="UniversalToolchain.StandardSemantics/UniversalToolchain.StandardSemantics.csproj" />
  <Project Path="UniversalToolchain.Testing.Infrastructure/UniversalToolchain.Testing.Infrastructure.csproj" />
  <Project Path="UniversalToolchain.Wist.Contracts/UniversalToolchain.Wist.Contracts.csproj" />
  <Project Path="UniversalToolchain.Wist/UniversalToolchain.Wist.csproj" />
  <Project Path="VariablesModule/VariablesModule.csproj" />
  <Project Path="VariablesRuntime/VariablesRuntime.csproj" />
  <Project Path="WhitespacesModule/WhitespacesModule.csproj" />
  <Project Path="Wistc/Wistc.csproj" />
</Solution>
