
Microsoft Visual Studio Solution File, Format Version 12.00
Project("{FAE04EC0-301F-11D3-BF4B-00C04F79EFBC}") = "BasicTypesExtensions", "BasicTypesExtensions\BasicTypesExtensions.csproj", "{1123887C-7917-4B72-9955-B9B5AB6EED44}"
EndProject
Project("{FAE04EC0-301F-11D3-BF4B-00C04F79EFBC}") = "BasicLexer", "BasicLexer\BasicLexer.csproj", "{1E35FAB7-680A-4E47-85AC-A59E9D374877}"
EndProject
Project("{FAE04EC0-301F-11D3-BF4B-00C04F79EFBC}") = "ExceptionsManager", "ExceptionsManager\ExceptionsManager.csproj", "{CFE5DCFB-2BAD-488D-8C5F-D3D7BF7C185E}"
EndProject
Project("{FAE04EC0-301F-11D3-BF4B-00C04F79EFBC}") = "BasicParser", "BasicParser\BasicParser.csproj", "{58D3EE90-2235-493A-96AE-DCDE36F512A5}"
EndProject
Project("{FAE04EC0-301F-11D3-BF4B-00C04F79EFBC}") = "BasicCodeTranslator", "BasicCodeTranslator\BasicCodeTranslator.csproj", "{261B15E5-A1C7-42FA-A3F6-83AA7FC007C7}"
EndProject
Project("{FAE04EC0-301F-11D3-BF4B-00C04F79EFBC}") = "DynamicMethodWrapper", "DynamicMethodWrapper\DynamicMethodWrapper.csproj", "{F29B7B83-3DCE-4806-BA93-7F4C6D1B8DD7}"
EndProject
Project("{FAE04EC0-301F-11D3-BF4B-00C04F79EFBC}") = "BasicInterpreter", "BasicInterpreter\BasicInterpreter.csproj", "{E916E699-D0BB-4198-970D-827A2FA4B71A}"
EndProject
Project("{FAE04EC0-301F-11D3-BF4B-00C04F79EFBC}") = "BasicCore", "BasicCore\BasicCore.csproj", "{A435A18D-E44C-4C07-AA7B-EBF01E728B1D}"
EndProject
Project("{FAE04EC0-301F-11D3-BF4B-00C04F79EFBC}") = "ScopesModule", "ScopesModule\ScopesModule.csproj", "{C46E64F8-9DC6-4F56-AB2F-A8D772AD9D0C}"
EndProject
Project("{FAE04EC0-301F-11D3-BF4B-00C04F79EFBC}") = "NumbersModule", "NumbersModule\NumbersModule.csproj", "{315704FC-BB9B-4439-977C-404E0981FE48}"
EndProject
Project("{FAE04EC0-301F-11D3-BF4B-00C04F79EFBC}") = "WhitespacesModule", "WhitespacesModule\WhitespacesModule.csproj", "{40379251-44F7-4648-9557-8C6976A822D3}"
EndProject
Project("{FAE04EC0-301F-11D3-BF4B-00C04F79EFBC}") = "ArithmeticModule", "ArithmeticModule\ArithmeticModule.csproj", "{A1CA2E26-8D46-473A-96B3-D4800C1EB326}"
EndProject
Project("{FAE04EC0-301F-11D3-BF4B-00C04F79EFBC}") = "CSharpInteropModule", "CSharpInteropModule\CSharpInteropModule.csproj", "{65159621-3140-427A-9BB2-437DD7660A8E}"
EndProject
Project("{FAE04EC0-301F-11D3-BF4B-00C04F79EFBC}") = "ParserConfigurationModule", "ParserConfigurationModule\ParserConfigurationModule.csproj", "{A75CF802-2C9E-4FD6-9CB9-5F5345379CBA}"
EndProject
Project("{FAE04EC0-301F-11D3-BF4B-00C04F79EFBC}") = "GenericMath", "GenericMath\GenericMath.csproj", "{AA07E2DE-E9D5-45A7-9184-C83DC9743A07}"
EndProject
Project("{FAE04EC0-301F-11D3-BF4B-00C04F79EFBC}") = "LabelsModule", "LabelsModule\LabelsModule.csproj", "{E203D61E-F1A5-4C5C-A7C0-474EC5199735}"
EndProject
Project("{FAE04EC0-301F-11D3-BF4B-00C04F79EFBC}") = "BytecodeDynamicMethodsCompiler", "BytecodeDynamicMethodsCompiler\BytecodeDynamicMethodsCompiler.csproj", "{9AF22511-C1AA-4EF3-9AD2-7CFBAC6C5B65}"
EndProject
Project("{FAE04EC0-301F-11D3-BF4B-00C04F79EFBC}") = "VariablesModule", "VariablesModule\VariablesModule.csproj", "{23FE22EC-F772-4E35-95DA-10D00D36D12A}"
EndProject
Project("{FAE04EC0-301F-11D3-BF4B-00C04F79EFBC}") = "IdentifierModule", "IdentifierModule\IdentifierModule.csproj", "{B68D7659-F37D-439B-9190-1D86F89CACCE}"
EndProject
Project("{FAE04EC0-301F-11D3-BF4B-00C04F79EFBC}") = "EqualityModule", "EqualityModule\EqualityModule.csproj", "{1524876B-7FB1-4A21-8302-3DEF17AD3289}"
EndProject
Project("{FAE04EC0-301F-11D3-BF4B-00C04F79EFBC}") = "AssemblyFinder", "AssemblyFinder\AssemblyFinder.csproj", "{C60C2D5F-110E-42B0-B37D-BA7AC829C378}"
EndProject
Project("{FAE04EC0-301F-11D3-BF4B-00C04F79EFBC}") = "Wistc", "Wistc\Wistc.csproj", "{D62CCD79-F4B6-4A27-875D-FE9DA78A8854}"
EndProject
Project("{FAE04EC0-301F-11D3-BF4B-00C04F79EFBC}") = "BasicCilCompiler", "BasicCilCompiler\BasicCilCompiler.csproj", "{9C007AC9-FA6D-4625-8E95-A867C510D525}"
EndProject
Project("{FAE04EC0-301F-11D3-BF4B-00C04F79EFBC}") = "ConditionsModule", "ConditionsModule\ConditionsModule.csproj", "{8505D524-BAC6-4FA6-8F1D-7417EB948B8C}"
EndProject
Project("{FAE04EC0-301F-11D3-BF4B-00C04F79EFBC}") = "SemicolonAsNewLineModule", "SemicolonAsNewLineModule\SemicolonAsNewLineModule.csproj", "{2B2C94D6-09D8-4713-80C9-C57478FBE9DC}"
EndProject
Project("{FAE04EC0-301F-11D3-BF4B-00C04F79EFBC}") = "UniversalIntermediateRepresentation", "UniversalIntermediateRepresentation\UniversalIntermediateRepresentation.csproj", "{3C3223CF-A7FC-4922-98AA-84F9F615903C}"
EndProject
Project("{FAE04EC0-301F-11D3-BF4B-00C04F79EFBC}") = "BasicStdLib", "BasicStdLib\BasicStdLib.csproj", "{30564E72-E012-48DA-9C34-F9B23DADFBC1}"
EndProject
Project("{FAE04EC0-301F-11D3-BF4B-00C04F79EFBC}") = "IntermediateRepresentationAbstractions", "IntermediateRepresentationAbstractions\IntermediateRepresentationAbstractions.csproj", "{E477DB2B-E8F9-48CC-A871-1DC24646A34D}"
EndProject
Project("{FAE04EC0-301F-11D3-BF4B-00C04F79EFBC}") = "DotnetHelper", "DotnetHelper\DotnetHelper.csproj", "{B480E669-A542-4C8E-A9C6-551A88ED291B}"
EndProject
Project("{FAE04EC0-301F-11D3-BF4B-00C04F79EFBC}") = "SettableGettableModule", "SettableGettableModule\SettableGettableModule.csproj", "{4BE426CB-53F7-4221-AEFE-924572A47D6E}"
EndProject
Project("{FAE04EC0-301F-11D3-BF4B-00C04F79EFBC}") = "AbstractIrExtensions", "AbstractIrExtensions\AbstractIrExtensions.csproj", "{5786E81B-1EDC-42A9-992F-BB52DCCB0F94}"
EndProject
Project("{FAE04EC0-301F-11D3-BF4B-00C04F79EFBC}") = "ListExtensions", "ListExtensions\ListExtensions.csproj", "{A77CAD38-8F8D-407B-B414-57A2AA2412CA}"
EndProject
Project("{FAE04EC0-301F-11D3-BF4B-00C04F79EFBC}") = "ObjectExtensions", "ObjectExtensions\ObjectExtensions.csproj", "{B411A5EE-AE66-42CB-AC8D-ED373106E6E7}"
EndProject
Project("{FAE04EC0-301F-11D3-BF4B-00C04F79EFBC}") = "AbstractIrConverters", "AbstractIrConverters\AbstractIrConverters.csproj", "{FCFE8C22-E20D-436D-A772-C03C6002A0F6}"
EndProject
Project("{FAE04EC0-301F-11D3-BF4B-00C04F79EFBC}") = "NativeMathModule", "NativeMathModule\NativeMathModule.csproj", "{F2191BA5-D994-4B4B-99D9-6926AA83CAB6}"
EndProject
Project("{FAE04EC0-301F-11D3-BF4B-00C04F79EFBC}") = "DynamicMethodCalling", "DynamicMethodCalling\DynamicMethodCalling.csproj", "{AEB21BBE-639B-4625-BD58-C16C4AC38F25}"
EndProject
Project("{FAE04EC0-301F-11D3-BF4B-00C04F79EFBC}") = "CommentsModule", "CommentsModule\CommentsModule.csproj", "{49C4715B-4442-482B-BA44-E9494D02550D}"
EndProject
Project("{FAE04EC0-301F-11D3-BF4B-00C04F79EFBC}") = "InternalPreprocessorLexemesModule", "InternalPreprocessorLexemesModule\InternalPreprocessorLexemesModule.csproj", "{02D0DAF6-D85C-4B23-B6D3-30557CC7B83C}"
EndProject
Project("{FAE04EC0-301F-11D3-BF4B-00C04F79EFBC}") = "ParametersSetterModule", "ParametersSetterModule\ParametersSetterModule.csproj", "{A93F4388-5196-41F3-B8DB-4319FBFA9A27}"
EndProject
Project("{FAE04EC0-301F-11D3-BF4B-00C04F79EFBC}") = "LoopsModule", "LoopsModule\LoopsModule.csproj", "{7EE5859B-1B43-4E02-B195-4E1CD1FC8AF6}"
EndProject
Project("{FAE04EC0-301F-11D3-BF4B-00C04F79EFBC}") = "CommonExceptions", "CommonExceptions\CommonExceptions.csproj", "{F2B1602E-B88C-4F25-828A-75A0AD428064}"
EndProject
Project("{FAE04EC0-301F-11D3-BF4B-00C04F79EFBC}") = "UniversalToolchain.Dialects.Abstractions", "UniversalToolchain.Dialects.Abstractions\UniversalToolchain.Dialects.Abstractions.csproj", "{C98E2670-4776-4A8F-82CB-E92B70B11609}"
EndProject
Project("{FAE04EC0-301F-11D3-BF4B-00C04F79EFBC}") = "UniversalToolchain.Dialects.Core", "UniversalToolchain.Dialects.Core\UniversalToolchain.Dialects.Core.csproj", "{4F081743-C32B-4CBF-BA52-30E25728CC6D}"
EndProject
Project("{FAE04EC0-301F-11D3-BF4B-00C04F79EFBC}") = "UniversalToolchain.Dialects.Parsing", "UniversalToolchain.Dialects.Parsing\UniversalToolchain.Dialects.Parsing.csproj", "{8D62448A-840E-41ED-AF00-197D62514ABD}"
EndProject
Project("{FAE04EC0-301F-11D3-BF4B-00C04F79EFBC}") = "UniversalToolchain.Dialects.Frontend", "UniversalToolchain.Dialects.Frontend\UniversalToolchain.Dialects.Frontend.csproj", "{0FEE2AC0-C01F-42AA-9FC6-4F7C90B4DDA3}"
EndProject
Project("{FAE04EC0-301F-11D3-BF4B-00C04F79EFBC}") = "UniversalToolchain.Functions.Abstractions", "UniversalToolchain.Functions.Abstractions\UniversalToolchain.Functions.Abstractions.csproj", "{26237609-BF17-49C4-BF58-8B1334412565}"
EndProject
Project("{FAE04EC0-301F-11D3-BF4B-00C04F79EFBC}") = "UniversalToolchain.Capabilities.Abstractions", "UniversalToolchain.Capabilities.Abstractions\UniversalToolchain.Capabilities.Abstractions.csproj", "{D6CEBE93-0F36-45E4-9B73-D360FC697430}"
EndProject
Project("{FAE04EC0-301F-11D3-BF4B-00C04F79EFBC}") = "UniversalToolchain.Diagnostics.Abstractions", "UniversalToolchain.Diagnostics.Abstractions\UniversalToolchain.Diagnostics.Abstractions.csproj", "{42E88339-9BB4-4DC6-AC53-10130B396F97}"
EndProject
Project("{FAE04EC0-301F-11D3-BF4B-00C04F79EFBC}") = "UniversalToolchain.Ir.Abstractions", "UniversalToolchain.Ir.Abstractions\UniversalToolchain.Ir.Abstractions.csproj", "{255F96A2-FA6B-4F73-A658-1219FDD8C70B}"
EndProject
Project("{FAE04EC0-301F-11D3-BF4B-00C04F79EFBC}") = "UniversalToolchain.ExpressionTyping.Abstractions", "UniversalToolchain.ExpressionTyping.Abstractions\UniversalToolchain.ExpressionTyping.Abstractions.csproj", "{81137F9A-0A8F-4D43-A33D-3905B21F570D}"
EndProject
Project("{FAE04EC0-301F-11D3-BF4B-00C04F79EFBC}") = "UniversalToolchain.Capabilities.Core", "UniversalToolchain.Capabilities.Core\UniversalToolchain.Capabilities.Core.csproj", "{559E3841-2749-4CDB-993B-1050C37C78E9}"
EndProject
Project("{FAE04EC0-301F-11D3-BF4B-00C04F79EFBC}") = "VariablesRuntime", "VariablesRuntime\VariablesRuntime.csproj", "{87B9C90A-20D2-4F91-A54D-C3D90181C03B}"
EndProject
Project("{FAE04EC0-301F-11D3-BF4B-00C04F79EFBC}") = "UniversalToolchain.Wist", "UniversalToolchain.Wist\UniversalToolchain.Wist.csproj", "{54E7122C-0DF1-4CB0-A80A-6C0C478FF251}"
EndProject
Project("{FAE04EC0-301F-11D3-BF4B-00C04F79EFBC}") = "UniversalToolchain.Wist.Contracts", "UniversalToolchain.Wist.Contracts\UniversalToolchain.Wist.Contracts.csproj", "{62A9BDA6-5F3F-45E5-9B60-7D90F0C72EC1}"
EndProject
Project("{FAE04EC0-301F-11D3-BF4B-00C04F79EFBC}") = "UniversalToolchain.ModuleContracts", "UniversalToolchain.ModuleContracts\UniversalToolchain.ModuleContracts.csproj", "{D5DB4AAF-AFB1-46CC-A0FF-B7EBE3F97E44}"
EndProject
Project("{FAE04EC0-301F-11D3-BF4B-00C04F79EFBC}") = "Tests", "Tests\Tests.csproj", "{742C3FCE-1F15-4050-B50C-7A4BDEA54273}"
EndProject
Project("{FAE04EC0-301F-11D3-BF4B-00C04F79EFBC}") = "UniversalToolchain.Testing.Infrastructure", "UniversalToolchain.Testing.Infrastructure\UniversalToolchain.Testing.Infrastructure.csproj", "{1A21E1CF-4CD6-48B2-8C45-4BA2A39689F7}"
EndProject
Project("{FAE04EC0-301F-11D3-BF4B-00C04F79EFBC}") = "UniversalToolchain.Dialects.Tests", "UniversalToolchain.Dialects.Tests\UniversalToolchain.Dialects.Tests.csproj", "{22CDEE34-5019-4DC4-8209-3E613ED23678}"
EndProject
Project("{FAE04EC0-301F-11D3-BF4B-00C04F79EFBC}") = "FunctionCallsModule", "FunctionCallsModule\FunctionCallsModule.csproj", "{5BDB1409-B563-4F78-9077-4D928C8C67A0}"
EndProject
Project("{FAE04EC0-301F-11D3-BF4B-00C04F79EFBC}") = "SafeMathFunctionsModule", "SafeMathFunctionsModule\SafeMathFunctionsModule.csproj", "{16114F78-30E3-44DF-963D-78E6EEF3A3E9}"
EndProject
Project("{FAE04EC0-301F-11D3-BF4B-00C04F79EFBC}") = "UniversalToolchain.Modules.Tests", "UniversalToolchain.Modules.Tests\UniversalToolchain.Modules.Tests.csproj", "{44F0050F-4247-43B5-9726-F8980F6FECCC}"
EndProject
Project("{FAE04EC0-301F-11D3-BF4B-00C04F79EFBC}") = "UniversalToolchain.Ssa.Abstractions", "UniversalToolchain.Ssa.Abstractions\UniversalToolchain.Ssa.Abstractions.csproj", "{73CCF300-95A5-43DC-90B1-FB2E13CCCDA1}"
EndProject
Project("{FAE04EC0-301F-11D3-BF4B-00C04F79EFBC}") = "UniversalToolchain.Ssa.Core", "UniversalToolchain.Ssa.Core\UniversalToolchain.Ssa.Core.csproj", "{1BBE326F-4C6E-464B-A467-6E21302E3FD9}"
EndProject
Project("{FAE04EC0-301F-11D3-BF4B-00C04F79EFBC}") = "UniversalToolchain.Air.Analysis", "UniversalToolchain.Air.Analysis\UniversalToolchain.Air.Analysis.csproj", "{63744677-AC48-4829-8DD6-7104F5BB0FE3}"
EndProject
Project("{FAE04EC0-301F-11D3-BF4B-00C04F79EFBC}") = "UniversalToolchain.Ssa.Lowering", "UniversalToolchain.Ssa.Lowering\UniversalToolchain.Ssa.Lowering.csproj", "{13A4CD4A-012C-4ACA-A250-FB7508F2AD4F}"
EndProject
Project("{FAE04EC0-301F-11D3-BF4B-00C04F79EFBC}") = "UniversalToolchain.Ssa.Optimization", "UniversalToolchain.Ssa.Optimization\UniversalToolchain.Ssa.Optimization.csproj", "{DC7EE698-BE1E-42A7-9E13-17678E28A5AC}"
EndProject
Project("{FAE04EC0-301F-11D3-BF4B-00C04F79EFBC}") = "UniversalToolchain.Ssa.Emission", "UniversalToolchain.Ssa.Emission\UniversalToolchain.Ssa.Emission.csproj", "{FBE55258-DEB7-44EB-B892-595CB0E43591}"
EndProject
Project("{FAE04EC0-301F-11D3-BF4B-00C04F79EFBC}") = "UniversalToolchain.Semantics.Abstractions", "UniversalToolchain.Semantics.Abstractions\UniversalToolchain.Semantics.Abstractions.csproj", "{CD0B01D1-249F-4AE9-A4FD-83ECCCADC208}"
EndProject
Project("{FAE04EC0-301F-11D3-BF4B-00C04F79EFBC}") = "UniversalToolchain.StandardSemantics", "UniversalToolchain.StandardSemantics\UniversalToolchain.StandardSemantics.csproj", "{2E6CC3F6-BBC9-4387-B43E-7F735A2F75B1}"
EndProject
Project("{FAE04EC0-301F-11D3-BF4B-00C04F79EFBC}") = "Example", "Example\Example.csproj", "{54BB0E9B-E45A-4C59-BBC4-822573E10EBF}"
EndProject
Project("{FAE04EC0-301F-11D3-BF4B-00C04F79EFBC}") = "UniversalToolchain.Language.Abstractions", "UniversalToolchain.Language.Abstractions\UniversalToolchain.Language.Abstractions.csproj", "{2982378F-04C9-4A2D-BCD1-FECC598E4C8A}"
EndProject
Project("{FAE04EC0-301F-11D3-BF4B-00C04F79EFBC}") = "UniversalToolchain.FeatureSdk", "UniversalToolchain.FeatureSdk\UniversalToolchain.FeatureSdk.csproj", "{D748ED8F-7EF7-4A5A-B7CA-A0F79F7F31AA}"
EndProject
Project("{FAE04EC0-301F-11D3-BF4B-00C04F79EFBC}") = "UniversalToolchain.LanguageSdk", "UniversalToolchain.LanguageSdk\UniversalToolchain.LanguageSdk.csproj", "{BA1E47A0-802B-49A3-89FB-E66A074AEA8E}"
EndProject
Project("{FAE04EC0-301F-11D3-BF4B-00C04F79EFBC}") = "UniversalToolchain.Runtime", "UniversalToolchain.Runtime\UniversalToolchain.Runtime.csproj", "{27D0CF02-C1A5-431D-9774-C908B43BF830}"
EndProject
Project("{FAE04EC0-301F-11D3-BF4B-00C04F79EFBC}") = "UniversalToolchain.Testing", "UniversalToolchain.Testing\UniversalToolchain.Testing.csproj", "{4A85C2BF-EB07-494E-8C4A-091C59431C78}"
EndProject
Project("{FAE04EC0-301F-11D3-BF4B-00C04F79EFBC}") = "UniversalToolchain.FeatureManifestEmitter", "UniversalToolchain.FeatureManifestEmitter\UniversalToolchain.FeatureManifestEmitter.csproj", "{184DD2A9-2CC3-4092-9E39-70CF57276720}"
EndProject
Project("{FAE04EC0-301F-11D3-BF4B-00C04F79EFBC}") = "UniversalToolchain.Wist.LanguagePack", "UniversalToolchain.Wist.LanguagePack\UniversalToolchain.Wist.LanguagePack.csproj", "{81A20454-3CDE-428B-B882-F377813C05C4}"
EndProject
Project("{FAE04EC0-301F-11D3-BF4B-00C04F79EFBC}") = "UniversalToolchain.LanguageSdk.Tests", "UniversalToolchain.LanguageSdk.Tests\UniversalToolchain.LanguageSdk.Tests.csproj", "{3E8B21F1-2E20-4333-A6B7-31BE464F217B}"
EndProject
Project("{FAE04EC0-301F-11D3-BF4B-00C04F79EFBC}") = "UniversalToolchain.Templates", "UniversalToolchain.Templates\UniversalToolchain.Templates.csproj", "{7E943211-5532-4B72-911F-8791076450CE}"
EndProject
Project("{FAE04EC0-301F-11D3-BF4B-00C04F79EFBC}") = "Acme.PricingLanguage", "..\samples\Acme.PricingLanguage\Acme.PricingLanguage.csproj", "{5ED41356-F554-4A59-A5C4-38B80495BF49}"
EndProject
Project("{FAE04EC0-301F-11D3-BF4B-00C04F79EFBC}") = "UniversalToolchain.LanguageAuthoring", "UniversalToolchain.LanguageAuthoring\UniversalToolchain.LanguageAuthoring.csproj", "{F189905F-C694-4DDA-836E-1464290F5689}"
EndProject
Global
	GlobalSection(SolutionConfigurationPlatforms) = preSolution
		Debug|Any CPU = Debug|Any CPU
		Debug|x64 = Debug|x64
		Debug|x86 = Debug|x86
		Release|Any CPU = Release|Any CPU
		Release|x64 = Release|x64
		Release|x86 = Release|x86
	EndGlobalSection
	GlobalSection(ProjectConfigurationPlatforms) = postSolution
		{1123887C-7917-4B72-9955-B9B5AB6EED44}.Debug|Any CPU.ActiveCfg = Debug|Any CPU
		{1123887C-7917-4B72-9955-B9B5AB6EED44}.Debug|Any CPU.Build.0 = Debug|Any CPU
		{1123887C-7917-4B72-9955-B9B5AB6EED44}.Debug|x64.ActiveCfg = Debug|Any CPU
		{1123887C-7917-4B72-9955-B9B5AB6EED44}.Debug|x64.Build.0 = Debug|Any CPU
		{1123887C-7917-4B72-9955-B9B5AB6EED44}.Debug|x86.ActiveCfg = Debug|Any CPU
		{1123887C-7917-4B72-9955-B9B5AB6EED44}.Debug|x86.Build.0 = Debug|Any CPU
		{1123887C-7917-4B72-9955-B9B5AB6EED44}.Release|Any CPU.ActiveCfg = Release|Any CPU
		{1123887C-7917-4B72-9955-B9B5AB6EED44}.Release|Any CPU.Build.0 = Release|Any CPU
		{1123887C-7917-4B72-9955-B9B5AB6EED44}.Release|x64.ActiveCfg = Release|Any CPU
		{1123887C-7917-4B72-9955-B9B5AB6EED44}.Release|x64.Build.0 = Release|Any CPU
		{1123887C-7917-4B72-9955-B9B5AB6EED44}.Release|x86.ActiveCfg = Release|Any CPU
		{1123887C-7917-4B72-9955-B9B5AB6EED44}.Release|x86.Build.0 = Release|Any CPU
		{1E35FAB7-680A-4E47-85AC-A59E9D374877}.Debug|Any CPU.ActiveCfg = Debug|Any CPU
		{1E35FAB7-680A-4E47-85AC-A59E9D374877}.Debug|Any CPU.Build.0 = Debug|Any CPU
		{1E35FAB7-680A-4E47-85AC-A59E9D374877}.Debug|x64.ActiveCfg = Debug|Any CPU
		{1E35FAB7-680A-4E47-85AC-A59E9D374877}.Debug|x64.Build.0 = Debug|Any CPU
		{1E35FAB7-680A-4E47-85AC-A59E9D374877}.Debug|x86.ActiveCfg = Debug|Any CPU
		{1E35FAB7-680A-4E47-85AC-A59E9D374877}.Debug|x86.Build.0 = Debug|Any CPU
		{1E35FAB7-680A-4E47-85AC-A59E9D374877}.Release|Any CPU.ActiveCfg = Release|Any CPU
		{1E35FAB7-680A-4E47-85AC-A59E9D374877}.Release|Any CPU.Build.0 = Release|Any CPU
		{1E35FAB7-680A-4E47-85AC-A59E9D374877}.Release|x64.ActiveCfg = Release|Any CPU
		{1E35FAB7-680A-4E47-85AC-A59E9D374877}.Release|x64.Build.0 = Release|Any CPU
		{1E35FAB7-680A-4E47-85AC-A59E9D374877}.Release|x86.ActiveCfg = Release|Any CPU
		{1E35FAB7-680A-4E47-85AC-A59E9D374877}.Release|x86.Build.0 = Release|Any CPU
		{CFE5DCFB-2BAD-488D-8C5F-D3D7BF7C185E}.Debug|Any CPU.ActiveCfg = Debug|Any CPU
		{CFE5DCFB-2BAD-488D-8C5F-D3D7BF7C185E}.Debug|Any CPU.Build.0 = Debug|Any CPU
		{CFE5DCFB-2BAD-488D-8C5F-D3D7BF7C185E}.Debug|x64.ActiveCfg = Debug|Any CPU
		{CFE5DCFB-2BAD-488D-8C5F-D3D7BF7C185E}.Debug|x64.Build.0 = Debug|Any CPU
		{CFE5DCFB-2BAD-488D-8C5F-D3D7BF7C185E}.Debug|x86.ActiveCfg = Debug|Any CPU
		{CFE5DCFB-2BAD-488D-8C5F-D3D7BF7C185E}.Debug|x86.Build.0 = Debug|Any CPU
		{CFE5DCFB-2BAD-488D-8C5F-D3D7BF7C185E}.Release|Any CPU.ActiveCfg = Release|Any CPU
		{CFE5DCFB-2BAD-488D-8C5F-D3D7BF7C185E}.Release|Any CPU.Build.0 = Release|Any CPU
		{CFE5DCFB-2BAD-488D-8C5F-D3D7BF7C185E}.Release|x64.ActiveCfg = Release|Any CPU
		{CFE5DCFB-2BAD-488D-8C5F-D3D7BF7C185E}.Release|x64.Build.0 = Release|Any CPU
		{CFE5DCFB-2BAD-488D-8C5F-D3D7BF7C185E}.Release|x86.ActiveCfg = Release|Any CPU
		{CFE5DCFB-2BAD-488D-8C5F-D3D7BF7C185E}.Release|x86.Build.0 = Release|Any CPU
		{58D3EE90-2235-493A-96AE-DCDE36F512A5}.Debug|Any CPU.ActiveCfg = Debug|Any CPU
		{58D3EE90-2235-493A-96AE-DCDE36F512A5}.Debug|Any CPU.Build.0 = Debug|Any CPU
		{58D3EE90-2235-493A-96AE-DCDE36F512A5}.Debug|x64.ActiveCfg = Debug|Any CPU
		{58D3EE90-2235-493A-96AE-DCDE36F512A5}.Debug|x64.Build.0 = Debug|Any CPU
		{58D3EE90-2235-493A-96AE-DCDE36F512A5}.Debug|x86.ActiveCfg = Debug|Any CPU
		{58D3EE90-2235-493A-96AE-DCDE36F512A5}.Debug|x86.Build.0 = Debug|Any CPU
		{58D3EE90-2235-493A-96AE-DCDE36F512A5}.Release|Any CPU.ActiveCfg = Release|Any CPU
		{58D3EE90-2235-493A-96AE-DCDE36F512A5}.Release|Any CPU.Build.0 = Release|Any CPU
		{58D3EE90-2235-493A-96AE-DCDE36F512A5}.Release|x64.ActiveCfg = Release|Any CPU
		{58D3EE90-2235-493A-96AE-DCDE36F512A5}.Release|x64.Build.0 = Release|Any CPU
		{58D3EE90-2235-493A-96AE-DCDE36F512A5}.Release|x86.ActiveCfg = Release|Any CPU
		{58D3EE90-2235-493A-96AE-DCDE36F512A5}.Release|x86.Build.0 = Release|Any CPU
		{261B15E5-A1C7-42FA-A3F6-83AA7FC007C7}.Debug|Any CPU.ActiveCfg = Debug|Any CPU
		{261B15E5-A1C7-42FA-A3F6-83AA7FC007C7}.Debug|Any CPU.Build.0 = Debug|Any CPU
		{261B15E5-A1C7-42FA-A3F6-83AA7FC007C7}.Debug|x64.ActiveCfg = Debug|Any CPU
		{261B15E5-A1C7-42FA-A3F6-83AA7FC007C7}.Debug|x64.Build.0 = Debug|Any CPU
		{261B15E5-A1C7-42FA-A3F6-83AA7FC007C7}.Debug|x86.ActiveCfg = Debug|Any CPU
		{261B15E5-A1C7-42FA-A3F6-83AA7FC007C7}.Debug|x86.Build.0 = Debug|Any CPU
		{261B15E5-A1C7-42FA-A3F6-83AA7FC007C7}.Release|Any CPU.ActiveCfg = Release|Any CPU
		{261B15E5-A1C7-42FA-A3F6-83AA7FC007C7}.Release|Any CPU.Build.0 = Release|Any CPU
		{261B15E5-A1C7-42FA-A3F6-83AA7FC007C7}.Release|x64.ActiveCfg = Release|Any CPU
		{261B15E5-A1C7-42FA-A3F6-83AA7FC007C7}.Release|x64.Build.0 = Release|Any CPU
		{261B15E5-A1C7-42FA-A3F6-83AA7FC007C7}.Release|x86.ActiveCfg = Release|Any CPU
		{261B15E5-A1C7-42FA-A3F6-83AA7FC007C7}.Release|x86.Build.0 = Release|Any CPU
		{F29B7B83-3DCE-4806-BA93-7F4C6D1B8DD7}.Debug|Any CPU.ActiveCfg = Debug|Any CPU
		{F29B7B83-3DCE-4806-BA93-7F4C6D1B8DD7}.Debug|Any CPU.Build.0 = Debug|Any CPU
		{F29B7B83-3DCE-4806-BA93-7F4C6D1B8DD7}.Debug|x64.ActiveCfg = Debug|Any CPU
		{F29B7B83-3DCE-4806-BA93-7F4C6D1B8DD7}.Debug|x64.Build.0 = Debug|Any CPU
		{F29B7B83-3DCE-4806-BA93-7F4C6D1B8DD7}.Debug|x86.ActiveCfg = Debug|Any CPU
		{F29B7B83-3DCE-4806-BA93-7F4C6D1B8DD7}.Debug|x86.Build.0 = Debug|Any CPU
		{F29B7B83-3DCE-4806-BA93-7F4C6D1B8DD7}.Release|Any CPU.ActiveCfg = Release|Any CPU
		{F29B7B83-3DCE-4806-BA93-7F4C6D1B8DD7}.Release|Any CPU.Build.0 = Release|Any CPU
		{F29B7B83-3DCE-4806-BA93-7F4C6D1B8DD7}.Release|x64.ActiveCfg = Release|Any CPU
		{F29B7B83-3DCE-4806-BA93-7F4C6D1B8DD7}.Release|x64.Build.0 = Release|Any CPU
		{F29B7B83-3DCE-4806-BA93-7F4C6D1B8DD7}.Release|x86.ActiveCfg = Release|Any CPU
		{F29B7B83-3DCE-4806-BA93-7F4C6D1B8DD7}.Release|x86.Build.0 = Release|Any CPU
		{E916E699-D0BB-4198-970D-827A2FA4B71A}.Debug|Any CPU.ActiveCfg = Debug|Any CPU
		{E916E699-D0BB-4198-970D-827A2FA4B71A}.Debug|Any CPU.Build.0 = Debug|Any CPU
		{E916E699-D0BB-4198-970D-827A2FA4B71A}.Debug|x64.ActiveCfg = Debug|Any CPU
		{E916E699-D0BB-4198-970D-827A2FA4B71A}.Debug|x64.Build.0 = Debug|Any CPU
		{E916E699-D0BB-4198-970D-827A2FA4B71A}.Debug|x86.ActiveCfg = Debug|Any CPU
		{E916E699-D0BB-4198-970D-827A2FA4B71A}.Debug|x86.Build.0 = Debug|Any CPU
		{E916E699-D0BB-4198-970D-827A2FA4B71A}.Release|Any CPU.ActiveCfg = Release|Any CPU
		{E916E699-D0BB-4198-970D-827A2FA4B71A}.Release|Any CPU.Build.0 = Release|Any CPU
		{E916E699-D0BB-4198-970D-827A2FA4B71A}.Release|x64.ActiveCfg = Release|Any CPU
		{E916E699-D0BB-4198-970D-827A2FA4B71A}.Release|x64.Build.0 = Release|Any CPU
		{E916E699-D0BB-4198-970D-827A2FA4B71A}.Release|x86.ActiveCfg = Release|Any CPU
		{E916E699-D0BB-4198-970D-827A2FA4B71A}.Release|x86.Build.0 = Release|Any CPU
		{A435A18D-E44C-4C07-AA7B-EBF01E728B1D}.Debug|Any CPU.ActiveCfg = Debug|Any CPU
		{A435A18D-E44C-4C07-AA7B-EBF01E728B1D}.Debug|Any CPU.Build.0 = Debug|Any CPU
		{A435A18D-E44C-4C07-AA7B-EBF01E728B1D}.Debug|x64.ActiveCfg = Debug|Any CPU
		{A435A18D-E44C-4C07-AA7B-EBF01E728B1D}.Debug|x64.Build.0 = Debug|Any CPU
		{A435A18D-E44C-4C07-AA7B-EBF01E728B1D}.Debug|x86.ActiveCfg = Debug|Any CPU
		{A435A18D-E44C-4C07-AA7B-EBF01E728B1D}.Debug|x86.Build.0 = Debug|Any CPU
		{A435A18D-E44C-4C07-AA7B-EBF01E728B1D}.Release|Any CPU.ActiveCfg = Release|Any CPU
		{A435A18D-E44C-4C07-AA7B-EBF01E728B1D}.Release|Any CPU.Build.0 = Release|Any CPU
		{A435A18D-E44C-4C07-AA7B-EBF01E728B1D}.Release|x64.ActiveCfg = Release|Any CPU
		{A435A18D-E44C-4C07-AA7B-EBF01E728B1D}.Release|x64.Build.0 = Release|Any CPU
		{A435A18D-E44C-4C07-AA7B-EBF01E728B1D}.Release|x86.ActiveCfg = Release|Any CPU
		{A435A18D-E44C-4C07-AA7B-EBF01E728B1D}.Release|x86.Build.0 = Release|Any CPU
		{C46E64F8-9DC6-4F56-AB2F-A8D772AD9D0C}.Debug|Any CPU.ActiveCfg = Debug|Any CPU
		{C46E64F8-9DC6-4F56-AB2F-A8D772AD9D0C}.Debug|Any CPU.Build.0 = Debug|Any CPU
		{C46E64F8-9DC6-4F56-AB2F-A8D772AD9D0C}.Debug|x64.ActiveCfg = Debug|Any CPU
		{C46E64F8-9DC6-4F56-AB2F-A8D772AD9D0C}.Debug|x64.Build.0 = Debug|Any CPU
		{C46E64F8-9DC6-4F56-AB2F-A8D772AD9D0C}.Debug|x86.ActiveCfg = Debug|Any CPU
		{C46E64F8-9DC6-4F56-AB2F-A8D772AD9D0C}.Debug|x86.Build.0 = Debug|Any CPU
		{C46E64F8-9DC6-4F56-AB2F-A8D772AD9D0C}.Release|Any CPU.ActiveCfg = Release|Any CPU
		{C46E64F8-9DC6-4F56-AB2F-A8D772AD9D0C}.Release|Any CPU.Build.0 = Release|Any CPU
		{C46E64F8-9DC6-4F56-AB2F-A8D772AD9D0C}.Release|x64.ActiveCfg = Release|Any CPU
		{C46E64F8-9DC6-4F56-AB2F-A8D772AD9D0C}.Release|x64.Build.0 = Release|Any CPU
		{C46E64F8-9DC6-4F56-AB2F-A8D772AD9D0C}.Release|x86.ActiveCfg = Release|Any CPU
		{C46E64F8-9DC6-4F56-AB2F-A8D772AD9D0C}.Release|x86.Build.0 = Release|Any CPU
		{315704FC-BB9B-4439-977C-404E0981FE48}.Debug|Any CPU.ActiveCfg = Debug|Any CPU
		{315704FC-BB9B-4439-977C-404E0981FE48}.Debug|Any CPU.Build.0 = Debug|Any CPU
		{315704FC-BB9B-4439-977C-404E0981FE48}.Debug|x64.ActiveCfg = Debug|Any CPU
		{315704FC-BB9B-4439-977C-404E0981FE48}.Debug|x64.Build.0 = Debug|Any CPU
		{315704FC-BB9B-4439-977C-404E0981FE48}.Debug|x86.ActiveCfg = Debug|Any CPU
		{315704FC-BB9B-4439-977C-404E0981FE48}.Debug|x86.Build.0 = Debug|Any CPU
		{315704FC-BB9B-4439-977C-404E0981FE48}.Release|Any CPU.ActiveCfg = Release|Any CPU
		{315704FC-BB9B-4439-977C-404E0981FE48}.Release|Any CPU.Build.0 = Release|Any CPU
		{315704FC-BB9B-4439-977C-404E0981FE48}.Release|x64.ActiveCfg = Release|Any CPU
		{315704FC-BB9B-4439-977C-404E0981FE48}.Release|x64.Build.0 = Release|Any CPU
		{315704FC-BB9B-4439-977C-404E0981FE48}.Release|x86.ActiveCfg = Release|Any CPU
		{315704FC-BB9B-4439-977C-404E0981FE48}.Release|x86.Build.0 = Release|Any CPU
		{40379251-44F7-4648-9557-8C6976A822D3}.Debug|Any CPU.ActiveCfg = Debug|Any CPU
		{40379251-44F7-4648-9557-8C6976A822D3}.Debug|Any CPU.Build.0 = Debug|Any CPU
		{40379251-44F7-4648-9557-8C6976A822D3}.Debug|x64.ActiveCfg = Debug|Any CPU
		{40379251-44F7-4648-9557-8C6976A822D3}.Debug|x64.Build.0 = Debug|Any CPU
		{40379251-44F7-4648-9557-8C6976A822D3}.Debug|x86.ActiveCfg = Debug|Any CPU
		{40379251-44F7-4648-9557-8C6976A822D3}.Debug|x86.Build.0 = Debug|Any CPU
		{40379251-44F7-4648-9557-8C6976A822D3}.Release|Any CPU.ActiveCfg = Release|Any CPU
		{40379251-44F7-4648-9557-8C6976A822D3}.Release|Any CPU.Build.0 = Release|Any CPU
		{40379251-44F7-4648-9557-8C6976A822D3}.Release|x64.ActiveCfg = Release|Any CPU
		{40379251-44F7-4648-9557-8C6976A822D3}.Release|x64.Build.0 = Release|Any CPU
		{40379251-44F7-4648-9557-8C6976A822D3}.Release|x86.ActiveCfg = Release|Any CPU
		{40379251-44F7-4648-9557-8C6976A822D3}.Release|x86.Build.0 = Release|Any CPU
		{A1CA2E26-8D46-473A-96B3-D4800C1EB326}.Debug|Any CPU.ActiveCfg = Debug|Any CPU
		{A1CA2E26-8D46-473A-96B3-D4800C1EB326}.Debug|Any CPU.Build.0 = Debug|Any CPU
		{A1CA2E26-8D46-473A-96B3-D4800C1EB326}.Debug|x64.ActiveCfg = Debug|Any CPU
		{A1CA2E26-8D46-473A-96B3-D4800C1EB326}.Debug|x64.Build.0 = Debug|Any CPU
		{A1CA2E26-8D46-473A-96B3-D4800C1EB326}.Debug|x86.ActiveCfg = Debug|Any CPU
		{A1CA2E26-8D46-473A-96B3-D4800C1EB326}.Debug|x86.Build.0 = Debug|Any CPU
		{A1CA2E26-8D46-473A-96B3-D4800C1EB326}.Release|Any CPU.ActiveCfg = Release|Any CPU
		{A1CA2E26-8D46-473A-96B3-D4800C1EB326}.Release|Any CPU.Build.0 = Release|Any CPU
		{A1CA2E26-8D46-473A-96B3-D4800C1EB326}.Release|x64.ActiveCfg = Release|Any CPU
		{A1CA2E26-8D46-473A-96B3-D4800C1EB326}.Release|x64.Build.0 = Release|Any CPU
		{A1CA2E26-8D46-473A-96B3-D4800C1EB326}.Release|x86.ActiveCfg = Release|Any CPU
		{A1CA2E26-8D46-473A-96B3-D4800C1EB326}.Release|x86.Build.0 = Release|Any CPU
		{65159621-3140-427A-9BB2-437DD7660A8E}.Debug|Any CPU.ActiveCfg = Debug|Any CPU
		{65159621-3140-427A-9BB2-437DD7660A8E}.Debug|Any CPU.Build.0 = Debug|Any CPU
		{65159621-3140-427A-9BB2-437DD7660A8E}.Debug|x64.ActiveCfg = Debug|Any CPU
		{65159621-3140-427A-9BB2-437DD7660A8E}.Debug|x64.Build.0 = Debug|Any CPU
		{65159621-3140-427A-9BB2-437DD7660A8E}.Debug|x86.ActiveCfg = Debug|Any CPU
		{65159621-3140-427A-9BB2-437DD7660A8E}.Debug|x86.Build.0 = Debug|Any CPU
		{65159621-3140-427A-9BB2-437DD7660A8E}.Release|Any CPU.ActiveCfg = Release|Any CPU
		{65159621-3140-427A-9BB2-437DD7660A8E}.Release|Any CPU.Build.0 = Release|Any CPU
		{65159621-3140-427A-9BB2-437DD7660A8E}.Release|x64.ActiveCfg = Release|Any CPU
		{65159621-3140-427A-9BB2-437DD7660A8E}.Release|x64.Build.0 = Release|Any CPU
		{65159621-3140-427A-9BB2-437DD7660A8E}.Release|x86.ActiveCfg = Release|Any CPU
		{65159621-3140-427A-9BB2-437DD7660A8E}.Release|x86.Build.0 = Release|Any CPU
		{A75CF802-2C9E-4FD6-9CB9-5F5345379CBA}.Debug|Any CPU.ActiveCfg = Debug|Any CPU
		{A75CF802-2C9E-4FD6-9CB9-5F5345379CBA}.Debug|Any CPU.Build.0 = Debug|Any CPU
		{A75CF802-2C9E-4FD6-9CB9-5F5345379CBA}.Debug|x64.ActiveCfg = Debug|Any CPU
		{A75CF802-2C9E-4FD6-9CB9-5F5345379CBA}.Debug|x64.Build.0 = Debug|Any CPU
		{A75CF802-2C9E-4FD6-9CB9-5F5345379CBA}.Debug|x86.ActiveCfg = Debug|Any CPU
		{A75CF802-2C9E-4FD6-9CB9-5F5345379CBA}.Debug|x86.Build.0 = Debug|Any CPU
		{A75CF802-2C9E-4FD6-9CB9-5F5345379CBA}.Release|Any CPU.ActiveCfg = Release|Any CPU
		{A75CF802-2C9E-4FD6-9CB9-5F5345379CBA}.Release|Any CPU.Build.0 = Release|Any CPU
		{A75CF802-2C9E-4FD6-9CB9-5F5345379CBA}.Release|x64.ActiveCfg = Release|Any CPU
		{A75CF802-2C9E-4FD6-9CB9-5F5345379CBA}.Release|x64.Build.0 = Release|Any CPU
		{A75CF802-2C9E-4FD6-9CB9-5F5345379CBA}.Release|x86.ActiveCfg = Release|Any CPU
		{A75CF802-2C9E-4FD6-9CB9-5F5345379CBA}.Release|x86.Build.0 = Release|Any CPU
		{AA07E2DE-E9D5-45A7-9184-C83DC9743A07}.Debug|Any CPU.ActiveCfg = Debug|Any CPU
		{AA07E2DE-E9D5-45A7-9184-C83DC9743A07}.Debug|Any CPU.Build.0 = Debug|Any CPU
		{AA07E2DE-E9D5-45A7-9184-C83DC9743A07}.Debug|x64.ActiveCfg = Debug|Any CPU
		{AA07E2DE-E9D5-45A7-9184-C83DC9743A07}.Debug|x64.Build.0 = Debug|Any CPU
		{AA07E2DE-E9D5-45A7-9184-C83DC9743A07}.Debug|x86.ActiveCfg = Debug|Any CPU
		{AA07E2DE-E9D5-45A7-9184-C83DC9743A07}.Debug|x86.Build.0 = Debug|Any CPU
		{AA07E2DE-E9D5-45A7-9184-C83DC9743A07}.Release|Any CPU.ActiveCfg = Release|Any CPU
		{AA07E2DE-E9D5-45A7-9184-C83DC9743A07}.Release|Any CPU.Build.0 = Release|Any CPU
		{AA07E2DE-E9D5-45A7-9184-C83DC9743A07}.Release|x64.ActiveCfg = Release|Any CPU
		{AA07E2DE-E9D5-45A7-9184-C83DC9743A07}.Release|x64.Build.0 = Release|Any CPU
		{AA07E2DE-E9D5-45A7-9184-C83DC9743A07}.Release|x86.ActiveCfg = Release|Any CPU
		{AA07E2DE-E9D5-45A7-9184-C83DC9743A07}.Release|x86.Build.0 = Release|Any CPU
		{E203D61E-F1A5-4C5C-A7C0-474EC5199735}.Debug|Any CPU.ActiveCfg = Debug|Any CPU
		{E203D61E-F1A5-4C5C-A7C0-474EC5199735}.Debug|Any CPU.Build.0 = Debug|Any CPU
		{E203D61E-F1A5-4C5C-A7C0-474EC5199735}.Debug|x64.ActiveCfg = Debug|Any CPU
		{E203D61E-F1A5-4C5C-A7C0-474EC5199735}.Debug|x64.Build.0 = Debug|Any CPU
		{E203D61E-F1A5-4C5C-A7C0-474EC5199735}.Debug|x86.ActiveCfg = Debug|Any CPU
		{E203D61E-F1A5-4C5C-A7C0-474EC5199735}.Debug|x86.Build.0 = Debug|Any CPU
		{E203D61E-F1A5-4C5C-A7C0-474EC5199735}.Release|Any CPU.ActiveCfg = Release|Any CPU
		{E203D61E-F1A5-4C5C-A7C0-474EC5199735}.Release|Any CPU.Build.0 = Release|Any CPU
		{E203D61E-F1A5-4C5C-A7C0-474EC5199735}.Release|x64.ActiveCfg = Release|Any CPU
		{E203D61E-F1A5-4C5C-A7C0-474EC5199735}.Release|x64.Build.0 = Release|Any CPU
		{E203D61E-F1A5-4C5C-A7C0-474EC5199735}.Release|x86.ActiveCfg = Release|Any CPU
		{E203D61E-F1A5-4C5C-A7C0-474EC5199735}.Release|x86.Build.0 = Release|Any CPU
		{9AF22511-C1AA-4EF3-9AD2-7CFBAC6C5B65}.Debug|Any CPU.ActiveCfg = Debug|Any CPU
		{9AF22511-C1AA-4EF3-9AD2-7CFBAC6C5B65}.Debug|Any CPU.Build.0 = Debug|Any CPU
		{9AF22511-C1AA-4EF3-9AD2-7CFBAC6C5B65}.Debug|x64.ActiveCfg = Debug|Any CPU
		{9AF22511-C1AA-4EF3-9AD2-7CFBAC6C5B65}.Debug|x64.Build.0 = Debug|Any CPU
		{9AF22511-C1AA-4EF3-9AD2-7CFBAC6C5B65}.Debug|x86.ActiveCfg = Debug|Any CPU
		{9AF22511-C1AA-4EF3-9AD2-7CFBAC6C5B65}.Debug|x86.Build.0 = Debug|Any CPU
		{9AF22511-C1AA-4EF3-9AD2-7CFBAC6C5B65}.Release|Any CPU.ActiveCfg = Release|Any CPU
		{9AF22511-C1AA-4EF3-9AD2-7CFBAC6C5B65}.Release|Any CPU.Build.0 = Release|Any CPU
		{9AF22511-C1AA-4EF3-9AD2-7CFBAC6C5B65}.Release|x64.ActiveCfg = Release|Any CPU
		{9AF22511-C1AA-4EF3-9AD2-7CFBAC6C5B65}.Release|x64.Build.0 = Release|Any CPU
		{9AF22511-C1AA-4EF3-9AD2-7CFBAC6C5B65}.Release|x86.ActiveCfg = Release|Any CPU
		{9AF22511-C1AA-4EF3-9AD2-7CFBAC6C5B65}.Release|x86.Build.0 = Release|Any CPU
		{23FE22EC-F772-4E35-95DA-10D00D36D12A}.Debug|Any CPU.ActiveCfg = Debug|Any CPU
		{23FE22EC-F772-4E35-95DA-10D00D36D12A}.Debug|Any CPU.Build.0 = Debug|Any CPU
		{23FE22EC-F772-4E35-95DA-10D00D36D12A}.Debug|x64.ActiveCfg = Debug|Any CPU
		{23FE22EC-F772-4E35-95DA-10D00D36D12A}.Debug|x64.Build.0 = Debug|Any CPU
		{23FE22EC-F772-4E35-95DA-10D00D36D12A}.Debug|x86.ActiveCfg = Debug|Any CPU
		{23FE22EC-F772-4E35-95DA-10D00D36D12A}.Debug|x86.Build.0 = Debug|Any CPU
		{23FE22EC-F772-4E35-95DA-10D00D36D12A}.Release|Any CPU.ActiveCfg = Release|Any CPU
		{23FE22EC-F772-4E35-95DA-10D00D36D12A}.Release|Any CPU.Build.0 = Release|Any CPU
		{23FE22EC-F772-4E35-95DA-10D00D36D12A}.Release|x64.ActiveCfg = Release|Any CPU
		{23FE22EC-F772-4E35-95DA-10D00D36D12A}.Release|x64.Build.0 = Release|Any CPU
		{23FE22EC-F772-4E35-95DA-10D00D36D12A}.Release|x86.ActiveCfg = Release|Any CPU
		{23FE22EC-F772-4E35-95DA-10D00D36D12A}.Release|x86.Build.0 = Release|Any CPU
		{B68D7659-F37D-439B-9190-1D86F89CACCE}.Debug|Any CPU.ActiveCfg = Debug|Any CPU
		{B68D7659-F37D-439B-9190-1D86F89CACCE}.Debug|Any CPU.Build.0 = Debug|Any CPU
		{B68D7659-F37D-439B-9190-1D86F89CACCE}.Debug|x64.ActiveCfg = Debug|Any CPU
		{B68D7659-F37D-439B-9190-1D86F89CACCE}.Debug|x64.Build.0 = Debug|Any CPU
		{B68D7659-F37D-439B-9190-1D86F89CACCE}.Debug|x86.ActiveCfg = Debug|Any CPU
		{B68D7659-F37D-439B-9190-1D86F89CACCE}.Debug|x86.Build.0 = Debug|Any CPU
		{B68D7659-F37D-439B-9190-1D86F89CACCE}.Release|Any CPU.ActiveCfg = Release|Any CPU
		{B68D7659-F37D-439B-9190-1D86F89CACCE}.Release|Any CPU.Build.0 = Release|Any CPU
		{B68D7659-F37D-439B-9190-1D86F89CACCE}.Release|x64.ActiveCfg = Release|Any CPU
		{B68D7659-F37D-439B-9190-1D86F89CACCE}.Release|x64.Build.0 = Release|Any CPU
		{B68D7659-F37D-439B-9190-1D86F89CACCE}.Release|x86.ActiveCfg = Release|Any CPU
		{B68D7659-F37D-439B-9190-1D86F89CACCE}.Release|x86.Build.0 = Release|Any CPU
		{1524876B-7FB1-4A21-8302-3DEF17AD3289}.Debug|Any CPU.ActiveCfg = Debug|Any CPU
		{1524876B-7FB1-4A21-8302-3DEF17AD3289}.Debug|Any CPU.Build.0 = Debug|Any CPU
		{1524876B-7FB1-4A21-8302-3DEF17AD3289}.Debug|x64.ActiveCfg = Debug|Any CPU
		{1524876B-7FB1-4A21-8302-3DEF17AD3289}.Debug|x64.Build.0 = Debug|Any CPU
		{1524876B-7FB1-4A21-8302-3DEF17AD3289}.Debug|x86.ActiveCfg = Debug|Any CPU
		{1524876B-7FB1-4A21-8302-3DEF17AD3289}.Debug|x86.Build.0 = Debug|Any CPU
		{1524876B-7FB1-4A21-8302-3DEF17AD3289}.Release|Any CPU.ActiveCfg = Release|Any CPU
		{1524876B-7FB1-4A21-8302-3DEF17AD3289}.Release|Any CPU.Build.0 = Release|Any CPU
		{1524876B-7FB1-4A21-8302-3DEF17AD3289}.Release|x64.ActiveCfg = Release|Any CPU
		{1524876B-7FB1-4A21-8302-3DEF17AD3289}.Release|x64.Build.0 = Release|Any CPU
		{1524876B-7FB1-4A21-8302-3DEF17AD3289}.Release|x86.ActiveCfg = Release|Any CPU
		{1524876B-7FB1-4A21-8302-3DEF17AD3289}.Release|x86.Build.0 = Release|Any CPU
		{C60C2D5F-110E-42B0-B37D-BA7AC829C378}.Debug|Any CPU.ActiveCfg = Debug|Any CPU
		{C60C2D5F-110E-42B0-B37D-BA7AC829C378}.Debug|Any CPU.Build.0 = Debug|Any CPU
		{C60C2D5F-110E-42B0-B37D-BA7AC829C378}.Debug|x64.ActiveCfg = Debug|Any CPU
		{C60C2D5F-110E-42B0-B37D-BA7AC829C378}.Debug|x64.Build.0 = Debug|Any CPU
		{C60C2D5F-110E-42B0-B37D-BA7AC829C378}.Debug|x86.ActiveCfg = Debug|Any CPU
		{C60C2D5F-110E-42B0-B37D-BA7AC829C378}.Debug|x86.Build.0 = Debug|Any CPU
		{C60C2D5F-110E-42B0-B37D-BA7AC829C378}.Release|Any CPU.ActiveCfg = Release|Any CPU
		{C60C2D5F-110E-42B0-B37D-BA7AC829C378}.Release|Any CPU.Build.0 = Release|Any CPU
		{C60C2D5F-110E-42B0-B37D-BA7AC829C378}.Release|x64.ActiveCfg = Release|Any CPU
		{C60C2D5F-110E-42B0-B37D-BA7AC829C378}.Release|x64.Build.0 = Release|Any CPU
		{C60C2D5F-110E-42B0-B37D-BA7AC829C378}.Release|x86.ActiveCfg = Release|Any CPU
		{C60C2D5F-110E-42B0-B37D-BA7AC829C378}.Release|x86.Build.0 = Release|Any CPU
		{D62CCD79-F4B6-4A27-875D-FE9DA78A8854}.Debug|Any CPU.ActiveCfg = Debug|Any CPU
		{D62CCD79-F4B6-4A27-875D-FE9DA78A8854}.Debug|Any CPU.Build.0 = Debug|Any CPU
		{D62CCD79-F4B6-4A27-875D-FE9DA78A8854}.Debug|x64.ActiveCfg = Debug|Any CPU
		{D62CCD79-F4B6-4A27-875D-FE9DA78A8854}.Debug|x64.Build.0 = Debug|Any CPU
		{D62CCD79-F4B6-4A27-875D-FE9DA78A8854}.Debug|x86.ActiveCfg = Debug|Any CPU
		{D62CCD79-F4B6-4A27-875D-FE9DA78A8854}.Debug|x86.Build.0 = Debug|Any CPU
		{D62CCD79-F4B6-4A27-875D-FE9DA78A8854}.Release|Any CPU.ActiveCfg = Release|Any CPU
		{D62CCD79-F4B6-4A27-875D-FE9DA78A8854}.Release|Any CPU.Build.0 = Release|Any CPU
		{D62CCD79-F4B6-4A27-875D-FE9DA78A8854}.Release|x64.ActiveCfg = Release|Any CPU
		{D62CCD79-F4B6-4A27-875D-FE9DA78A8854}.Release|x64.Build.0 = Release|Any CPU
		{D62CCD79-F4B6-4A27-875D-FE9DA78A8854}.Release|x86.ActiveCfg = Release|Any CPU
		{D62CCD79-F4B6-4A27-875D-FE9DA78A8854}.Release|x86.Build.0 = Release|Any CPU
		{9C007AC9-FA6D-4625-8E95-A867C510D525}.Debug|Any CPU.ActiveCfg = Debug|Any CPU
		{9C007AC9-FA6D-4625-8E95-A867C510D525}.Debug|Any CPU.Build.0 = Debug|Any CPU
		{9C007AC9-FA6D-4625-8E95-A867C510D525}.Debug|x64.ActiveCfg = Debug|Any CPU
		{9C007AC9-FA6D-4625-8E95-A867C510D525}.Debug|x64.Build.0 = Debug|Any CPU
		{9C007AC9-FA6D-4625-8E95-A867C510D525}.Debug|x86.ActiveCfg = Debug|Any CPU
		{9C007AC9-FA6D-4625-8E95-A867C510D525}.Debug|x86.Build.0 = Debug|Any CPU
		{9C007AC9-FA6D-4625-8E95-A867C510D525}.Release|Any CPU.ActiveCfg = Release|Any CPU
		{9C007AC9-FA6D-4625-8E95-A867C510D525}.Release|Any CPU.Build.0 = Release|Any CPU
		{9C007AC9-FA6D-4625-8E95-A867C510D525}.Release|x64.ActiveCfg = Release|Any CPU
		{9C007AC9-FA6D-4625-8E95-A867C510D525}.Release|x64.Build.0 = Release|Any CPU
		{9C007AC9-FA6D-4625-8E95-A867C510D525}.Release|x86.ActiveCfg = Release|Any CPU
		{9C007AC9-FA6D-4625-8E95-A867C510D525}.Release|x86.Build.0 = Release|Any CPU
		{8505D524-BAC6-4FA6-8F1D-7417EB948B8C}.Debug|Any CPU.ActiveCfg = Debug|Any CPU
		{8505D524-BAC6-4FA6-8F1D-7417EB948B8C}.Debug|Any CPU.Build.0 = Debug|Any CPU
		{8505D524-BAC6-4FA6-8F1D-7417EB948B8C}.Debug|x64.ActiveCfg = Debug|Any CPU
		{8505D524-BAC6-4FA6-8F1D-7417EB948B8C}.Debug|x64.Build.0 = Debug|Any CPU
		{8505D524-BAC6-4FA6-8F1D-7417EB948B8C}.Debug|x86.ActiveCfg = Debug|Any CPU
		{8505D524-BAC6-4FA6-8F1D-7417EB948B8C}.Debug|x86.Build.0 = Debug|Any CPU
		{8505D524-BAC6-4FA6-8F1D-7417EB948B8C}.Release|Any CPU.ActiveCfg = Release|Any CPU
		{8505D524-BAC6-4FA6-8F1D-7417EB948B8C}.Release|Any CPU.Build.0 = Release|Any CPU
		{8505D524-BAC6-4FA6-8F1D-7417EB948B8C}.Release|x64.ActiveCfg = Release|Any CPU
		{8505D524-BAC6-4FA6-8F1D-7417EB948B8C}.Release|x64.Build.0 = Release|Any CPU
		{8505D524-BAC6-4FA6-8F1D-7417EB948B8C}.Release|x86.ActiveCfg = Release|Any CPU
		{8505D524-BAC6-4FA6-8F1D-7417EB948B8C}.Release|x86.Build.0 = Release|Any CPU
		{2B2C94D6-09D8-4713-80C9-C57478FBE9DC}.Debug|Any CPU.ActiveCfg = Debug|Any CPU
		{2B2C94D6-09D8-4713-80C9-C57478FBE9DC}.Debug|Any CPU.Build.0 = Debug|Any CPU
		{2B2C94D6-09D8-4713-80C9-C57478FBE9DC}.Debug|x64.ActiveCfg = Debug|Any CPU
		{2B2C94D6-09D8-4713-80C9-C57478FBE9DC}.Debug|x64.Build.0 = Debug|Any CPU
		{2B2C94D6-09D8-4713-80C9-C57478FBE9DC}.Debug|x86.ActiveCfg = Debug|Any CPU
		{2B2C94D6-09D8-4713-80C9-C57478FBE9DC}.Debug|x86.Build.0 = Debug|Any CPU
		{2B2C94D6-09D8-4713-80C9-C57478FBE9DC}.Release|Any CPU.ActiveCfg = Release|Any CPU
		{2B2C94D6-09D8-4713-80C9-C57478FBE9DC}.Release|Any CPU.Build.0 = Release|Any CPU
		{2B2C94D6-09D8-4713-80C9-C57478FBE9DC}.Release|x64.ActiveCfg = Release|Any CPU
		{2B2C94D6-09D8-4713-80C9-C57478FBE9DC}.Release|x64.Build.0 = Release|Any CPU
		{2B2C94D6-09D8-4713-80C9-C57478FBE9DC}.Release|x86.ActiveCfg = Release|Any CPU
		{2B2C94D6-09D8-4713-80C9-C57478FBE9DC}.Release|x86.Build.0 = Release|Any CPU
		{3C3223CF-A7FC-4922-98AA-84F9F615903C}.Debug|Any CPU.ActiveCfg = Debug|Any CPU
		{3C3223CF-A7FC-4922-98AA-84F9F615903C}.Debug|Any CPU.Build.0 = Debug|Any CPU
		{3C3223CF-A7FC-4922-98AA-84F9F615903C}.Debug|x64.ActiveCfg = Debug|Any CPU
		{3C3223CF-A7FC-4922-98AA-84F9F615903C}.Debug|x64.Build.0 = Debug|Any CPU
		{3C3223CF-A7FC-4922-98AA-84F9F615903C}.Debug|x86.ActiveCfg = Debug|Any CPU
		{3C3223CF-A7FC-4922-98AA-84F9F615903C}.Debug|x86.Build.0 = Debug|Any CPU
		{3C3223CF-A7FC-4922-98AA-84F9F615903C}.Release|Any CPU.ActiveCfg = Release|Any CPU
		{3C3223CF-A7FC-4922-98AA-84F9F615903C}.Release|Any CPU.Build.0 = Release|Any CPU
		{3C3223CF-A7FC-4922-98AA-84F9F615903C}.Release|x64.ActiveCfg = Release|Any CPU
		{3C3223CF-A7FC-4922-98AA-84F9F615903C}.Release|x64.Build.0 = Release|Any CPU
		{3C3223CF-A7FC-4922-98AA-84F9F615903C}.Release|x86.ActiveCfg = Release|Any CPU
		{3C3223CF-A7FC-4922-98AA-84F9F615903C}.Release|x86.Build.0 = Release|Any CPU
		{30564E72-E012-48DA-9C34-F9B23DADFBC1}.Debug|Any CPU.ActiveCfg = Debug|Any CPU
		{30564E72-E012-48DA-9C34-F9B23DADFBC1}.Debug|Any CPU.Build.0 = Debug|Any CPU
		{30564E72-E012-48DA-9C34-F9B23DADFBC1}.Debug|x64.ActiveCfg = Debug|Any CPU
		{30564E72-E012-48DA-9C34-F9B23DADFBC1}.Debug|x64.Build.0 = Debug|Any CPU
		{30564E72-E012-48DA-9C34-F9B23DADFBC1}.Debug|x86.ActiveCfg = Debug|Any CPU
		{30564E72-E012-48DA-9C34-F9B23DADFBC1}.Debug|x86.Build.0 = Debug|Any CPU
		{30564E72-E012-48DA-9C34-F9B23DADFBC1}.Release|Any CPU.ActiveCfg = Release|Any CPU
		{30564E72-E012-48DA-9C34-F9B23DADFBC1}.Release|Any CPU.Build.0 = Release|Any CPU
		{30564E72-E012-48DA-9C34-F9B23DADFBC1}.Release|x64.ActiveCfg = Release|Any CPU
		{30564E72-E012-48DA-9C34-F9B23DADFBC1}.Release|x64.Build.0 = Release|Any CPU
		{30564E72-E012-48DA-9C34-F9B23DADFBC1}.Release|x86.ActiveCfg = Release|Any CPU
		{30564E72-E012-48DA-9C34-F9B23DADFBC1}.Release|x86.Build.0 = Release|Any CPU
		{E477DB2B-E8F9-48CC-A871-1DC24646A34D}.Debug|Any CPU.ActiveCfg = Debug|Any CPU
		{E477DB2B-E8F9-48CC-A871-1DC24646A34D}.Debug|Any CPU.Build.0 = Debug|Any CPU
		{E477DB2B-E8F9-48CC-A871-1DC24646A34D}.Debug|x64.ActiveCfg = Debug|Any CPU
		{E477DB2B-E8F9-48CC-A871-1DC24646A34D}.Debug|x64.Build.0 = Debug|Any CPU
		{E477DB2B-E8F9-48CC-A871-1DC24646A34D}.Debug|x86.ActiveCfg = Debug|Any CPU
		{E477DB2B-E8F9-48CC-A871-1DC24646A34D}.Debug|x86.Build.0 = Debug|Any CPU
		{E477DB2B-E8F9-48CC-A871-1DC24646A34D}.Release|Any CPU.ActiveCfg = Release|Any CPU
		{E477DB2B-E8F9-48CC-A871-1DC24646A34D}.Release|Any CPU.Build.0 = Release|Any CPU
		{E477DB2B-E8F9-48CC-A871-1DC24646A34D}.Release|x64.ActiveCfg = Release|Any CPU
		{E477DB2B-E8F9-48CC-A871-1DC24646A34D}.Release|x64.Build.0 = Release|Any CPU
		{E477DB2B-E8F9-48CC-A871-1DC24646A34D}.Release|x86.ActiveCfg = Release|Any CPU
		{E477DB2B-E8F9-48CC-A871-1DC24646A34D}.Release|x86.Build.0 = Release|Any CPU
		{B480E669-A542-4C8E-A9C6-551A88ED291B}.Debug|Any CPU.ActiveCfg = Debug|Any CPU
		{B480E669-A542-4C8E-A9C6-551A88ED291B}.Debug|Any CPU.Build.0 = Debug|Any CPU
		{B480E669-A542-4C8E-A9C6-551A88ED291B}.Debug|x64.ActiveCfg = Debug|Any CPU
		{B480E669-A542-4C8E-A9C6-551A88ED291B}.Debug|x64.Build.0 = Debug|Any CPU
		{B480E669-A542-4C8E-A9C6-551A88ED291B}.Debug|x86.ActiveCfg = Debug|Any CPU
		{B480E669-A542-4C8E-A9C6-551A88ED291B}.Debug|x86.Build.0 = Debug|Any CPU
		{B480E669-A542-4C8E-A9C6-551A88ED291B}.Release|Any CPU.ActiveCfg = Release|Any CPU
		{B480E669-A542-4C8E-A9C6-551A88ED291B}.Release|Any CPU.Build.0 = Release|Any CPU
		{B480E669-A542-4C8E-A9C6-551A88ED291B}.Release|x64.ActiveCfg = Release|Any CPU
		{B480E669-A542-4C8E-A9C6-551A88ED291B}.Release|x64.Build.0 = Release|Any CPU
		{B480E669-A542-4C8E-A9C6-551A88ED291B}.Release|x86.ActiveCfg = Release|Any CPU
		{B480E669-A542-4C8E-A9C6-551A88ED291B}.Release|x86.Build.0 = Release|Any CPU
		{4BE426CB-53F7-4221-AEFE-924572A47D6E}.Debug|Any CPU.ActiveCfg = Debug|Any CPU
		{4BE426CB-53F7-4221-AEFE-924572A47D6E}.Debug|Any CPU.Build.0 = Debug|Any CPU
		{4BE426CB-53F7-4221-AEFE-924572A47D6E}.Debug|x64.ActiveCfg = Debug|Any CPU
		{4BE426CB-53F7-4221-AEFE-924572A47D6E}.Debug|x64.Build.0 = Debug|Any CPU
		{4BE426CB-53F7-4221-AEFE-924572A47D6E}.Debug|x86.ActiveCfg = Debug|Any CPU
		{4BE426CB-53F7-4221-AEFE-924572A47D6E}.Debug|x86.Build.0 = Debug|Any CPU
		{4BE426CB-53F7-4221-AEFE-924572A47D6E}.Release|Any CPU.ActiveCfg = Release|Any CPU
		{4BE426CB-53F7-4221-AEFE-924572A47D6E}.Release|Any CPU.Build.0 = Release|Any CPU
		{4BE426CB-53F7-4221-AEFE-924572A47D6E}.Release|x64.ActiveCfg = Release|Any CPU
		{4BE426CB-53F7-4221-AEFE-924572A47D6E}.Release|x64.Build.0 = Release|Any CPU
		{4BE426CB-53F7-4221-AEFE-924572A47D6E}.Release|x86.ActiveCfg = Release|Any CPU
		{4BE426CB-53F7-4221-AEFE-924572A47D6E}.Release|x86.Build.0 = Release|Any CPU
		{5786E81B-1EDC-42A9-992F-BB52DCCB0F94}.Debug|Any CPU.ActiveCfg = Debug|Any CPU
		{5786E81B-1EDC-42A9-992F-BB52DCCB0F94}.Debug|Any CPU.Build.0 = Debug|Any CPU
		{5786E81B-1EDC-42A9-992F-BB52DCCB0F94}.Debug|x64.ActiveCfg = Debug|Any CPU
		{5786E81B-1EDC-42A9-992F-BB52DCCB0F94}.Debug|x64.Build.0 = Debug|Any CPU
		{5786E81B-1EDC-42A9-992F-BB52DCCB0F94}.Debug|x86.ActiveCfg = Debug|Any CPU
		{5786E81B-1EDC-42A9-992F-BB52DCCB0F94}.Debug|x86.Build.0 = Debug|Any CPU
		{5786E81B-1EDC-42A9-992F-BB52DCCB0F94}.Release|Any CPU.ActiveCfg = Release|Any CPU
		{5786E81B-1EDC-42A9-992F-BB52DCCB0F94}.Release|Any CPU.Build.0 = Release|Any CPU
		{5786E81B-1EDC-42A9-992F-BB52DCCB0F94}.Release|x64.ActiveCfg = Release|Any CPU
		{5786E81B-1EDC-42A9-992F-BB52DCCB0F94}.Release|x64.Build.0 = Release|Any CPU
		{5786E81B-1EDC-42A9-992F-BB52DCCB0F94}.Release|x86.ActiveCfg = Release|Any CPU
		{5786E81B-1EDC-42A9-992F-BB52DCCB0F94}.Release|x86.Build.0 = Release|Any CPU
		{A77CAD38-8F8D-407B-B414-57A2AA2412CA}.Debug|Any CPU.ActiveCfg = Debug|Any CPU
		{A77CAD38-8F8D-407B-B414-57A2AA2412CA}.Debug|Any CPU.Build.0 = Debug|Any CPU
		{A77CAD38-8F8D-407B-B414-57A2AA2412CA}.Debug|x64.ActiveCfg = Debug|Any CPU
		{A77CAD38-8F8D-407B-B414-57A2AA2412CA}.Debug|x64.Build.0 = Debug|Any CPU
		{A77CAD38-8F8D-407B-B414-57A2AA2412CA}.Debug|x86.ActiveCfg = Debug|Any CPU
		{A77CAD38-8F8D-407B-B414-57A2AA2412CA}.Debug|x86.Build.0 = Debug|Any CPU
		{A77CAD38-8F8D-407B-B414-57A2AA2412CA}.Release|Any CPU.ActiveCfg = Release|Any CPU
		{A77CAD38-8F8D-407B-B414-57A2AA2412CA}.Release|Any CPU.Build.0 = Release|Any CPU
		{A77CAD38-8F8D-407B-B414-57A2AA2412CA}.Release|x64.ActiveCfg = Release|Any CPU
		{A77CAD38-8F8D-407B-B414-57A2AA2412CA}.Release|x64.Build.0 = Release|Any CPU
		{A77CAD38-8F8D-407B-B414-57A2AA2412CA}.Release|x86.ActiveCfg = Release|Any CPU
		{A77CAD38-8F8D-407B-B414-57A2AA2412CA}.Release|x86.Build.0 = Release|Any CPU
		{B411A5EE-AE66-42CB-AC8D-ED373106E6E7}.Debug|Any CPU.ActiveCfg = Debug|Any CPU
		{B411A5EE-AE66-42CB-AC8D-ED373106E6E7}.Debug|Any CPU.Build.0 = Debug|Any CPU
		{B411A5EE-AE66-42CB-AC8D-ED373106E6E7}.Debug|x64.ActiveCfg = Debug|Any CPU
		{B411A5EE-AE66-42CB-AC8D-ED373106E6E7}.Debug|x64.Build.0 = Debug|Any CPU
		{B411A5EE-AE66-42CB-AC8D-ED373106E6E7}.Debug|x86.ActiveCfg = Debug|Any CPU
		{B411A5EE-AE66-42CB-AC8D-ED373106E6E7}.Debug|x86.Build.0 = Debug|Any CPU
		{B411A5EE-AE66-42CB-AC8D-ED373106E6E7}.Release|Any CPU.ActiveCfg = Release|Any CPU
		{B411A5EE-AE66-42CB-AC8D-ED373106E6E7}.Release|Any CPU.Build.0 = Release|Any CPU
		{B411A5EE-AE66-42CB-AC8D-ED373106E6E7}.Release|x64.ActiveCfg = Release|Any CPU
		{B411A5EE-AE66-42CB-AC8D-ED373106E6E7}.Release|x64.Build.0 = Release|Any CPU
		{B411A5EE-AE66-42CB-AC8D-ED373106E6E7}.Release|x86.ActiveCfg = Release|Any CPU
		{B411A5EE-AE66-42CB-AC8D-ED373106E6E7}.Release|x86.Build.0 = Release|Any CPU
		{FCFE8C22-E20D-436D-A772-C03C6002A0F6}.Debug|Any CPU.ActiveCfg = Debug|Any CPU
		{FCFE8C22-E20D-436D-A772-C03C6002A0F6}.Debug|Any CPU.Build.0 = Debug|Any CPU
		{FCFE8C22-E20D-436D-A772-C03C6002A0F6}.Debug|x64.ActiveCfg = Debug|Any CPU
		{FCFE8C22-E20D-436D-A772-C03C6002A0F6}.Debug|x64.Build.0 = Debug|Any CPU
		{FCFE8C22-E20D-436D-A772-C03C6002A0F6}.Debug|x86.ActiveCfg = Debug|Any CPU
		{FCFE8C22-E20D-436D-A772-C03C6002A0F6}.Debug|x86.Build.0 = Debug|Any CPU
		{FCFE8C22-E20D-436D-A772-C03C6002A0F6}.Release|Any CPU.ActiveCfg = Release|Any CPU
		{FCFE8C22-E20D-436D-A772-C03C6002A0F6}.Release|Any CPU.Build.0 = Release|Any CPU
		{FCFE8C22-E20D-436D-A772-C03C6002A0F6}.Release|x64.ActiveCfg = Release|Any CPU
		{FCFE8C22-E20D-436D-A772-C03C6002A0F6}.Release|x64.Build.0 = Release|Any CPU
		{FCFE8C22-E20D-436D-A772-C03C6002A0F6}.Release|x86.ActiveCfg = Release|Any CPU
		{FCFE8C22-E20D-436D-A772-C03C6002A0F6}.Release|x86.Build.0 = Release|Any CPU
		{F2191BA5-D994-4B4B-99D9-6926AA83CAB6}.Debug|Any CPU.ActiveCfg = Debug|Any CPU
		{F2191BA5-D994-4B4B-99D9-6926AA83CAB6}.Debug|Any CPU.Build.0 = Debug|Any CPU
		{F2191BA5-D994-4B4B-99D9-6926AA83CAB6}.Debug|x64.ActiveCfg = Debug|Any CPU
		{F2191BA5-D994-4B4B-99D9-6926AA83CAB6}.Debug|x64.Build.0 = Debug|Any CPU
		{F2191BA5-D994-4B4B-99D9-6926AA83CAB6}.Debug|x86.ActiveCfg = Debug|Any CPU
		{F2191BA5-D994-4B4B-99D9-6926AA83CAB6}.Debug|x86.Build.0 = Debug|Any CPU
		{F2191BA5-D994-4B4B-99D9-6926AA83CAB6}.Release|Any CPU.ActiveCfg = Release|Any CPU
		{F2191BA5-D994-4B4B-99D9-6926AA83CAB6}.Release|Any CPU.Build.0 = Release|Any CPU
		{F2191BA5-D994-4B4B-99D9-6926AA83CAB6}.Release|x64.ActiveCfg = Release|Any CPU
		{F2191BA5-D994-4B4B-99D9-6926AA83CAB6}.Release|x64.Build.0 = Release|Any CPU
		{F2191BA5-D994-4B4B-99D9-6926AA83CAB6}.Release|x86.ActiveCfg = Release|Any CPU
		{F2191BA5-D994-4B4B-99D9-6926AA83CAB6}.Release|x86.Build.0 = Release|Any CPU
		{AEB21BBE-639B-4625-BD58-C16C4AC38F25}.Debug|Any CPU.ActiveCfg = Debug|Any CPU
		{AEB21BBE-639B-4625-BD58-C16C4AC38F25}.Debug|Any CPU.Build.0 = Debug|Any CPU
		{AEB21BBE-639B-4625-BD58-C16C4AC38F25}.Debug|x64.ActiveCfg = Debug|Any CPU
		{AEB21BBE-639B-4625-BD58-C16C4AC38F25}.Debug|x64.Build.0 = Debug|Any CPU
		{AEB21BBE-639B-4625-BD58-C16C4AC38F25}.Debug|x86.ActiveCfg = Debug|Any CPU
		{AEB21BBE-639B-4625-BD58-C16C4AC38F25}.Debug|x86.Build.0 = Debug|Any CPU
		{AEB21BBE-639B-4625-BD58-C16C4AC38F25}.Release|Any CPU.ActiveCfg = Release|Any CPU
		{AEB21BBE-639B-4625-BD58-C16C4AC38F25}.Release|Any CPU.Build.0 = Release|Any CPU
		{AEB21BBE-639B-4625-BD58-C16C4AC38F25}.Release|x64.ActiveCfg = Release|Any CPU
		{AEB21BBE-639B-4625-BD58-C16C4AC38F25}.Release|x64.Build.0 = Release|Any CPU
		{AEB21BBE-639B-4625-BD58-C16C4AC38F25}.Release|x86.ActiveCfg = Release|Any CPU
		{AEB21BBE-639B-4625-BD58-C16C4AC38F25}.Release|x86.Build.0 = Release|Any CPU
		{49C4715B-4442-482B-BA44-E9494D02550D}.Debug|Any CPU.ActiveCfg = Debug|Any CPU
		{49C4715B-4442-482B-BA44-E9494D02550D}.Debug|Any CPU.Build.0 = Debug|Any CPU
		{49C4715B-4442-482B-BA44-E9494D02550D}.Debug|x64.ActiveCfg = Debug|Any CPU
		{49C4715B-4442-482B-BA44-E9494D02550D}.Debug|x64.Build.0 = Debug|Any CPU
		{49C4715B-4442-482B-BA44-E9494D02550D}.Debug|x86.ActiveCfg = Debug|Any CPU
		{49C4715B-4442-482B-BA44-E9494D02550D}.Debug|x86.Build.0 = Debug|Any CPU
		{49C4715B-4442-482B-BA44-E9494D02550D}.Release|Any CPU.ActiveCfg = Release|Any CPU
		{49C4715B-4442-482B-BA44-E9494D02550D}.Release|Any CPU.Build.0 = Release|Any CPU
		{49C4715B-4442-482B-BA44-E9494D02550D}.Release|x64.ActiveCfg = Release|Any CPU
		{49C4715B-4442-482B-BA44-E9494D02550D}.Release|x64.Build.0 = Release|Any CPU
		{49C4715B-4442-482B-BA44-E9494D02550D}.Release|x86.ActiveCfg = Release|Any CPU
		{49C4715B-4442-482B-BA44-E9494D02550D}.Release|x86.Build.0 = Release|Any CPU
		{02D0DAF6-D85C-4B23-B6D3-30557CC7B83C}.Debug|Any CPU.ActiveCfg = Debug|Any CPU
		{02D0DAF6-D85C-4B23-B6D3-30557CC7B83C}.Debug|Any CPU.Build.0 = Debug|Any CPU
		{02D0DAF6-D85C-4B23-B6D3-30557CC7B83C}.Debug|x64.ActiveCfg = Debug|Any CPU
		{02D0DAF6-D85C-4B23-B6D3-30557CC7B83C}.Debug|x64.Build.0 = Debug|Any CPU
		{02D0DAF6-D85C-4B23-B6D3-30557CC7B83C}.Debug|x86.ActiveCfg = Debug|Any CPU
		{02D0DAF6-D85C-4B23-B6D3-30557CC7B83C}.Debug|x86.Build.0 = Debug|Any CPU
		{02D0DAF6-D85C-4B23-B6D3-30557CC7B83C}.Release|Any CPU.ActiveCfg = Release|Any CPU
		{02D0DAF6-D85C-4B23-B6D3-30557CC7B83C}.Release|Any CPU.Build.0 = Release|Any CPU
		{02D0DAF6-D85C-4B23-B6D3-30557CC7B83C}.Release|x64.ActiveCfg = Release|Any CPU
		{02D0DAF6-D85C-4B23-B6D3-30557CC7B83C}.Release|x64.Build.0 = Release|Any CPU
		{02D0DAF6-D85C-4B23-B6D3-30557CC7B83C}.Release|x86.ActiveCfg = Release|Any CPU
		{02D0DAF6-D85C-4B23-B6D3-30557CC7B83C}.Release|x86.Build.0 = Release|Any CPU
		{A93F4388-5196-41F3-B8DB-4319FBFA9A27}.Debug|Any CPU.ActiveCfg = Debug|Any CPU
		{A93F4388-5196-41F3-B8DB-4319FBFA9A27}.Debug|Any CPU.Build.0 = Debug|Any CPU
		{A93F4388-5196-41F3-B8DB-4319FBFA9A27}.Debug|x64.ActiveCfg = Debug|Any CPU
		{A93F4388-5196-41F3-B8DB-4319FBFA9A27}.Debug|x64.Build.0 = Debug|Any CPU
		{A93F4388-5196-41F3-B8DB-4319FBFA9A27}.Debug|x86.ActiveCfg = Debug|Any CPU
		{A93F4388-5196-41F3-B8DB-4319FBFA9A27}.Debug|x86.Build.0 = Debug|Any CPU
		{A93F4388-5196-41F3-B8DB-4319FBFA9A27}.Release|Any CPU.ActiveCfg = Release|Any CPU
		{A93F4388-5196-41F3-B8DB-4319FBFA9A27}.Release|Any CPU.Build.0 = Release|Any CPU
		{A93F4388-5196-41F3-B8DB-4319FBFA9A27}.Release|x64.ActiveCfg = Release|Any CPU
		{A93F4388-5196-41F3-B8DB-4319FBFA9A27}.Release|x64.Build.0 = Release|Any CPU
		{A93F4388-5196-41F3-B8DB-4319FBFA9A27}.Release|x86.ActiveCfg = Release|Any CPU
		{A93F4388-5196-41F3-B8DB-4319FBFA9A27}.Release|x86.Build.0 = Release|Any CPU
		{7EE5859B-1B43-4E02-B195-4E1CD1FC8AF6}.Debug|Any CPU.ActiveCfg = Debug|Any CPU
		{7EE5859B-1B43-4E02-B195-4E1CD1FC8AF6}.Debug|Any CPU.Build.0 = Debug|Any CPU
		{7EE5859B-1B43-4E02-B195-4E1CD1FC8AF6}.Debug|x64.ActiveCfg = Debug|Any CPU
		{7EE5859B-1B43-4E02-B195-4E1CD1FC8AF6}.Debug|x64.Build.0 = Debug|Any CPU
		{7EE5859B-1B43-4E02-B195-4E1CD1FC8AF6}.Debug|x86.ActiveCfg = Debug|Any CPU
		{7EE5859B-1B43-4E02-B195-4E1CD1FC8AF6}.Debug|x86.Build.0 = Debug|Any CPU
		{7EE5859B-1B43-4E02-B195-4E1CD1FC8AF6}.Release|Any CPU.ActiveCfg = Release|Any CPU
		{7EE5859B-1B43-4E02-B195-4E1CD1FC8AF6}.Release|Any CPU.Build.0 = Release|Any CPU
		{7EE5859B-1B43-4E02-B195-4E1CD1FC8AF6}.Release|x64.ActiveCfg = Release|Any CPU
		{7EE5859B-1B43-4E02-B195-4E1CD1FC8AF6}.Release|x64.Build.0 = Release|Any CPU
		{7EE5859B-1B43-4E02-B195-4E1CD1FC8AF6}.Release|x86.ActiveCfg = Release|Any CPU
		{7EE5859B-1B43-4E02-B195-4E1CD1FC8AF6}.Release|x86.Build.0 = Release|Any CPU
		{F2B1602E-B88C-4F25-828A-75A0AD428064}.Debug|Any CPU.ActiveCfg = Debug|Any CPU
		{F2B1602E-B88C-4F25-828A-75A0AD428064}.Debug|Any CPU.Build.0 = Debug|Any CPU
		{F2B1602E-B88C-4F25-828A-75A0AD428064}.Debug|x64.ActiveCfg = Debug|Any CPU
		{F2B1602E-B88C-4F25-828A-75A0AD428064}.Debug|x64.Build.0 = Debug|Any CPU
		{F2B1602E-B88C-4F25-828A-75A0AD428064}.Debug|x86.ActiveCfg = Debug|Any CPU
		{F2B1602E-B88C-4F25-828A-75A0AD428064}.Debug|x86.Build.0 = Debug|Any CPU
		{F2B1602E-B88C-4F25-828A-75A0AD428064}.Release|Any CPU.ActiveCfg = Release|Any CPU
		{F2B1602E-B88C-4F25-828A-75A0AD428064}.Release|Any CPU.Build.0 = Release|Any CPU
		{F2B1602E-B88C-4F25-828A-75A0AD428064}.Release|x64.ActiveCfg = Release|Any CPU
		{F2B1602E-B88C-4F25-828A-75A0AD428064}.Release|x64.Build.0 = Release|Any CPU
		{F2B1602E-B88C-4F25-828A-75A0AD428064}.Release|x86.ActiveCfg = Release|Any CPU
		{F2B1602E-B88C-4F25-828A-75A0AD428064}.Release|x86.Build.0 = Release|Any CPU
		{C98E2670-4776-4A8F-82CB-E92B70B11609}.Debug|Any CPU.ActiveCfg = Debug|Any CPU
		{C98E2670-4776-4A8F-82CB-E92B70B11609}.Debug|Any CPU.Build.0 = Debug|Any CPU
		{C98E2670-4776-4A8F-82CB-E92B70B11609}.Debug|x64.ActiveCfg = Debug|Any CPU
		{C98E2670-4776-4A8F-82CB-E92B70B11609}.Debug|x64.Build.0 = Debug|Any CPU
		{C98E2670-4776-4A8F-82CB-E92B70B11609}.Debug|x86.ActiveCfg = Debug|Any CPU
		{C98E2670-4776-4A8F-82CB-E92B70B11609}.Debug|x86.Build.0 = Debug|Any CPU
		{C98E2670-4776-4A8F-82CB-E92B70B11609}.Release|Any CPU.ActiveCfg = Release|Any CPU
		{C98E2670-4776-4A8F-82CB-E92B70B11609}.Release|Any CPU.Build.0 = Release|Any CPU
		{C98E2670-4776-4A8F-82CB-E92B70B11609}.Release|x64.ActiveCfg = Release|Any CPU
		{C98E2670-4776-4A8F-82CB-E92B70B11609}.Release|x64.Build.0 = Release|Any CPU
		{C98E2670-4776-4A8F-82CB-E92B70B11609}.Release|x86.ActiveCfg = Release|Any CPU
		{C98E2670-4776-4A8F-82CB-E92B70B11609}.Release|x86.Build.0 = Release|Any CPU
		{4F081743-C32B-4CBF-BA52-30E25728CC6D}.Debug|Any CPU.ActiveCfg = Debug|Any CPU
		{4F081743-C32B-4CBF-BA52-30E25728CC6D}.Debug|Any CPU.Build.0 = Debug|Any CPU
		{4F081743-C32B-4CBF-BA52-30E25728CC6D}.Debug|x64.ActiveCfg = Debug|Any CPU
		{4F081743-C32B-4CBF-BA52-30E25728CC6D}.Debug|x64.Build.0 = Debug|Any CPU
		{4F081743-C32B-4CBF-BA52-30E25728CC6D}.Debug|x86.ActiveCfg = Debug|Any CPU
		{4F081743-C32B-4CBF-BA52-30E25728CC6D}.Debug|x86.Build.0 = Debug|Any CPU
		{4F081743-C32B-4CBF-BA52-30E25728CC6D}.Release|Any CPU.ActiveCfg = Release|Any CPU
		{4F081743-C32B-4CBF-BA52-30E25728CC6D}.Release|Any CPU.Build.0 = Release|Any CPU
		{4F081743-C32B-4CBF-BA52-30E25728CC6D}.Release|x64.ActiveCfg = Release|Any CPU
		{4F081743-C32B-4CBF-BA52-30E25728CC6D}.Release|x64.Build.0 = Release|Any CPU
		{4F081743-C32B-4CBF-BA52-30E25728CC6D}.Release|x86.ActiveCfg = Release|Any CPU
		{4F081743-C32B-4CBF-BA52-30E25728CC6D}.Release|x86.Build.0 = Release|Any CPU
		{8D62448A-840E-41ED-AF00-197D62514ABD}.Debug|Any CPU.ActiveCfg = Debug|Any CPU
		{8D62448A-840E-41ED-AF00-197D62514ABD}.Debug|Any CPU.Build.0 = Debug|Any CPU
		{8D62448A-840E-41ED-AF00-197D62514ABD}.Debug|x64.ActiveCfg = Debug|Any CPU
		{8D62448A-840E-41ED-AF00-197D62514ABD}.Debug|x64.Build.0 = Debug|Any CPU
		{8D62448A-840E-41ED-AF00-197D62514ABD}.Debug|x86.ActiveCfg = Debug|Any CPU
		{8D62448A-840E-41ED-AF00-197D62514ABD}.Debug|x86.Build.0 = Debug|Any CPU
		{8D62448A-840E-41ED-AF00-197D62514ABD}.Release|Any CPU.ActiveCfg = Release|Any CPU
		{8D62448A-840E-41ED-AF00-197D62514ABD}.Release|Any CPU.Build.0 = Release|Any CPU
		{8D62448A-840E-41ED-AF00-197D62514ABD}.Release|x64.ActiveCfg = Release|Any CPU
		{8D62448A-840E-41ED-AF00-197D62514ABD}.Release|x64.Build.0 = Release|Any CPU
		{8D62448A-840E-41ED-AF00-197D62514ABD}.Release|x86.ActiveCfg = Release|Any CPU
		{8D62448A-840E-41ED-AF00-197D62514ABD}.Release|x86.Build.0 = Release|Any CPU
		{0FEE2AC0-C01F-42AA-9FC6-4F7C90B4DDA3}.Debug|Any CPU.ActiveCfg = Debug|Any CPU
		{0FEE2AC0-C01F-42AA-9FC6-4F7C90B4DDA3}.Debug|Any CPU.Build.0 = Debug|Any CPU
		{0FEE2AC0-C01F-42AA-9FC6-4F7C90B4DDA3}.Debug|x64.ActiveCfg = Debug|Any CPU
		{0FEE2AC0-C01F-42AA-9FC6-4F7C90B4DDA3}.Debug|x64.Build.0 = Debug|Any CPU
		{0FEE2AC0-C01F-42AA-9FC6-4F7C90B4DDA3}.Debug|x86.ActiveCfg = Debug|Any CPU
		{0FEE2AC0-C01F-42AA-9FC6-4F7C90B4DDA3}.Debug|x86.Build.0 = Debug|Any CPU
		{0FEE2AC0-C01F-42AA-9FC6-4F7C90B4DDA3}.Release|Any CPU.ActiveCfg = Release|Any CPU
		{0FEE2AC0-C01F-42AA-9FC6-4F7C90B4DDA3}.Release|Any CPU.Build.0 = Release|Any CPU
		{0FEE2AC0-C01F-42AA-9FC6-4F7C90B4DDA3}.Release|x64.ActiveCfg = Release|Any CPU
		{0FEE2AC0-C01F-42AA-9FC6-4F7C90B4DDA3}.Release|x64.Build.0 = Release|Any CPU
		{0FEE2AC0-C01F-42AA-9FC6-4F7C90B4DDA3}.Release|x86.ActiveCfg = Release|Any CPU
		{0FEE2AC0-C01F-42AA-9FC6-4F7C90B4DDA3}.Release|x86.Build.0 = Release|Any CPU
		{26237609-BF17-49C4-BF58-8B1334412565}.Debug|Any CPU.ActiveCfg = Debug|Any CPU
		{26237609-BF17-49C4-BF58-8B1334412565}.Debug|Any CPU.Build.0 = Debug|Any CPU
		{26237609-BF17-49C4-BF58-8B1334412565}.Debug|x64.ActiveCfg = Debug|Any CPU
		{26237609-BF17-49C4-BF58-8B1334412565}.Debug|x64.Build.0 = Debug|Any CPU
		{26237609-BF17-49C4-BF58-8B1334412565}.Debug|x86.ActiveCfg = Debug|Any CPU
		{26237609-BF17-49C4-BF58-8B1334412565}.Debug|x86.Build.0 = Debug|Any CPU
		{26237609-BF17-49C4-BF58-8B1334412565}.Release|Any CPU.ActiveCfg = Release|Any CPU
		{26237609-BF17-49C4-BF58-8B1334412565}.Release|Any CPU.Build.0 = Release|Any CPU
		{26237609-BF17-49C4-BF58-8B1334412565}.Release|x64.ActiveCfg = Release|Any CPU
		{26237609-BF17-49C4-BF58-8B1334412565}.Release|x64.Build.0 = Release|Any CPU
		{26237609-BF17-49C4-BF58-8B1334412565}.Release|x86.ActiveCfg = Release|Any CPU
		{26237609-BF17-49C4-BF58-8B1334412565}.Release|x86.Build.0 = Release|Any CPU
		{D6CEBE93-0F36-45E4-9B73-D360FC697430}.Debug|Any CPU.ActiveCfg = Debug|Any CPU
		{D6CEBE93-0F36-45E4-9B73-D360FC697430}.Debug|Any CPU.Build.0 = Debug|Any CPU
		{D6CEBE93-0F36-45E4-9B73-D360FC697430}.Debug|x64.ActiveCfg = Debug|Any CPU
		{D6CEBE93-0F36-45E4-9B73-D360FC697430}.Debug|x64.Build.0 = Debug|Any CPU
		{D6CEBE93-0F36-45E4-9B73-D360FC697430}.Debug|x86.ActiveCfg = Debug|Any CPU
		{D6CEBE93-0F36-45E4-9B73-D360FC697430}.Debug|x86.Build.0 = Debug|Any CPU
		{D6CEBE93-0F36-45E4-9B73-D360FC697430}.Release|Any CPU.ActiveCfg = Release|Any CPU
		{D6CEBE93-0F36-45E4-9B73-D360FC697430}.Release|Any CPU.Build.0 = Release|Any CPU
		{D6CEBE93-0F36-45E4-9B73-D360FC697430}.Release|x64.ActiveCfg = Release|Any CPU
		{D6CEBE93-0F36-45E4-9B73-D360FC697430}.Release|x64.Build.0 = Release|Any CPU
		{D6CEBE93-0F36-45E4-9B73-D360FC697430}.Release|x86.ActiveCfg = Release|Any CPU
		{D6CEBE93-0F36-45E4-9B73-D360FC697430}.Release|x86.Build.0 = Release|Any CPU
		{42E88339-9BB4-4DC6-AC53-10130B396F97}.Debug|Any CPU.ActiveCfg = Debug|Any CPU
		{42E88339-9BB4-4DC6-AC53-10130B396F97}.Debug|Any CPU.Build.0 = Debug|Any CPU
		{42E88339-9BB4-4DC6-AC53-10130B396F97}.Debug|x64.ActiveCfg = Debug|Any CPU
		{42E88339-9BB4-4DC6-AC53-10130B396F97}.Debug|x64.Build.0 = Debug|Any CPU
		{42E88339-9BB4-4DC6-AC53-10130B396F97}.Debug|x86.ActiveCfg = Debug|Any CPU
		{42E88339-9BB4-4DC6-AC53-10130B396F97}.Debug|x86.Build.0 = Debug|Any CPU
		{42E88339-9BB4-4DC6-AC53-10130B396F97}.Release|Any CPU.ActiveCfg = Release|Any CPU
		{42E88339-9BB4-4DC6-AC53-10130B396F97}.Release|Any CPU.Build.0 = Release|Any CPU
		{42E88339-9BB4-4DC6-AC53-10130B396F97}.Release|x64.ActiveCfg = Release|Any CPU
		{42E88339-9BB4-4DC6-AC53-10130B396F97}.Release|x64.Build.0 = Release|Any CPU
		{42E88339-9BB4-4DC6-AC53-10130B396F97}.Release|x86.ActiveCfg = Release|Any CPU
		{42E88339-9BB4-4DC6-AC53-10130B396F97}.Release|x86.Build.0 = Release|Any CPU
		{255F96A2-FA6B-4F73-A658-1219FDD8C70B}.Debug|Any CPU.ActiveCfg = Debug|Any CPU
		{255F96A2-FA6B-4F73-A658-1219FDD8C70B}.Debug|Any CPU.Build.0 = Debug|Any CPU
		{255F96A2-FA6B-4F73-A658-1219FDD8C70B}.Debug|x64.ActiveCfg = Debug|Any CPU
		{255F96A2-FA6B-4F73-A658-1219FDD8C70B}.Debug|x64.Build.0 = Debug|Any CPU
		{255F96A2-FA6B-4F73-A658-1219FDD8C70B}.Debug|x86.ActiveCfg = Debug|Any CPU
		{255F96A2-FA6B-4F73-A658-1219FDD8C70B}.Debug|x86.Build.0 = Debug|Any CPU
		{255F96A2-FA6B-4F73-A658-1219FDD8C70B}.Release|Any CPU.ActiveCfg = Release|Any CPU
		{255F96A2-FA6B-4F73-A658-1219FDD8C70B}.Release|Any CPU.Build.0 = Release|Any CPU
		{255F96A2-FA6B-4F73-A658-1219FDD8C70B}.Release|x64.ActiveCfg = Release|Any CPU
		{255F96A2-FA6B-4F73-A658-1219FDD8C70B}.Release|x64.Build.0 = Release|Any CPU
		{255F96A2-FA6B-4F73-A658-1219FDD8C70B}.Release|x86.ActiveCfg = Release|Any CPU
		{255F96A2-FA6B-4F73-A658-1219FDD8C70B}.Release|x86.Build.0 = Release|Any CPU
		{81137F9A-0A8F-4D43-A33D-3905B21F570D}.Debug|Any CPU.ActiveCfg = Debug|Any CPU
		{81137F9A-0A8F-4D43-A33D-3905B21F570D}.Debug|Any CPU.Build.0 = Debug|Any CPU
		{81137F9A-0A8F-4D43-A33D-3905B21F570D}.Debug|x64.ActiveCfg = Debug|Any CPU
		{81137F9A-0A8F-4D43-A33D-3905B21F570D}.Debug|x64.Build.0 = Debug|Any CPU
		{81137F9A-0A8F-4D43-A33D-3905B21F570D}.Debug|x86.ActiveCfg = Debug|Any CPU
		{81137F9A-0A8F-4D43-A33D-3905B21F570D}.Debug|x86.Build.0 = Debug|Any CPU
		{81137F9A-0A8F-4D43-A33D-3905B21F570D}.Release|Any CPU.ActiveCfg = Release|Any CPU
		{81137F9A-0A8F-4D43-A33D-3905B21F570D}.Release|Any CPU.Build.0 = Release|Any CPU
		{81137F9A-0A8F-4D43-A33D-3905B21F570D}.Release|x64.ActiveCfg = Release|Any CPU
		{81137F9A-0A8F-4D43-A33D-3905B21F570D}.Release|x64.Build.0 = Release|Any CPU
		{81137F9A-0A8F-4D43-A33D-3905B21F570D}.Release|x86.ActiveCfg = Release|Any CPU
		{81137F9A-0A8F-4D43-A33D-3905B21F570D}.Release|x86.Build.0 = Release|Any CPU
		{559E3841-2749-4CDB-993B-1050C37C78E9}.Debug|Any CPU.ActiveCfg = Debug|Any CPU
		{559E3841-2749-4CDB-993B-1050C37C78E9}.Debug|Any CPU.Build.0 = Debug|Any CPU
		{559E3841-2749-4CDB-993B-1050C37C78E9}.Debug|x64.ActiveCfg = Debug|Any CPU
		{559E3841-2749-4CDB-993B-1050C37C78E9}.Debug|x64.Build.0 = Debug|Any CPU
		{559E3841-2749-4CDB-993B-1050C37C78E9}.Debug|x86.ActiveCfg = Debug|Any CPU
		{559E3841-2749-4CDB-993B-1050C37C78E9}.Debug|x86.Build.0 = Debug|Any CPU
		{559E3841-2749-4CDB-993B-1050C37C78E9}.Release|Any CPU.ActiveCfg = Release|Any CPU
		{559E3841-2749-4CDB-993B-1050C37C78E9}.Release|Any CPU.Build.0 = Release|Any CPU
		{559E3841-2749-4CDB-993B-1050C37C78E9}.Release|x64.ActiveCfg = Release|Any CPU
		{559E3841-2749-4CDB-993B-1050C37C78E9}.Release|x64.Build.0 = Release|Any CPU
		{559E3841-2749-4CDB-993B-1050C37C78E9}.Release|x86.ActiveCfg = Release|Any CPU
		{559E3841-2749-4CDB-993B-1050C37C78E9}.Release|x86.Build.0 = Release|Any CPU
		{87B9C90A-20D2-4F91-A54D-C3D90181C03B}.Debug|Any CPU.ActiveCfg = Debug|Any CPU
		{87B9C90A-20D2-4F91-A54D-C3D90181C03B}.Debug|Any CPU.Build.0 = Debug|Any CPU
		{87B9C90A-20D2-4F91-A54D-C3D90181C03B}.Debug|x64.ActiveCfg = Debug|Any CPU
		{87B9C90A-20D2-4F91-A54D-C3D90181C03B}.Debug|x64.Build.0 = Debug|Any CPU
		{87B9C90A-20D2-4F91-A54D-C3D90181C03B}.Debug|x86.ActiveCfg = Debug|Any CPU
		{87B9C90A-20D2-4F91-A54D-C3D90181C03B}.Debug|x86.Build.0 = Debug|Any CPU
		{87B9C90A-20D2-4F91-A54D-C3D90181C03B}.Release|Any CPU.ActiveCfg = Release|Any CPU
		{87B9C90A-20D2-4F91-A54D-C3D90181C03B}.Release|Any CPU.Build.0 = Release|Any CPU
		{87B9C90A-20D2-4F91-A54D-C3D90181C03B}.Release|x64.ActiveCfg = Release|Any CPU
		{87B9C90A-20D2-4F91-A54D-C3D90181C03B}.Release|x64.Build.0 = Release|Any CPU
		{87B9C90A-20D2-4F91-A54D-C3D90181C03B}.Release|x86.ActiveCfg = Release|Any CPU
		{87B9C90A-20D2-4F91-A54D-C3D90181C03B}.Release|x86.Build.0 = Release|Any CPU
		{54E7122C-0DF1-4CB0-A80A-6C0C478FF251}.Debug|Any CPU.ActiveCfg = Debug|Any CPU
		{54E7122C-0DF1-4CB0-A80A-6C0C478FF251}.Debug|Any CPU.Build.0 = Debug|Any CPU
		{54E7122C-0DF1-4CB0-A80A-6C0C478FF251}.Debug|x64.ActiveCfg = Debug|Any CPU
		{54E7122C-0DF1-4CB0-A80A-6C0C478FF251}.Debug|x64.Build.0 = Debug|Any CPU
		{54E7122C-0DF1-4CB0-A80A-6C0C478FF251}.Debug|x86.ActiveCfg = Debug|Any CPU
		{54E7122C-0DF1-4CB0-A80A-6C0C478FF251}.Debug|x86.Build.0 = Debug|Any CPU
		{54E7122C-0DF1-4CB0-A80A-6C0C478FF251}.Release|Any CPU.ActiveCfg = Release|Any CPU
		{54E7122C-0DF1-4CB0-A80A-6C0C478FF251}.Release|Any CPU.Build.0 = Release|Any CPU
		{54E7122C-0DF1-4CB0-A80A-6C0C478FF251}.Release|x64.ActiveCfg = Release|Any CPU
		{54E7122C-0DF1-4CB0-A80A-6C0C478FF251}.Release|x64.Build.0 = Release|Any CPU
		{54E7122C-0DF1-4CB0-A80A-6C0C478FF251}.Release|x86.ActiveCfg = Release|Any CPU
		{54E7122C-0DF1-4CB0-A80A-6C0C478FF251}.Release|x86.Build.0 = Release|Any CPU
		{62A9BDA6-5F3F-45E5-9B60-7D90F0C72EC1}.Debug|Any CPU.ActiveCfg = Debug|Any CPU
		{62A9BDA6-5F3F-45E5-9B60-7D90F0C72EC1}.Debug|Any CPU.Build.0 = Debug|Any CPU
		{62A9BDA6-5F3F-45E5-9B60-7D90F0C72EC1}.Debug|x64.ActiveCfg = Debug|Any CPU
		{62A9BDA6-5F3F-45E5-9B60-7D90F0C72EC1}.Debug|x64.Build.0 = Debug|Any CPU
		{62A9BDA6-5F3F-45E5-9B60-7D90F0C72EC1}.Debug|x86.ActiveCfg = Debug|Any CPU
		{62A9BDA6-5F3F-45E5-9B60-7D90F0C72EC1}.Debug|x86.Build.0 = Debug|Any CPU
		{62A9BDA6-5F3F-45E5-9B60-7D90F0C72EC1}.Release|Any CPU.ActiveCfg = Release|Any CPU
		{62A9BDA6-5F3F-45E5-9B60-7D90F0C72EC1}.Release|Any CPU.Build.0 = Release|Any CPU
		{62A9BDA6-5F3F-45E5-9B60-7D90F0C72EC1}.Release|x64.ActiveCfg = Release|Any CPU
		{62A9BDA6-5F3F-45E5-9B60-7D90F0C72EC1}.Release|x64.Build.0 = Release|Any CPU
		{62A9BDA6-5F3F-45E5-9B60-7D90F0C72EC1}.Release|x86.ActiveCfg = Release|Any CPU
		{62A9BDA6-5F3F-45E5-9B60-7D90F0C72EC1}.Release|x86.Build.0 = Release|Any CPU
		{D5DB4AAF-AFB1-46CC-A0FF-B7EBE3F97E44}.Debug|Any CPU.ActiveCfg = Debug|Any CPU
		{D5DB4AAF-AFB1-46CC-A0FF-B7EBE3F97E44}.Debug|Any CPU.Build.0 = Debug|Any CPU
		{D5DB4AAF-AFB1-46CC-A0FF-B7EBE3F97E44}.Debug|x64.ActiveCfg = Debug|Any CPU
		{D5DB4AAF-AFB1-46CC-A0FF-B7EBE3F97E44}.Debug|x64.Build.0 = Debug|Any CPU
		{D5DB4AAF-AFB1-46CC-A0FF-B7EBE3F97E44}.Debug|x86.ActiveCfg = Debug|Any CPU
		{D5DB4AAF-AFB1-46CC-A0FF-B7EBE3F97E44}.Debug|x86.Build.0 = Debug|Any CPU
		{D5DB4AAF-AFB1-46CC-A0FF-B7EBE3F97E44}.Release|Any CPU.ActiveCfg = Release|Any CPU
		{D5DB4AAF-AFB1-46CC-A0FF-B7EBE3F97E44}.Release|Any CPU.Build.0 = Release|Any CPU
		{D5DB4AAF-AFB1-46CC-A0FF-B7EBE3F97E44}.Release|x64.ActiveCfg = Release|Any CPU
		{D5DB4AAF-AFB1-46CC-A0FF-B7EBE3F97E44}.Release|x64.Build.0 = Release|Any CPU
		{D5DB4AAF-AFB1-46CC-A0FF-B7EBE3F97E44}.Release|x86.ActiveCfg = Release|Any CPU
		{D5DB4AAF-AFB1-46CC-A0FF-B7EBE3F97E44}.Release|x86.Build.0 = Release|Any CPU
		{742C3FCE-1F15-4050-B50C-7A4BDEA54273}.Debug|Any CPU.ActiveCfg = Debug|Any CPU
		{742C3FCE-1F15-4050-B50C-7A4BDEA54273}.Debug|Any CPU.Build.0 = Debug|Any CPU
		{742C3FCE-1F15-4050-B50C-7A4BDEA54273}.Debug|x64.ActiveCfg = Debug|Any CPU
		{742C3FCE-1F15-4050-B50C-7A4BDEA54273}.Debug|x64.Build.0 = Debug|Any CPU
		{742C3FCE-1F15-4050-B50C-7A4BDEA54273}.Debug|x86.ActiveCfg = Debug|Any CPU
		{742C3FCE-1F15-4050-B50C-7A4BDEA54273}.Debug|x86.Build.0 = Debug|Any CPU
		{742C3FCE-1F15-4050-B50C-7A4BDEA54273}.Release|Any CPU.ActiveCfg = Release|Any CPU
		{742C3FCE-1F15-4050-B50C-7A4BDEA54273}.Release|Any CPU.Build.0 = Release|Any CPU
		{742C3FCE-1F15-4050-B50C-7A4BDEA54273}.Release|x64.ActiveCfg = Release|Any CPU
		{742C3FCE-1F15-4050-B50C-7A4BDEA54273}.Release|x64.Build.0 = Release|Any CPU
		{742C3FCE-1F15-4050-B50C-7A4BDEA54273}.Release|x86.ActiveCfg = Release|Any CPU
		{742C3FCE-1F15-4050-B50C-7A4BDEA54273}.Release|x86.Build.0 = Release|Any CPU
		{1A21E1CF-4CD6-48B2-8C45-4BA2A39689F7}.Debug|Any CPU.ActiveCfg = Debug|Any CPU
		{1A21E1CF-4CD6-48B2-8C45-4BA2A39689F7}.Debug|Any CPU.Build.0 = Debug|Any CPU
		{1A21E1CF-4CD6-48B2-8C45-4BA2A39689F7}.Debug|x64.ActiveCfg = Debug|Any CPU
		{1A21E1CF-4CD6-48B2-8C45-4BA2A39689F7}.Debug|x64.Build.0 = Debug|Any CPU
		{1A21E1CF-4CD6-48B2-8C45-4BA2A39689F7}.Debug|x86.ActiveCfg = Debug|Any CPU
		{1A21E1CF-4CD6-48B2-8C45-4BA2A39689F7}.Debug|x86.Build.0 = Debug|Any CPU
		{1A21E1CF-4CD6-48B2-8C45-4BA2A39689F7}.Release|Any CPU.ActiveCfg = Release|Any CPU
		{1A21E1CF-4CD6-48B2-8C45-4BA2A39689F7}.Release|Any CPU.Build.0 = Release|Any CPU
		{1A21E1CF-4CD6-48B2-8C45-4BA2A39689F7}.Release|x64.ActiveCfg = Release|Any CPU
		{1A21E1CF-4CD6-48B2-8C45-4BA2A39689F7}.Release|x64.Build.0 = Release|Any CPU
		{1A21E1CF-4CD6-48B2-8C45-4BA2A39689F7}.Release|x86.ActiveCfg = Release|Any CPU
		{1A21E1CF-4CD6-48B2-8C45-4BA2A39689F7}.Release|x86.Build.0 = Release|Any CPU
		{22CDEE34-5019-4DC4-8209-3E613ED23678}.Debug|Any CPU.ActiveCfg = Debug|Any CPU
		{22CDEE34-5019-4DC4-8209-3E613ED23678}.Debug|Any CPU.Build.0 = Debug|Any CPU
		{22CDEE34-5019-4DC4-8209-3E613ED23678}.Debug|x64.ActiveCfg = Debug|Any CPU
		{22CDEE34-5019-4DC4-8209-3E613ED23678}.Debug|x64.Build.0 = Debug|Any CPU
		{22CDEE34-5019-4DC4-8209-3E613ED23678}.Debug|x86.ActiveCfg = Debug|Any CPU
		{22CDEE34-5019-4DC4-8209-3E613ED23678}.Debug|x86.Build.0 = Debug|Any CPU
		{22CDEE34-5019-4DC4-8209-3E613ED23678}.Release|Any CPU.ActiveCfg = Release|Any CPU
		{22CDEE34-5019-4DC4-8209-3E613ED23678}.Release|Any CPU.Build.0 = Release|Any CPU
		{22CDEE34-5019-4DC4-8209-3E613ED23678}.Release|x64.ActiveCfg = Release|Any CPU
		{22CDEE34-5019-4DC4-8209-3E613ED23678}.Release|x64.Build.0 = Release|Any CPU
		{22CDEE34-5019-4DC4-8209-3E613ED23678}.Release|x86.ActiveCfg = Release|Any CPU
		{22CDEE34-5019-4DC4-8209-3E613ED23678}.Release|x86.Build.0 = Release|Any CPU
		{5BDB1409-B563-4F78-9077-4D928C8C67A0}.Debug|Any CPU.ActiveCfg = Debug|Any CPU
		{5BDB1409-B563-4F78-9077-4D928C8C67A0}.Debug|Any CPU.Build.0 = Debug|Any CPU
		{5BDB1409-B563-4F78-9077-4D928C8C67A0}.Debug|x64.ActiveCfg = Debug|Any CPU
		{5BDB1409-B563-4F78-9077-4D928C8C67A0}.Debug|x64.Build.0 = Debug|Any CPU
		{5BDB1409-B563-4F78-9077-4D928C8C67A0}.Debug|x86.ActiveCfg = Debug|Any CPU
		{5BDB1409-B563-4F78-9077-4D928C8C67A0}.Debug|x86.Build.0 = Debug|Any CPU
		{5BDB1409-B563-4F78-9077-4D928C8C67A0}.Release|Any CPU.ActiveCfg = Release|Any CPU
		{5BDB1409-B563-4F78-9077-4D928C8C67A0}.Release|Any CPU.Build.0 = Release|Any CPU
		{5BDB1409-B563-4F78-9077-4D928C8C67A0}.Release|x64.ActiveCfg = Release|Any CPU
		{5BDB1409-B563-4F78-9077-4D928C8C67A0}.Release|x64.Build.0 = Release|Any CPU
		{5BDB1409-B563-4F78-9077-4D928C8C67A0}.Release|x86.ActiveCfg = Release|Any CPU
		{5BDB1409-B563-4F78-9077-4D928C8C67A0}.Release|x86.Build.0 = Release|Any CPU
		{16114F78-30E3-44DF-963D-78E6EEF3A3E9}.Debug|Any CPU.ActiveCfg = Debug|Any CPU
		{16114F78-30E3-44DF-963D-78E6EEF3A3E9}.Debug|Any CPU.Build.0 = Debug|Any CPU
		{16114F78-30E3-44DF-963D-78E6EEF3A3E9}.Debug|x64.ActiveCfg = Debug|Any CPU
		{16114F78-30E3-44DF-963D-78E6EEF3A3E9}.Debug|x64.Build.0 = Debug|Any CPU
		{16114F78-30E3-44DF-963D-78E6EEF3A3E9}.Debug|x86.ActiveCfg = Debug|Any CPU
		{16114F78-30E3-44DF-963D-78E6EEF3A3E9}.Debug|x86.Build.0 = Debug|Any CPU
		{16114F78-30E3-44DF-963D-78E6EEF3A3E9}.Release|Any CPU.ActiveCfg = Release|Any CPU
		{16114F78-30E3-44DF-963D-78E6EEF3A3E9}.Release|Any CPU.Build.0 = Release|Any CPU
		{16114F78-30E3-44DF-963D-78E6EEF3A3E9}.Release|x64.ActiveCfg = Release|Any CPU
		{16114F78-30E3-44DF-963D-78E6EEF3A3E9}.Release|x64.Build.0 = Release|Any CPU
		{16114F78-30E3-44DF-963D-78E6EEF3A3E9}.Release|x86.ActiveCfg = Release|Any CPU
		{16114F78-30E3-44DF-963D-78E6EEF3A3E9}.Release|x86.Build.0 = Release|Any CPU
		{44F0050F-4247-43B5-9726-F8980F6FECCC}.Debug|Any CPU.ActiveCfg = Debug|Any CPU
		{44F0050F-4247-43B5-9726-F8980F6FECCC}.Debug|Any CPU.Build.0 = Debug|Any CPU
		{44F0050F-4247-43B5-9726-F8980F6FECCC}.Debug|x64.ActiveCfg = Debug|Any CPU
		{44F0050F-4247-43B5-9726-F8980F6FECCC}.Debug|x64.Build.0 = Debug|Any CPU
		{44F0050F-4247-43B5-9726-F8980F6FECCC}.Debug|x86.ActiveCfg = Debug|Any CPU
		{44F0050F-4247-43B5-9726-F8980F6FECCC}.Debug|x86.Build.0 = Debug|Any CPU
		{44F0050F-4247-43B5-9726-F8980F6FECCC}.Release|Any CPU.ActiveCfg = Release|Any CPU
		{44F0050F-4247-43B5-9726-F8980F6FECCC}.Release|Any CPU.Build.0 = Release|Any CPU
		{44F0050F-4247-43B5-9726-F8980F6FECCC}.Release|x64.ActiveCfg = Release|Any CPU
		{44F0050F-4247-43B5-9726-F8980F6FECCC}.Release|x64.Build.0 = Release|Any CPU
		{44F0050F-4247-43B5-9726-F8980F6FECCC}.Release|x86.ActiveCfg = Release|Any CPU
		{44F0050F-4247-43B5-9726-F8980F6FECCC}.Release|x86.Build.0 = Release|Any CPU
		{73CCF300-95A5-43DC-90B1-FB2E13CCCDA1}.Debug|Any CPU.ActiveCfg = Debug|Any CPU
		{73CCF300-95A5-43DC-90B1-FB2E13CCCDA1}.Debug|Any CPU.Build.0 = Debug|Any CPU
		{73CCF300-95A5-43DC-90B1-FB2E13CCCDA1}.Debug|x64.ActiveCfg = Debug|Any CPU
		{73CCF300-95A5-43DC-90B1-FB2E13CCCDA1}.Debug|x64.Build.0 = Debug|Any CPU
		{73CCF300-95A5-43DC-90B1-FB2E13CCCDA1}.Debug|x86.ActiveCfg = Debug|Any CPU
		{73CCF300-95A5-43DC-90B1-FB2E13CCCDA1}.Debug|x86.Build.0 = Debug|Any CPU
		{73CCF300-95A5-43DC-90B1-FB2E13CCCDA1}.Release|Any CPU.ActiveCfg = Release|Any CPU
		{73CCF300-95A5-43DC-90B1-FB2E13CCCDA1}.Release|Any CPU.Build.0 = Release|Any CPU
		{73CCF300-95A5-43DC-90B1-FB2E13CCCDA1}.Release|x64.ActiveCfg = Release|Any CPU
		{73CCF300-95A5-43DC-90B1-FB2E13CCCDA1}.Release|x64.Build.0 = Release|Any CPU
		{73CCF300-95A5-43DC-90B1-FB2E13CCCDA1}.Release|x86.ActiveCfg = Release|Any CPU
		{73CCF300-95A5-43DC-90B1-FB2E13CCCDA1}.Release|x86.Build.0 = Release|Any CPU
		{1BBE326F-4C6E-464B-A467-6E21302E3FD9}.Debug|Any CPU.ActiveCfg = Debug|Any CPU
		{1BBE326F-4C6E-464B-A467-6E21302E3FD9}.Debug|Any CPU.Build.0 = Debug|Any CPU
		{1BBE326F-4C6E-464B-A467-6E21302E3FD9}.Debug|x64.ActiveCfg = Debug|Any CPU
		{1BBE326F-4C6E-464B-A467-6E21302E3FD9}.Debug|x64.Build.0 = Debug|Any CPU
		{1BBE326F-4C6E-464B-A467-6E21302E3FD9}.Debug|x86.ActiveCfg = Debug|Any CPU
		{1BBE326F-4C6E-464B-A467-6E21302E3FD9}.Debug|x86.Build.0 = Debug|Any CPU
		{1BBE326F-4C6E-464B-A467-6E21302E3FD9}.Release|Any CPU.ActiveCfg = Release|Any CPU
		{1BBE326F-4C6E-464B-A467-6E21302E3FD9}.Release|Any CPU.Build.0 = Release|Any CPU
		{1BBE326F-4C6E-464B-A467-6E21302E3FD9}.Release|x64.ActiveCfg = Release|Any CPU
		{1BBE326F-4C6E-464B-A467-6E21302E3FD9}.Release|x64.Build.0 = Release|Any CPU
		{1BBE326F-4C6E-464B-A467-6E21302E3FD9}.Release|x86.ActiveCfg = Release|Any CPU
		{1BBE326F-4C6E-464B-A467-6E21302E3FD9}.Release|x86.Build.0 = Release|Any CPU
		{63744677-AC48-4829-8DD6-7104F5BB0FE3}.Debug|Any CPU.ActiveCfg = Debug|Any CPU
		{63744677-AC48-4829-8DD6-7104F5BB0FE3}.Debug|Any CPU.Build.0 = Debug|Any CPU
		{63744677-AC48-4829-8DD6-7104F5BB0FE3}.Debug|x64.ActiveCfg = Debug|Any CPU
		{63744677-AC48-4829-8DD6-7104F5BB0FE3}.Debug|x64.Build.0 = Debug|Any CPU
		{63744677-AC48-4829-8DD6-7104F5BB0FE3}.Debug|x86.ActiveCfg = Debug|Any CPU
		{63744677-AC48-4829-8DD6-7104F5BB0FE3}.Debug|x86.Build.0 = Debug|Any CPU
		{63744677-AC48-4829-8DD6-7104F5BB0FE3}.Release|Any CPU.ActiveCfg = Release|Any CPU
		{63744677-AC48-4829-8DD6-7104F5BB0FE3}.Release|Any CPU.Build.0 = Release|Any CPU
		{63744677-AC48-4829-8DD6-7104F5BB0FE3}.Release|x64.ActiveCfg = Release|Any CPU
		{63744677-AC48-4829-8DD6-7104F5BB0FE3}.Release|x64.Build.0 = Release|Any CPU
		{63744677-AC48-4829-8DD6-7104F5BB0FE3}.Release|x86.ActiveCfg = Release|Any CPU
		{63744677-AC48-4829-8DD6-7104F5BB0FE3}.Release|x86.Build.0 = Release|Any CPU
		{13A4CD4A-012C-4ACA-A250-FB7508F2AD4F}.Debug|Any CPU.ActiveCfg = Debug|Any CPU
		{13A4CD4A-012C-4ACA-A250-FB7508F2AD4F}.Debug|Any CPU.Build.0 = Debug|Any CPU
		{13A4CD4A-012C-4ACA-A250-FB7508F2AD4F}.Debug|x64.ActiveCfg = Debug|Any CPU
		{13A4CD4A-012C-4ACA-A250-FB7508F2AD4F}.Debug|x64.Build.0 = Debug|Any CPU
		{13A4CD4A-012C-4ACA-A250-FB7508F2AD4F}.Debug|x86.ActiveCfg = Debug|Any CPU
		{13A4CD4A-012C-4ACA-A250-FB7508F2AD4F}.Debug|x86.Build.0 = Debug|Any CPU
		{13A4CD4A-012C-4ACA-A250-FB7508F2AD4F}.Release|Any CPU.ActiveCfg = Release|Any CPU
		{13A4CD4A-012C-4ACA-A250-FB7508F2AD4F}.Release|Any CPU.Build.0 = Release|Any CPU
		{13A4CD4A-012C-4ACA-A250-FB7508F2AD4F}.Release|x64.ActiveCfg = Release|Any CPU
		{13A4CD4A-012C-4ACA-A250-FB7508F2AD4F}.Release|x64.Build.0 = Release|Any CPU
		{13A4CD4A-012C-4ACA-A250-FB7508F2AD4F}.Release|x86.ActiveCfg = Release|Any CPU
		{13A4CD4A-012C-4ACA-A250-FB7508F2AD4F}.Release|x86.Build.0 = Release|Any CPU
		{DC7EE698-BE1E-42A7-9E13-17678E28A5AC}.Debug|Any CPU.ActiveCfg = Debug|Any CPU
		{DC7EE698-BE1E-42A7-9E13-17678E28A5AC}.Debug|Any CPU.Build.0 = Debug|Any CPU
		{DC7EE698-BE1E-42A7-9E13-17678E28A5AC}.Debug|x64.ActiveCfg = Debug|Any CPU
		{DC7EE698-BE1E-42A7-9E13-17678E28A5AC}.Debug|x64.Build.0 = Debug|Any CPU
		{DC7EE698-BE1E-42A7-9E13-17678E28A5AC}.Debug|x86.ActiveCfg = Debug|Any CPU
		{DC7EE698-BE1E-42A7-9E13-17678E28A5AC}.Debug|x86.Build.0 = Debug|Any CPU
		{DC7EE698-BE1E-42A7-9E13-17678E28A5AC}.Release|Any CPU.ActiveCfg = Release|Any CPU
		{DC7EE698-BE1E-42A7-9E13-17678E28A5AC}.Release|Any CPU.Build.0 = Release|Any CPU
		{DC7EE698-BE1E-42A7-9E13-17678E28A5AC}.Release|x64.ActiveCfg = Release|Any CPU
		{DC7EE698-BE1E-42A7-9E13-17678E28A5AC}.Release|x64.Build.0 = Release|Any CPU
		{DC7EE698-BE1E-42A7-9E13-17678E28A5AC}.Release|x86.ActiveCfg = Release|Any CPU
		{DC7EE698-BE1E-42A7-9E13-17678E28A5AC}.Release|x86.Build.0 = Release|Any CPU
		{FBE55258-DEB7-44EB-B892-595CB0E43591}.Debug|Any CPU.ActiveCfg = Debug|Any CPU
		{FBE55258-DEB7-44EB-B892-595CB0E43591}.Debug|Any CPU.Build.0 = Debug|Any CPU
		{FBE55258-DEB7-44EB-B892-595CB0E43591}.Debug|x64.ActiveCfg = Debug|Any CPU
		{FBE55258-DEB7-44EB-B892-595CB0E43591}.Debug|x64.Build.0 = Debug|Any CPU
		{FBE55258-DEB7-44EB-B892-595CB0E43591}.Debug|x86.ActiveCfg = Debug|Any CPU
		{FBE55258-DEB7-44EB-B892-595CB0E43591}.Debug|x86.Build.0 = Debug|Any CPU
		{FBE55258-DEB7-44EB-B892-595CB0E43591}.Release|Any CPU.ActiveCfg = Release|Any CPU
		{FBE55258-DEB7-44EB-B892-595CB0E43591}.Release|Any CPU.Build.0 = Release|Any CPU
		{FBE55258-DEB7-44EB-B892-595CB0E43591}.Release|x64.ActiveCfg = Release|Any CPU
		{FBE55258-DEB7-44EB-B892-595CB0E43591}.Release|x64.Build.0 = Release|Any CPU
		{FBE55258-DEB7-44EB-B892-595CB0E43591}.Release|x86.ActiveCfg = Release|Any CPU
		{FBE55258-DEB7-44EB-B892-595CB0E43591}.Release|x86.Build.0 = Release|Any CPU
		{CD0B01D1-249F-4AE9-A4FD-83ECCCADC208}.Debug|Any CPU.ActiveCfg = Debug|Any CPU
		{CD0B01D1-249F-4AE9-A4FD-83ECCCADC208}.Debug|Any CPU.Build.0 = Debug|Any CPU
		{CD0B01D1-249F-4AE9-A4FD-83ECCCADC208}.Debug|x64.ActiveCfg = Debug|Any CPU
		{CD0B01D1-249F-4AE9-A4FD-83ECCCADC208}.Debug|x64.Build.0 = Debug|Any CPU
		{CD0B01D1-249F-4AE9-A4FD-83ECCCADC208}.Debug|x86.ActiveCfg = Debug|Any CPU
		{CD0B01D1-249F-4AE9-A4FD-83ECCCADC208}.Debug|x86.Build.0 = Debug|Any CPU
		{CD0B01D1-249F-4AE9-A4FD-83ECCCADC208}.Release|Any CPU.ActiveCfg = Release|Any CPU
		{CD0B01D1-249F-4AE9-A4FD-83ECCCADC208}.Release|Any CPU.Build.0 = Release|Any CPU
		{CD0B01D1-249F-4AE9-A4FD-83ECCCADC208}.Release|x64.ActiveCfg = Release|Any CPU
		{CD0B01D1-249F-4AE9-A4FD-83ECCCADC208}.Release|x64.Build.0 = Release|Any CPU
		{CD0B01D1-249F-4AE9-A4FD-83ECCCADC208}.Release|x86.ActiveCfg = Release|Any CPU
		{CD0B01D1-249F-4AE9-A4FD-83ECCCADC208}.Release|x86.Build.0 = Release|Any CPU
		{2E6CC3F6-BBC9-4387-B43E-7F735A2F75B1}.Debug|Any CPU.ActiveCfg = Debug|Any CPU
		{2E6CC3F6-BBC9-4387-B43E-7F735A2F75B1}.Debug|Any CPU.Build.0 = Debug|Any CPU
		{2E6CC3F6-BBC9-4387-B43E-7F735A2F75B1}.Debug|x64.ActiveCfg = Debug|Any CPU
		{2E6CC3F6-BBC9-4387-B43E-7F735A2F75B1}.Debug|x64.Build.0 = Debug|Any CPU
		{2E6CC3F6-BBC9-4387-B43E-7F735A2F75B1}.Debug|x86.ActiveCfg = Debug|Any CPU
		{2E6CC3F6-BBC9-4387-B43E-7F735A2F75B1}.Debug|x86.Build.0 = Debug|Any CPU
		{2E6CC3F6-BBC9-4387-B43E-7F735A2F75B1}.Release|Any CPU.ActiveCfg = Release|Any CPU
		{2E6CC3F6-BBC9-4387-B43E-7F735A2F75B1}.Release|Any CPU.Build.0 = Release|Any CPU
		{2E6CC3F6-BBC9-4387-B43E-7F735A2F75B1}.Release|x64.ActiveCfg = Release|Any CPU
		{2E6CC3F6-BBC9-4387-B43E-7F735A2F75B1}.Release|x64.Build.0 = Release|Any CPU
		{2E6CC3F6-BBC9-4387-B43E-7F735A2F75B1}.Release|x86.ActiveCfg = Release|Any CPU
		{2E6CC3F6-BBC9-4387-B43E-7F735A2F75B1}.Release|x86.Build.0 = Release|Any CPU
		{54BB0E9B-E45A-4C59-BBC4-822573E10EBF}.Debug|Any CPU.ActiveCfg = Debug|Any CPU
		{54BB0E9B-E45A-4C59-BBC4-822573E10EBF}.Debug|Any CPU.Build.0 = Debug|Any CPU
		{54BB0E9B-E45A-4C59-BBC4-822573E10EBF}.Debug|x64.ActiveCfg = Debug|Any CPU
		{54BB0E9B-E45A-4C59-BBC4-822573E10EBF}.Debug|x64.Build.0 = Debug|Any CPU
		{54BB0E9B-E45A-4C59-BBC4-822573E10EBF}.Debug|x86.ActiveCfg = Debug|Any CPU
		{54BB0E9B-E45A-4C59-BBC4-822573E10EBF}.Debug|x86.Build.0 = Debug|Any CPU
		{54BB0E9B-E45A-4C59-BBC4-822573E10EBF}.Release|Any CPU.ActiveCfg = Release|Any CPU
		{54BB0E9B-E45A-4C59-BBC4-822573E10EBF}.Release|Any CPU.Build.0 = Release|Any CPU
		{54BB0E9B-E45A-4C59-BBC4-822573E10EBF}.Release|x64.ActiveCfg = Release|Any CPU
		{54BB0E9B-E45A-4C59-BBC4-822573E10EBF}.Release|x64.Build.0 = Release|Any CPU
		{54BB0E9B-E45A-4C59-BBC4-822573E10EBF}.Release|x86.ActiveCfg = Release|Any CPU
		{54BB0E9B-E45A-4C59-BBC4-822573E10EBF}.Release|x86.Build.0 = Release|Any CPU
		{2982378F-04C9-4A2D-BCD1-FECC598E4C8A}.Debug|Any CPU.ActiveCfg = Debug|Any CPU
		{2982378F-04C9-4A2D-BCD1-FECC598E4C8A}.Debug|Any CPU.Build.0 = Debug|Any CPU
		{2982378F-04C9-4A2D-BCD1-FECC598E4C8A}.Debug|x64.ActiveCfg = Debug|Any CPU
		{2982378F-04C9-4A2D-BCD1-FECC598E4C8A}.Debug|x64.Build.0 = Debug|Any CPU
		{2982378F-04C9-4A2D-BCD1-FECC598E4C8A}.Debug|x86.ActiveCfg = Debug|Any CPU
		{2982378F-04C9-4A2D-BCD1-FECC598E4C8A}.Debug|x86.Build.0 = Debug|Any CPU
		{2982378F-04C9-4A2D-BCD1-FECC598E4C8A}.Release|Any CPU.ActiveCfg = Release|Any CPU
		{2982378F-04C9-4A2D-BCD1-FECC598E4C8A}.Release|Any CPU.Build.0 = Release|Any CPU
		{2982378F-04C9-4A2D-BCD1-FECC598E4C8A}.Release|x64.ActiveCfg = Release|Any CPU
		{2982378F-04C9-4A2D-BCD1-FECC598E4C8A}.Release|x64.Build.0 = Release|Any CPU
		{2982378F-04C9-4A2D-BCD1-FECC598E4C8A}.Release|x86.ActiveCfg = Release|Any CPU
		{2982378F-04C9-4A2D-BCD1-FECC598E4C8A}.Release|x86.Build.0 = Release|Any CPU
		{D748ED8F-7EF7-4A5A-B7CA-A0F79F7F31AA}.Debug|Any CPU.ActiveCfg = Debug|Any CPU
		{D748ED8F-7EF7-4A5A-B7CA-A0F79F7F31AA}.Debug|Any CPU.Build.0 = Debug|Any CPU
		{D748ED8F-7EF7-4A5A-B7CA-A0F79F7F31AA}.Debug|x64.ActiveCfg = Debug|Any CPU
		{D748ED8F-7EF7-4A5A-B7CA-A0F79F7F31AA}.Debug|x64.Build.0 = Debug|Any CPU
		{D748ED8F-7EF7-4A5A-B7CA-A0F79F7F31AA}.Debug|x86.ActiveCfg = Debug|Any CPU
		{D748ED8F-7EF7-4A5A-B7CA-A0F79F7F31AA}.Debug|x86.Build.0 = Debug|Any CPU
		{D748ED8F-7EF7-4A5A-B7CA-A0F79F7F31AA}.Release|Any CPU.ActiveCfg = Release|Any CPU
		{D748ED8F-7EF7-4A5A-B7CA-A0F79F7F31AA}.Release|Any CPU.Build.0 = Release|Any CPU
		{D748ED8F-7EF7-4A5A-B7CA-A0F79F7F31AA}.Release|x64.ActiveCfg = Release|Any CPU
		{D748ED8F-7EF7-4A5A-B7CA-A0F79F7F31AA}.Release|x64.Build.0 = Release|Any CPU
		{D748ED8F-7EF7-4A5A-B7CA-A0F79F7F31AA}.Release|x86.ActiveCfg = Release|Any CPU
		{D748ED8F-7EF7-4A5A-B7CA-A0F79F7F31AA}.Release|x86.Build.0 = Release|Any CPU
		{BA1E47A0-802B-49A3-89FB-E66A074AEA8E}.Debug|Any CPU.ActiveCfg = Debug|Any CPU
		{BA1E47A0-802B-49A3-89FB-E66A074AEA8E}.Debug|Any CPU.Build.0 = Debug|Any CPU
		{BA1E47A0-802B-49A3-89FB-E66A074AEA8E}.Debug|x64.ActiveCfg = Debug|Any CPU
		{BA1E47A0-802B-49A3-89FB-E66A074AEA8E}.Debug|x64.Build.0 = Debug|Any CPU
		{BA1E47A0-802B-49A3-89FB-E66A074AEA8E}.Debug|x86.ActiveCfg = Debug|Any CPU
		{BA1E47A0-802B-49A3-89FB-E66A074AEA8E}.Debug|x86.Build.0 = Debug|Any CPU
		{BA1E47A0-802B-49A3-89FB-E66A074AEA8E}.Release|Any CPU.ActiveCfg = Release|Any CPU
		{BA1E47A0-802B-49A3-89FB-E66A074AEA8E}.Release|Any CPU.Build.0 = Release|Any CPU
		{BA1E47A0-802B-49A3-89FB-E66A074AEA8E}.Release|x64.ActiveCfg = Release|Any CPU
		{BA1E47A0-802B-49A3-89FB-E66A074AEA8E}.Release|x64.Build.0 = Release|Any CPU
		{BA1E47A0-802B-49A3-89FB-E66A074AEA8E}.Release|x86.ActiveCfg = Release|Any CPU
		{BA1E47A0-802B-49A3-89FB-E66A074AEA8E}.Release|x86.Build.0 = Release|Any CPU
		{27D0CF02-C1A5-431D-9774-C908B43BF830}.Debug|Any CPU.ActiveCfg = Debug|Any CPU
		{27D0CF02-C1A5-431D-9774-C908B43BF830}.Debug|Any CPU.Build.0 = Debug|Any CPU
		{27D0CF02-C1A5-431D-9774-C908B43BF830}.Debug|x64.ActiveCfg = Debug|Any CPU
		{27D0CF02-C1A5-431D-9774-C908B43BF830}.Debug|x64.Build.0 = Debug|Any CPU
		{27D0CF02-C1A5-431D-9774-C908B43BF830}.Debug|x86.ActiveCfg = Debug|Any CPU
		{27D0CF02-C1A5-431D-9774-C908B43BF830}.Debug|x86.Build.0 = Debug|Any CPU
		{27D0CF02-C1A5-431D-9774-C908B43BF830}.Release|Any CPU.ActiveCfg = Release|Any CPU
		{27D0CF02-C1A5-431D-9774-C908B43BF830}.Release|Any CPU.Build.0 = Release|Any CPU
		{27D0CF02-C1A5-431D-9774-C908B43BF830}.Release|x64.ActiveCfg = Release|Any CPU
		{27D0CF02-C1A5-431D-9774-C908B43BF830}.Release|x64.Build.0 = Release|Any CPU
		{27D0CF02-C1A5-431D-9774-C908B43BF830}.Release|x86.ActiveCfg = Release|Any CPU
		{27D0CF02-C1A5-431D-9774-C908B43BF830}.Release|x86.Build.0 = Release|Any CPU
		{4A85C2BF-EB07-494E-8C4A-091C59431C78}.Debug|Any CPU.ActiveCfg = Debug|Any CPU
		{4A85C2BF-EB07-494E-8C4A-091C59431C78}.Debug|Any CPU.Build.0 = Debug|Any CPU
		{4A85C2BF-EB07-494E-8C4A-091C59431C78}.Debug|x64.ActiveCfg = Debug|Any CPU
		{4A85C2BF-EB07-494E-8C4A-091C59431C78}.Debug|x64.Build.0 = Debug|Any CPU
		{4A85C2BF-EB07-494E-8C4A-091C59431C78}.Debug|x86.ActiveCfg = Debug|Any CPU
		{4A85C2BF-EB07-494E-8C4A-091C59431C78}.Debug|x86.Build.0 = Debug|Any CPU
		{4A85C2BF-EB07-494E-8C4A-091C59431C78}.Release|Any CPU.ActiveCfg = Release|Any CPU
		{4A85C2BF-EB07-494E-8C4A-091C59431C78}.Release|Any CPU.Build.0 = Release|Any CPU
		{4A85C2BF-EB07-494E-8C4A-091C59431C78}.Release|x64.ActiveCfg = Release|Any CPU
		{4A85C2BF-EB07-494E-8C4A-091C59431C78}.Release|x64.Build.0 = Release|Any CPU
		{4A85C2BF-EB07-494E-8C4A-091C59431C78}.Release|x86.ActiveCfg = Release|Any CPU
		{4A85C2BF-EB07-494E-8C4A-091C59431C78}.Release|x86.Build.0 = Release|Any CPU
		{184DD2A9-2CC3-4092-9E39-70CF57276720}.Debug|Any CPU.ActiveCfg = Debug|Any CPU
		{184DD2A9-2CC3-4092-9E39-70CF57276720}.Debug|Any CPU.Build.0 = Debug|Any CPU
		{184DD2A9-2CC3-4092-9E39-70CF57276720}.Debug|x64.ActiveCfg = Debug|Any CPU
		{184DD2A9-2CC3-4092-9E39-70CF57276720}.Debug|x64.Build.0 = Debug|Any CPU
		{184DD2A9-2CC3-4092-9E39-70CF57276720}.Debug|x86.ActiveCfg = Debug|Any CPU
		{184DD2A9-2CC3-4092-9E39-70CF57276720}.Debug|x86.Build.0 = Debug|Any CPU
		{184DD2A9-2CC3-4092-9E39-70CF57276720}.Release|Any CPU.ActiveCfg = Release|Any CPU
		{184DD2A9-2CC3-4092-9E39-70CF57276720}.Release|Any CPU.Build.0 = Release|Any CPU
		{184DD2A9-2CC3-4092-9E39-70CF57276720}.Release|x64.ActiveCfg = Release|Any CPU
		{184DD2A9-2CC3-4092-9E39-70CF57276720}.Release|x64.Build.0 = Release|Any CPU
		{184DD2A9-2CC3-4092-9E39-70CF57276720}.Release|x86.ActiveCfg = Release|Any CPU
		{184DD2A9-2CC3-4092-9E39-70CF57276720}.Release|x86.Build.0 = Release|Any CPU
		{81A20454-3CDE-428B-B882-F377813C05C4}.Debug|Any CPU.ActiveCfg = Debug|Any CPU
		{81A20454-3CDE-428B-B882-F377813C05C4}.Debug|Any CPU.Build.0 = Debug|Any CPU
		{81A20454-3CDE-428B-B882-F377813C05C4}.Debug|x64.ActiveCfg = Debug|Any CPU
		{81A20454-3CDE-428B-B882-F377813C05C4}.Debug|x64.Build.0 = Debug|Any CPU
		{81A20454-3CDE-428B-B882-F377813C05C4}.Debug|x86.ActiveCfg = Debug|Any CPU
		{81A20454-3CDE-428B-B882-F377813C05C4}.Debug|x86.Build.0 = Debug|Any CPU
		{81A20454-3CDE-428B-B882-F377813C05C4}.Release|Any CPU.ActiveCfg = Release|Any CPU
		{81A20454-3CDE-428B-B882-F377813C05C4}.Release|Any CPU.Build.0 = Release|Any CPU
		{81A20454-3CDE-428B-B882-F377813C05C4}.Release|x64.ActiveCfg = Release|Any CPU
		{81A20454-3CDE-428B-B882-F377813C05C4}.Release|x64.Build.0 = Release|Any CPU
		{81A20454-3CDE-428B-B882-F377813C05C4}.Release|x86.ActiveCfg = Release|Any CPU
		{81A20454-3CDE-428B-B882-F377813C05C4}.Release|x86.Build.0 = Release|Any CPU
		{3E8B21F1-2E20-4333-A6B7-31BE464F217B}.Debug|Any CPU.ActiveCfg = Debug|Any CPU
		{3E8B21F1-2E20-4333-A6B7-31BE464F217B}.Debug|Any CPU.Build.0 = Debug|Any CPU
		{3E8B21F1-2E20-4333-A6B7-31BE464F217B}.Debug|x64.ActiveCfg = Debug|Any CPU
		{3E8B21F1-2E20-4333-A6B7-31BE464F217B}.Debug|x64.Build.0 = Debug|Any CPU
		{3E8B21F1-2E20-4333-A6B7-31BE464F217B}.Debug|x86.ActiveCfg = Debug|Any CPU
		{3E8B21F1-2E20-4333-A6B7-31BE464F217B}.Debug|x86.Build.0 = Debug|Any CPU
		{3E8B21F1-2E20-4333-A6B7-31BE464F217B}.Release|Any CPU.ActiveCfg = Release|Any CPU
		{3E8B21F1-2E20-4333-A6B7-31BE464F217B}.Release|Any CPU.Build.0 = Release|Any CPU
		{3E8B21F1-2E20-4333-A6B7-31BE464F217B}.Release|x64.ActiveCfg = Release|Any CPU
		{3E8B21F1-2E20-4333-A6B7-31BE464F217B}.Release|x64.Build.0 = Release|Any CPU
		{3E8B21F1-2E20-4333-A6B7-31BE464F217B}.Release|x86.ActiveCfg = Release|Any CPU
		{3E8B21F1-2E20-4333-A6B7-31BE464F217B}.Release|x86.Build.0 = Release|Any CPU
		{7E943211-5532-4B72-911F-8791076450CE}.Debug|Any CPU.ActiveCfg = Debug|Any CPU
		{7E943211-5532-4B72-911F-8791076450CE}.Debug|Any CPU.Build.0 = Debug|Any CPU
		{7E943211-5532-4B72-911F-8791076450CE}.Debug|x64.ActiveCfg = Debug|Any CPU
		{7E943211-5532-4B72-911F-8791076450CE}.Debug|x64.Build.0 = Debug|Any CPU
		{7E943211-5532-4B72-911F-8791076450CE}.Debug|x86.ActiveCfg = Debug|Any CPU
		{7E943211-5532-4B72-911F-8791076450CE}.Debug|x86.Build.0 = Debug|Any CPU
		{7E943211-5532-4B72-911F-8791076450CE}.Release|Any CPU.ActiveCfg = Release|Any CPU
		{7E943211-5532-4B72-911F-8791076450CE}.Release|Any CPU.Build.0 = Release|Any CPU
		{7E943211-5532-4B72-911F-8791076450CE}.Release|x64.ActiveCfg = Release|Any CPU
		{7E943211-5532-4B72-911F-8791076450CE}.Release|x64.Build.0 = Release|Any CPU
		{7E943211-5532-4B72-911F-8791076450CE}.Release|x86.ActiveCfg = Release|Any CPU
		{7E943211-5532-4B72-911F-8791076450CE}.Release|x86.Build.0 = Release|Any CPU
		{5ED41356-F554-4A59-A5C4-38B80495BF49}.Debug|Any CPU.ActiveCfg = Debug|Any CPU
		{5ED41356-F554-4A59-A5C4-38B80495BF49}.Debug|Any CPU.Build.0 = Debug|Any CPU
		{5ED41356-F554-4A59-A5C4-38B80495BF49}.Debug|x64.ActiveCfg = Debug|Any CPU
		{5ED41356-F554-4A59-A5C4-38B80495BF49}.Debug|x64.Build.0 = Debug|Any CPU
		{5ED41356-F554-4A59-A5C4-38B80495BF49}.Debug|x86.ActiveCfg = Debug|Any CPU
		{5ED41356-F554-4A59-A5C4-38B80495BF49}.Debug|x86.Build.0 = Debug|Any CPU
		{5ED41356-F554-4A59-A5C4-38B80495BF49}.Release|Any CPU.ActiveCfg = Release|Any CPU
		{5ED41356-F554-4A59-A5C4-38B80495BF49}.Release|Any CPU.Build.0 = Release|Any CPU
		{5ED41356-F554-4A59-A5C4-38B80495BF49}.Release|x64.ActiveCfg = Release|Any CPU
		{5ED41356-F554-4A59-A5C4-38B80495BF49}.Release|x64.Build.0 = Release|Any CPU
		{5ED41356-F554-4A59-A5C4-38B80495BF49}.Release|x86.ActiveCfg = Release|Any CPU
		{5ED41356-F554-4A59-A5C4-38B80495BF49}.Release|x86.Build.0 = Release|Any CPU
		{F189905F-C694-4DDA-836E-1464290F5689}.Debug|Any CPU.ActiveCfg = Debug|Any CPU
		{F189905F-C694-4DDA-836E-1464290F5689}.Debug|Any CPU.Build.0 = Debug|Any CPU
		{F189905F-C694-4DDA-836E-1464290F5689}.Debug|x64.ActiveCfg = Debug|Any CPU
		{F189905F-C694-4DDA-836E-1464290F5689}.Debug|x64.Build.0 = Debug|Any CPU
		{F189905F-C694-4DDA-836E-1464290F5689}.Debug|x86.ActiveCfg = Debug|Any CPU
		{F189905F-C694-4DDA-836E-1464290F5689}.Debug|x86.Build.0 = Debug|Any CPU
		{F189905F-C694-4DDA-836E-1464290F5689}.Release|Any CPU.ActiveCfg = Release|Any CPU
		{F189905F-C694-4DDA-836E-1464290F5689}.Release|Any CPU.Build.0 = Release|Any CPU
		{F189905F-C694-4DDA-836E-1464290F5689}.Release|x64.ActiveCfg = Release|Any CPU
		{F189905F-C694-4DDA-836E-1464290F5689}.Release|x64.Build.0 = Release|Any CPU
		{F189905F-C694-4DDA-836E-1464290F5689}.Release|x86.ActiveCfg = Release|Any CPU
		{F189905F-C694-4DDA-836E-1464290F5689}.Release|x86.Build.0 = Release|Any CPU
	EndGlobalSection
	GlobalSection(SolutionProperties) = preSolution
		HideSolutionNode = FALSE
	EndGlobalSection
EndGlobal
